
Microsoft Visual Studio Solution File, Format Version 11.00
# Visual Studio 2010
Project("{FAE04EC0-301F-11D3-BF4B-00C04F79EFBC}") = "Qt4VSAddin2010", "Qt4VSAddin\Qt4VSAddin2010.csproj", "{44747D36-DDBE-49DA-881B-4088BAFF3FB0}"
EndProject
Project("{FAE04EC0-301F-11D3-BF4B-00C04F79EFBC}") = "QtProjectLib2010", "QtProjectLib\QtProjectLib2010.csproj", "{E3FC5172-3167-4289-BED7-2F25C5680C8E}"
EndProject
Project("{FAE04EC0-301F-11D3-BF4B-00C04F79EFBC}") = "QtProjectEngineLib2010", "QtProjectEngine\QtProjectEngineLib2010.csproj", "{F9FA11D1-8D43-4EDF-ADD6-C39FAD36EC34}"
EndProject
Global
	GlobalSection(SolutionConfigurationPlatforms) = preSolution
		Debug|Any CPU = Debug|Any CPU
		Debug|Mixed Platforms = Debug|Mixed Platforms
		Debug|Win32 = Debug|Win32
		Release|Any CPU = Release|Any CPU
		Release|Mixed Platforms = Release|Mixed Platforms
		Release|Win32 = Release|Win32
	EndGlobalSection
	GlobalSection(ProjectConfigurationPlatforms) = postSolution
		{44747D36-DDBE-49DA-881B-4088BAFF3FB0}.Debug|Any CPU.ActiveCfg = Debug|Any CPU
		{44747D36-DDBE-49DA-881B-4088BAFF3FB0}.Debug|Any CPU.Build.0 = Debug|Any CPU
		{44747D36-DDBE-49DA-881B-4088BAFF3FB0}.Debug|Mixed Platforms.ActiveCfg = Debug|Any CPU
		{44747D36-DDBE-49DA-881B-4088BAFF3FB0}.Debug|Mixed Platforms.Build.0 = Debug|Any CPU
		{44747D36-DDBE-49DA-881B-4088BAFF3FB0}.Debug|Win32.ActiveCfg = Debug|Any CPU
		{44747D36-DDBE-49DA-881B-4088BAFF3FB0}.Release|Any CPU.ActiveCfg = Release|Any CPU
		{44747D36-DDBE-49DA-881B-4088BAFF3FB0}.Release|Any CPU.Build.0 = Release|Any CPU
		{44747D36-DDBE-49DA-881B-4088BAFF3FB0}.Release|Mixed Platforms.ActiveCfg = Release|Any CPU
		{44747D36-DDBE-49DA-881B-4088BAFF3FB0}.Release|Mixed Platforms.Build.0 = Release|Any CPU
		{44747D36-DDBE-49DA-881B-4088BAFF3FB0}.Release|Win32.ActiveCfg = Release|Any CPU
		{E3FC5172-3167-4289-BED7-2F25C5680C8E}.Debug|Any CPU.ActiveCfg = Debug|Any CPU
		{E3FC5172-3167-4289-BED7-2F25C5680C8E}.Debug|Any CPU.Build.0 = Debug|Any CPU
		{E3FC5172-3167-4289-BED7-2F25C5680C8E}.Debug|Mixed Platforms.ActiveCfg = Debug|Any CPU
		{E3FC5172-3167-4289-BED7-2F25C5680C8E}.Debug|Mixed Platforms.Build.0 = Debug|Any CPU
		{E3FC5172-3167-4289-BED7-2F25C5680C8E}.Debug|Win32.ActiveCfg = Debug|Any CPU
		{E3FC5172-3167-4289-BED7-2F25C5680C8E}.Release|Any CPU.ActiveCfg = Release|Any CPU
		{E3FC5172-3167-4289-BED7-2F25C5680C8E}.Release|Any CPU.Build.0 = Release|Any CPU
		{E3FC5172-3167-4289-BED7-2F25C5680C8E}.Release|Mixed Platforms.ActiveCfg = Release|Any CPU
		{E3FC5172-3167-4289-BED7-2F25C5680C8E}.Release|Mixed Platforms.Build.0 = Release|Any CPU
		{E3FC5172-3167-4289-BED7-2F25C5680C8E}.Release|Win32.ActiveCfg = Release|Any CPU
		{F9FA11D1-8D43-4EDF-ADD6-C39FAD36EC34}.Debug|Any CPU.ActiveCfg = Release|Any CPU
		{F9FA11D1-8D43-4EDF-ADD6-C39FAD36EC34}.Debug|Any CPU.Build.0 = Release|Any CPU
		{F9FA11D1-8D43-4EDF-ADD6-C39FAD36EC34}.Debug|Mixed Platforms.ActiveCfg = Debug|Any CPU
		{F9FA11D1-8D43-4EDF-ADD6-C39FAD36EC34}.Debug|Mixed Platforms.Build.0 = Debug|Any CPU
		{F9FA11D1-8D43-4EDF-ADD6-C39FAD36EC34}.Debug|Win32.ActiveCfg = Debug|Any CPU
		{F9FA11D1-8D43-4EDF-ADD6-C39FAD36EC34}.Release|Any CPU.ActiveCfg = Release|Any CPU
		{F9FA11D1-8D43-4EDF-ADD6-C39FAD36EC34}.Release|Any CPU.Build.0 = Release|Any CPU
		{F9FA11D1-8D43-4EDF-ADD6-C39FAD36EC34}.Release|Mixed Platforms.ActiveCfg = Release|Any CPU
		{F9FA11D1-8D43-4EDF-ADD6-C39FAD36EC34}.Release|Mixed Platforms.Build.0 = Release|Any CPU
		{F9FA11D1-8D43-4EDF-ADD6-C39FAD36EC34}.Release|Win32.ActiveCfg = Release|Any CPU
	EndGlobalSection
	GlobalSection(SolutionProperties) = preSolution
		HideSolutionNode = FALSE
	EndGlobalSection
EndGlobal
