
Microsoft Visual Studio Solution File, Format Version 12.00
# Visual Studio Version 17
VisualStudioVersion = 17.0.31717.71
MinimumVisualStudioVersion = 10.0.40219.1
Project("{FAE04EC0-301F-11D3-BF4B-00C04F79EFBC}") = "QtVsTools.Package", "QtVsTools.Package\QtVsTools.Package.csproj", "{671C3821-7BD9-4C16-9A8D-EC1470EDBC9B}"
EndProject
Project("{FAE04EC0-301F-11D3-BF4B-00C04F79EFBC}") = "QtVsTools.RegExpr", "QtVsTools.RegExpr\QtVsTools.RegExpr.csproj", "{A2831B9B-4D3B-46CB-85DF-1B5C277C17DB}"
EndProject
Project("{FAE04EC0-301F-11D3-BF4B-00C04F79EFBC}") = "QtMSBuild", "QtMSBuild\QtMSBuild.csproj", "{A618D28B-9352-44F4-AA71-609BF68BF871}"
EndProject
Project("{FAE04EC0-301F-11D3-BF4B-00C04F79EFBC}") = "QtVsTools.Core", "QtVsTools.Core\QtVsTools.Core.csproj", "{2621AD55-C4E9-4884-81E9-DA0D00B4C6E5}"
EndProject
Project("{FAE04EC0-301F-11D3-BF4B-00C04F79EFBC}") = "QtVsTools.Wizards", "QtVsTools.Wizards\QtVsTools.Wizards.csproj", "{8DF0A4C4-A32D-44A4-9DA4-41A6BCA80B44}"
EndProject
Project("{2150E333-8FDC-42A3-9474-1A3956D46DE8}") = "Templates", "Templates", "{9D9290B2-9E87-46EA-84EA-02836F699BB8}"
EndProject
Project("{FAE04EC0-301F-11D3-BF4B-00C04F79EFBC}") = "QtTemplate.Project.Console", "Templates\console\QtTemplate.Project.Console.csproj", "{71E4F2B9-3628-45E2-A664-A2F6E3AAFE55}"
EndProject
Project("{FAE04EC0-301F-11D3-BF4B-00C04F79EFBC}") = "QtTemplate.Project.Designer", "Templates\designer\QtTemplate.Project.Designer.csproj", "{191B2B91-D5FD-4138-A72A-AB0B149988C6}"
EndProject
Project("{FAE04EC0-301F-11D3-BF4B-00C04F79EFBC}") = "QtTemplate.Item.DialogButtonBottom", "Templates\dialogbuttonbottom\QtTemplate.Item.DialogButtonBottom.csproj", "{F7407750-5F72-460F-9C53-27CF509A39B1}"
EndProject
Project("{FAE04EC0-301F-11D3-BF4B-00C04F79EFBC}") = "QtTemplate.Item.DialogButtonRight", "Templates\dialogbuttonright\QtTemplate.Item.DialogButtonRight.csproj", "{F2166B59-E41B-4328-B31D-9E2B9AC5A59C}"
EndProject
Project("{FAE04EC0-301F-11D3-BF4B-00C04F79EFBC}") = "QtTemplate.Project.Empty", "Templates\empty\QtTemplate.Project.Empty.csproj", "{73C3DFB8-BD8A-4634-AAD5-DC71EDC37B98}"
EndProject
Project("{FAE04EC0-301F-11D3-BF4B-00C04F79EFBC}") = "QtTemplate.Project.Gui", "Templates\gui\QtTemplate.Project.Gui.csproj", "{3E1F9741-01D3-480A-A484-3CD373AE4A7F}"
EndProject
Project("{FAE04EC0-301F-11D3-BF4B-00C04F79EFBC}") = "QtTemplate.Project.Lib", "Templates\lib\QtTemplate.Project.Lib.csproj", "{191B1B91-D9FD-4138-A72A-AB0B149958C6}"
EndProject
Project("{FAE04EC0-301F-11D3-BF4B-00C04F79EFBC}") = "QtTemplate.Item.MainWindow", "Templates\mainwindow\QtTemplate.Item.MainWindow.csproj", "{20055427-1352-44FB-8442-BF7F15F9C59E}"
EndProject
Project("{FAE04EC0-301F-11D3-BF4B-00C04F79EFBC}") = "QtTemplate.Item.QMLFile", "Templates\qml\QtTemplate.Item.QMLFile.csproj", "{DC1AE91B-45CE-4C5B-8F77-CDB58566038F}"
EndProject
Project("{FAE04EC0-301F-11D3-BF4B-00C04F79EFBC}") = "QtTemplate.Item.QMLDir", "Templates\qmldir\QtTemplate.Item.QMLDir.csproj", "{7AF6C34B-65D2-4010-92F6-420E59DDE9BF}"
EndProject
Project("{FAE04EC0-301F-11D3-BF4B-00C04F79EFBC}") = "QtTemplate.Item.QtClass", "Templates\qtclass\QtTemplate.Item.QtClass.csproj", "{4981AAE8-9AC7-4758-87EA-FB2397D6C404}"
EndProject
Project("{FAE04EC0-301F-11D3-BF4B-00C04F79EFBC}") = "QtTemplate.Project.Quick", "Templates\quick\QtTemplate.Project.Quick.csproj", "{4833E4C7-FFFF-4DA5-A7A5-36C6C3840F16}"
EndProject
Project("{FAE04EC0-301F-11D3-BF4B-00C04F79EFBC}") = "QtTemplate.Item.Resource", "Templates\resource\QtTemplate.Item.Resource.csproj", "{BDA1CD69-624B-4D9D-9B88-ACBEB14AC471}"
EndProject
Project("{FAE04EC0-301F-11D3-BF4B-00C04F79EFBC}") = "QtTemplate.Project.Server", "Templates\server\QtTemplate.Project.Server.csproj", "{8AE9D385-A379-4F5F-A703-3DF643DA6742}"
EndProject
Project("{FAE04EC0-301F-11D3-BF4B-00C04F79EFBC}") = "QtTemplate.Item.Translation", "Templates\translation\QtTemplate.Item.Translation.csproj", "{202F4A6D-77CD-4992-AA53-01B585463287}"
EndProject
Project("{FAE04EC0-301F-11D3-BF4B-00C04F79EFBC}") = "QtTemplate.Item.Widget", "Templates\widget\QtTemplate.Item.Widget.csproj", "{40ADFD6A-64EA-4C77-9D4B-3A91D6AB76B4}"
EndProject
Project("{FAE04EC0-301F-11D3-BF4B-00C04F79EFBC}") = "QtTemplate.Item.WidgetsClass", "Templates\widgetsclass\QtTemplate.Item.WidgetsClass.csproj", "{020422DA-33AB-4495-A439-7DAC2690795C}"
EndProject
Project("{2150E333-8FDC-42A3-9474-1A3956D46DE8}") = "Item", "Item", "{A7918293-56E9-465A-AE1C-0724576ADD66}"
EndProject
Project("{2150E333-8FDC-42A3-9474-1A3956D46DE8}") = "Project", "Project", "{DD307619-BF80-4E5D-AE54-196057187702}"
EndProject
Project("{2150E333-8FDC-42A3-9474-1A3956D46DE8}") = "Tools", "Tools", "{9B109DDA-0521-46AD-B087-B7CBCB33FEE5}"
	ProjectSection(SolutionItems) = preProject
		QtCppConfig.props = QtCppConfig.props
	EndProjectSection
EndProject
Project("{8BC9CEB8-8B4A-11D0-8D11-00A0C91BC942}") = "VsQml", "VsQml\vsqml.vcxproj", "{B12702AD-ABFB-343A-A199-8E24837244A3}"
EndProject
Project("{8BC9CEB8-8B4A-11D0-8D11-00A0C91BC942}") = "qmakefilereader", "qmakefilereader\qmakefilereader.vcxproj", "{70711A97-D9B0-3A86-9756-9FF47337908B}"
EndProject
Project("{8BC9CEB8-8B4A-11D0-8D11-00A0C91BC942}") = "qrceditor", "qrceditor\qrceditor.vcxproj", "{4CEE73C9-FCFA-3A72-A0A3-036BDBB3240F}"
EndProject
Project("{2150E333-8FDC-42A3-9474-1A3956D46DE8}") = "Text Generation", "Text Generation", "{58DB9025-019B-44AC-A206-6F1B2D2AECD8}"
	ProjectSection(SolutionItems) = preProject
		common.tt = common.tt
		transform.targets = transform.targets
		version.tt = version.tt
	EndProjectSection
EndProject
Project("{2150E333-8FDC-42A3-9474-1A3956D46DE8}") = "Deployment", "Deployment", "{66ED34F1-F316-49BE-9137-C7AAF22115FF}"
	ProjectSection(SolutionItems) = preProject
		Changelog = Changelog
		version.log = version.log
		version.targets = version.targets
		vstools.bat = vstools.bat
	EndProjectSection
EndProject
Project("{2150E333-8FDC-42A3-9474-1A3956D46DE8}") = "Testing", "Testing", "{F96D578B-D78E-47F4-86DA-FE472B9942F0}"
EndProject
Project("{2150E333-8FDC-42A3-9474-1A3956D46DE8}") = "Framework", "Framework", "{97DAEAD7-3D10-459C-8920-94E48C43AA5F}"
EndProject
Project("{FAE04EC0-301F-11D3-BF4B-00C04F79EFBC}") = "QtVsTest", "QtVsTest\QtVsTest.csproj", "{48A50432-6BDF-4DE2-A3AD-3A237D31E49D}"
EndProject
Project("{2150E333-8FDC-42A3-9474-1A3956D46DE8}") = "Tests", "Tests", "{D6FB29A4-8921-46F5-B170-B15538AB4D69}"
EndProject
Project("{FAE04EC0-301F-11D3-BF4B-00C04F79EFBC}") = "Test_QtVsTools.RegExpr", "Tests\Test_QtVsTools.RegExpr\Test_QtVsTools.RegExpr.csproj", "{D574EFED-5E19-45BE-9B05-310F65065303}"
EndProject
Project("{FAE04EC0-301F-11D3-BF4B-00C04F79EFBC}") = "Test_QtVsTools.PriorityQueue", "Tests\Test_QtVsTools.PriorityQueue\Test_QtVsTools.PriorityQueue.csproj", "{A5320606-37B8-4F15-97E2-16314109CAF9}"
EndProject
Project("{8BC9CEB8-8B4A-11D0-8D11-00A0C91BC942}") = "SampleTest", "Tests\SampleTest\SampleTest.vcxproj", "{12857847-9877-466C-B056-DD286A219093}"
EndProject
Project("{2150E333-8FDC-42A3-9474-1A3956D46DE8}") = "Solution Items", "Solution Items", "{0C7F47BF-D12B-46BA-934B-CDC9C462D116}"
	ProjectSection(SolutionItems) = preProject
		.editorconfig = .editorconfig
	EndProjectSection
EndProject
Project("{FAE04EC0-301F-11D3-BF4B-00C04F79EFBC}") = "Test_QtMsBuild.Tasks", "Tests\Test_QtMsBuild.Tasks\Test_QtMsBuild.Tasks.csproj", "{E809DDE3-AE76-4F7A-8DC5-775AC4900138}"
EndProject
Project("{FAE04EC0-301F-11D3-BF4B-00C04F79EFBC}") = "Test_QtVsTools.Core", "Tests\Test_QtVsTools.Core\Test_QtVsTools.Core.csproj", "{4B8FC08C-4901-45D4-BC00-C0C461292FF2}"
EndProject
Project("{FAE04EC0-301F-11D3-BF4B-00C04F79EFBC}") = "Test_QtVsTools.Package", "tests\Test_QtVsTools.Package\Test_QtVsTools.Package.csproj", "{AFD33401-2F15-4E72-AB35-42C3EE12E897}"
EndProject
Project("{2150E333-8FDC-42A3-9474-1A3956D46DE8}") = "vsconfig", "vsconfig", "{3C98AF4A-719F-4CCC-A089-59CAA7D2546A}"
	ProjectSection(SolutionItems) = preProject
		vsconfig\2019.vsconfig = vsconfig\2019.vsconfig
		vsconfig\2022.vsconfig = vsconfig\2022.vsconfig
	EndProjectSection
EndProject
Global
	GlobalSection(SolutionConfigurationPlatforms) = preSolution
		Debug|Any CPU = Debug|Any CPU
		Debug|x64 = Debug|x64
		Debug|x86 = Debug|x86
		Release|Any CPU = Release|Any CPU
		Release|x64 = Release|x64
		Release|x86 = Release|x86
		Tests|Any CPU = Tests|Any CPU
		Tests|x64 = Tests|x64
		Tests|x86 = Tests|x86
	EndGlobalSection
	GlobalSection(ProjectConfigurationPlatforms) = postSolution
		{671C3821-7BD9-4C16-9A8D-EC1470EDBC9B}.Debug|Any CPU.ActiveCfg = Debug|Any CPU
		{671C3821-7BD9-4C16-9A8D-EC1470EDBC9B}.Debug|Any CPU.Build.0 = Debug|Any CPU
		{671C3821-7BD9-4C16-9A8D-EC1470EDBC9B}.Debug|x64.ActiveCfg = Debug|Any CPU
		{671C3821-7BD9-4C16-9A8D-EC1470EDBC9B}.Debug|x64.Build.0 = Debug|Any CPU
		{671C3821-7BD9-4C16-9A8D-EC1470EDBC9B}.Debug|x86.ActiveCfg = Debug|Any CPU
		{671C3821-7BD9-4C16-9A8D-EC1470EDBC9B}.Debug|x86.Build.0 = Debug|Any CPU
		{671C3821-7BD9-4C16-9A8D-EC1470EDBC9B}.Release|Any CPU.ActiveCfg = Release|Any CPU
		{671C3821-7BD9-4C16-9A8D-EC1470EDBC9B}.Release|Any CPU.Build.0 = Release|Any CPU
		{671C3821-7BD9-4C16-9A8D-EC1470EDBC9B}.Release|x64.ActiveCfg = Release|Any CPU
		{671C3821-7BD9-4C16-9A8D-EC1470EDBC9B}.Release|x64.Build.0 = Release|Any CPU
		{671C3821-7BD9-4C16-9A8D-EC1470EDBC9B}.Release|x86.ActiveCfg = Release|Any CPU
		{671C3821-7BD9-4C16-9A8D-EC1470EDBC9B}.Release|x86.Build.0 = Release|Any CPU
		{671C3821-7BD9-4C16-9A8D-EC1470EDBC9B}.Tests|Any CPU.ActiveCfg = Release|Any CPU
		{671C3821-7BD9-4C16-9A8D-EC1470EDBC9B}.Tests|Any CPU.Build.0 = Release|Any CPU
		{671C3821-7BD9-4C16-9A8D-EC1470EDBC9B}.Tests|x64.ActiveCfg = Release|Any CPU
		{671C3821-7BD9-4C16-9A8D-EC1470EDBC9B}.Tests|x64.Build.0 = Release|Any CPU
		{671C3821-7BD9-4C16-9A8D-EC1470EDBC9B}.Tests|x86.ActiveCfg = Release|Any CPU
		{671C3821-7BD9-4C16-9A8D-EC1470EDBC9B}.Tests|x86.Build.0 = Release|Any CPU
		{A2831B9B-4D3B-46CB-85DF-1B5C277C17DB}.Debug|Any CPU.ActiveCfg = Debug|Any CPU
		{A2831B9B-4D3B-46CB-85DF-1B5C277C17DB}.Debug|Any CPU.Build.0 = Debug|Any CPU
		{A2831B9B-4D3B-46CB-85DF-1B5C277C17DB}.Debug|x64.ActiveCfg = Debug|Any CPU
		{A2831B9B-4D3B-46CB-85DF-1B5C277C17DB}.Debug|x64.Build.0 = Debug|Any CPU
		{A2831B9B-4D3B-46CB-85DF-1B5C277C17DB}.Debug|x86.ActiveCfg = Debug|Any CPU
		{A2831B9B-4D3B-46CB-85DF-1B5C277C17DB}.Debug|x86.Build.0 = Debug|Any CPU
		{A2831B9B-4D3B-46CB-85DF-1B5C277C17DB}.Release|Any CPU.ActiveCfg = Release|Any CPU
		{A2831B9B-4D3B-46CB-85DF-1B5C277C17DB}.Release|Any CPU.Build.0 = Release|Any CPU
		{A2831B9B-4D3B-46CB-85DF-1B5C277C17DB}.Release|x64.ActiveCfg = Release|Any CPU
		{A2831B9B-4D3B-46CB-85DF-1B5C277C17DB}.Release|x64.Build.0 = Release|Any CPU
		{A2831B9B-4D3B-46CB-85DF-1B5C277C17DB}.Release|x86.ActiveCfg = Release|Any CPU
		{A2831B9B-4D3B-46CB-85DF-1B5C277C17DB}.Release|x86.Build.0 = Release|Any CPU
		{A2831B9B-4D3B-46CB-85DF-1B5C277C17DB}.Tests|Any CPU.ActiveCfg = Release|Any CPU
		{A2831B9B-4D3B-46CB-85DF-1B5C277C17DB}.Tests|Any CPU.Build.0 = Release|Any CPU
		{A2831B9B-4D3B-46CB-85DF-1B5C277C17DB}.Tests|x64.ActiveCfg = Release|Any CPU
		{A2831B9B-4D3B-46CB-85DF-1B5C277C17DB}.Tests|x64.Build.0 = Release|Any CPU
		{A2831B9B-4D3B-46CB-85DF-1B5C277C17DB}.Tests|x86.ActiveCfg = Release|Any CPU
		{A2831B9B-4D3B-46CB-85DF-1B5C277C17DB}.Tests|x86.Build.0 = Release|Any CPU
		{A618D28B-9352-44F4-AA71-609BF68BF871}.Debug|Any CPU.ActiveCfg = Debug|Any CPU
		{A618D28B-9352-44F4-AA71-609BF68BF871}.Debug|Any CPU.Build.0 = Debug|Any CPU
		{A618D28B-9352-44F4-AA71-609BF68BF871}.Debug|x64.ActiveCfg = Debug|Any CPU
		{A618D28B-9352-44F4-AA71-609BF68BF871}.Debug|x64.Build.0 = Debug|Any CPU
		{A618D28B-9352-44F4-AA71-609BF68BF871}.Debug|x86.ActiveCfg = Debug|Any CPU
		{A618D28B-9352-44F4-AA71-609BF68BF871}.Debug|x86.Build.0 = Debug|Any CPU
		{A618D28B-9352-44F4-AA71-609BF68BF871}.Release|Any CPU.ActiveCfg = Release|Any CPU
		{A618D28B-9352-44F4-AA71-609BF68BF871}.Release|Any CPU.Build.0 = Release|Any CPU
		{A618D28B-9352-44F4-AA71-609BF68BF871}.Release|x64.ActiveCfg = Release|Any CPU
		{A618D28B-9352-44F4-AA71-609BF68BF871}.Release|x64.Build.0 = Release|Any CPU
		{A618D28B-9352-44F4-AA71-609BF68BF871}.Release|x86.ActiveCfg = Release|Any CPU
		{A618D28B-9352-44F4-AA71-609BF68BF871}.Release|x86.Build.0 = Release|Any CPU
		{A618D28B-9352-44F4-AA71-609BF68BF871}.Tests|Any CPU.ActiveCfg = Release|Any CPU
		{A618D28B-9352-44F4-AA71-609BF68BF871}.Tests|Any CPU.Build.0 = Release|Any CPU
		{A618D28B-9352-44F4-AA71-609BF68BF871}.Tests|x64.ActiveCfg = Release|Any CPU
		{A618D28B-9352-44F4-AA71-609BF68BF871}.Tests|x64.Build.0 = Release|Any CPU
		{A618D28B-9352-44F4-AA71-609BF68BF871}.Tests|x86.ActiveCfg = Release|Any CPU
		{A618D28B-9352-44F4-AA71-609BF68BF871}.Tests|x86.Build.0 = Release|Any CPU
		{2621AD55-C4E9-4884-81E9-DA0D00B4C6E5}.Debug|Any CPU.ActiveCfg = Debug|Any CPU
		{2621AD55-C4E9-4884-81E9-DA0D00B4C6E5}.Debug|Any CPU.Build.0 = Debug|Any CPU
		{2621AD55-C4E9-4884-81E9-DA0D00B4C6E5}.Debug|x64.ActiveCfg = Debug|Any CPU
		{2621AD55-C4E9-4884-81E9-DA0D00B4C6E5}.Debug|x64.Build.0 = Debug|Any CPU
		{2621AD55-C4E9-4884-81E9-DA0D00B4C6E5}.Debug|x86.ActiveCfg = Debug|Any CPU
		{2621AD55-C4E9-4884-81E9-DA0D00B4C6E5}.Debug|x86.Build.0 = Debug|Any CPU
		{2621AD55-C4E9-4884-81E9-DA0D00B4C6E5}.Release|Any CPU.ActiveCfg = Release|Any CPU
		{2621AD55-C4E9-4884-81E9-DA0D00B4C6E5}.Release|Any CPU.Build.0 = Release|Any CPU
		{2621AD55-C4E9-4884-81E9-DA0D00B4C6E5}.Release|x64.ActiveCfg = Release|Any CPU
		{2621AD55-C4E9-4884-81E9-DA0D00B4C6E5}.Release|x64.Build.0 = Release|Any CPU
		{2621AD55-C4E9-4884-81E9-DA0D00B4C6E5}.Release|x86.ActiveCfg = Release|Any CPU
		{2621AD55-C4E9-4884-81E9-DA0D00B4C6E5}.Release|x86.Build.0 = Release|Any CPU
		{2621AD55-C4E9-4884-81E9-DA0D00B4C6E5}.Tests|Any CPU.ActiveCfg = Release|Any CPU
		{2621AD55-C4E9-4884-81E9-DA0D00B4C6E5}.Tests|Any CPU.Build.0 = Release|Any CPU
		{2621AD55-C4E9-4884-81E9-DA0D00B4C6E5}.Tests|x64.ActiveCfg = Release|Any CPU
		{2621AD55-C4E9-4884-81E9-DA0D00B4C6E5}.Tests|x64.Build.0 = Release|Any CPU
		{2621AD55-C4E9-4884-81E9-DA0D00B4C6E5}.Tests|x86.ActiveCfg = Release|Any CPU
		{2621AD55-C4E9-4884-81E9-DA0D00B4C6E5}.Tests|x86.Build.0 = Release|Any CPU
		{8DF0A4C4-A32D-44A4-9DA4-41A6BCA80B44}.Debug|Any CPU.ActiveCfg = Debug|Any CPU
		{8DF0A4C4-A32D-44A4-9DA4-41A6BCA80B44}.Debug|Any CPU.Build.0 = Debug|Any CPU
		{8DF0A4C4-A32D-44A4-9DA4-41A6BCA80B44}.Debug|x64.ActiveCfg = Debug|Any CPU
		{8DF0A4C4-A32D-44A4-9DA4-41A6BCA80B44}.Debug|x64.Build.0 = Debug|Any CPU
		{8DF0A4C4-A32D-44A4-9DA4-41A6BCA80B44}.Debug|x86.ActiveCfg = Debug|Any CPU
		{8DF0A4C4-A32D-44A4-9DA4-41A6BCA80B44}.Debug|x86.Build.0 = Debug|Any CPU
		{8DF0A4C4-A32D-44A4-9DA4-41A6BCA80B44}.Release|Any CPU.ActiveCfg = Release|Any CPU
		{8DF0A4C4-A32D-44A4-9DA4-41A6BCA80B44}.Release|Any CPU.Build.0 = Release|Any CPU
		{8DF0A4C4-A32D-44A4-9DA4-41A6BCA80B44}.Release|x64.ActiveCfg = Release|Any CPU
		{8DF0A4C4-A32D-44A4-9DA4-41A6BCA80B44}.Release|x64.Build.0 = Release|Any CPU
		{8DF0A4C4-A32D-44A4-9DA4-41A6BCA80B44}.Release|x86.ActiveCfg = Release|Any CPU
		{8DF0A4C4-A32D-44A4-9DA4-41A6BCA80B44}.Release|x86.Build.0 = Release|Any CPU
		{8DF0A4C4-A32D-44A4-9DA4-41A6BCA80B44}.Tests|Any CPU.ActiveCfg = Release|Any CPU
		{8DF0A4C4-A32D-44A4-9DA4-41A6BCA80B44}.Tests|Any CPU.Build.0 = Release|Any CPU
		{8DF0A4C4-A32D-44A4-9DA4-41A6BCA80B44}.Tests|x64.ActiveCfg = Release|Any CPU
		{8DF0A4C4-A32D-44A4-9DA4-41A6BCA80B44}.Tests|x64.Build.0 = Release|Any CPU
		{8DF0A4C4-A32D-44A4-9DA4-41A6BCA80B44}.Tests|x86.ActiveCfg = Release|Any CPU
		{8DF0A4C4-A32D-44A4-9DA4-41A6BCA80B44}.Tests|x86.Build.0 = Release|Any CPU
		{71E4F2B9-3628-45E2-A664-A2F6E3AAFE55}.Debug|Any CPU.ActiveCfg = Debug|Any CPU
		{71E4F2B9-3628-45E2-A664-A2F6E3AAFE55}.Debug|Any CPU.Build.0 = Debug|Any CPU
		{71E4F2B9-3628-45E2-A664-A2F6E3AAFE55}.Debug|x64.ActiveCfg = Debug|Any CPU
		{71E4F2B9-3628-45E2-A664-A2F6E3AAFE55}.Debug|x64.Build.0 = Debug|Any CPU
		{71E4F2B9-3628-45E2-A664-A2F6E3AAFE55}.Debug|x86.ActiveCfg = Debug|Any CPU
		{71E4F2B9-3628-45E2-A664-A2F6E3AAFE55}.Debug|x86.Build.0 = Debug|Any CPU
		{71E4F2B9-3628-45E2-A664-A2F6E3AAFE55}.Release|Any CPU.ActiveCfg = Release|Any CPU
		{71E4F2B9-3628-45E2-A664-A2F6E3AAFE55}.Release|Any CPU.Build.0 = Release|Any CPU
		{71E4F2B9-3628-45E2-A664-A2F6E3AAFE55}.Release|x64.ActiveCfg = Release|Any CPU
		{71E4F2B9-3628-45E2-A664-A2F6E3AAFE55}.Release|x64.Build.0 = Release|Any CPU
		{71E4F2B9-3628-45E2-A664-A2F6E3AAFE55}.Release|x86.ActiveCfg = Release|Any CPU
		{71E4F2B9-3628-45E2-A664-A2F6E3AAFE55}.Release|x86.Build.0 = Release|Any CPU
		{71E4F2B9-3628-45E2-A664-A2F6E3AAFE55}.Tests|Any CPU.ActiveCfg = Release|Any CPU
		{71E4F2B9-3628-45E2-A664-A2F6E3AAFE55}.Tests|Any CPU.Build.0 = Release|Any CPU
		{71E4F2B9-3628-45E2-A664-A2F6E3AAFE55}.Tests|x64.ActiveCfg = Release|Any CPU
		{71E4F2B9-3628-45E2-A664-A2F6E3AAFE55}.Tests|x64.Build.0 = Release|Any CPU
		{71E4F2B9-3628-45E2-A664-A2F6E3AAFE55}.Tests|x86.ActiveCfg = Release|Any CPU
		{71E4F2B9-3628-45E2-A664-A2F6E3AAFE55}.Tests|x86.Build.0 = Release|Any CPU
		{191B2B91-D5FD-4138-A72A-AB0B149988C6}.Debug|Any CPU.ActiveCfg = Debug|Any CPU
		{191B2B91-D5FD-4138-A72A-AB0B149988C6}.Debug|Any CPU.Build.0 = Debug|Any CPU
		{191B2B91-D5FD-4138-A72A-AB0B149988C6}.Debug|x64.ActiveCfg = Debug|Any CPU
		{191B2B91-D5FD-4138-A72A-AB0B149988C6}.Debug|x64.Build.0 = Debug|Any CPU
		{191B2B91-D5FD-4138-A72A-AB0B149988C6}.Debug|x86.ActiveCfg = Debug|Any CPU
		{191B2B91-D5FD-4138-A72A-AB0B149988C6}.Debug|x86.Build.0 = Debug|Any CPU
		{191B2B91-D5FD-4138-A72A-AB0B149988C6}.Release|Any CPU.ActiveCfg = Release|Any CPU
		{191B2B91-D5FD-4138-A72A-AB0B149988C6}.Release|Any CPU.Build.0 = Release|Any CPU
		{191B2B91-D5FD-4138-A72A-AB0B149988C6}.Release|x64.ActiveCfg = Release|Any CPU
		{191B2B91-D5FD-4138-A72A-AB0B149988C6}.Release|x64.Build.0 = Release|Any CPU
		{191B2B91-D5FD-4138-A72A-AB0B149988C6}.Release|x86.ActiveCfg = Release|Any CPU
		{191B2B91-D5FD-4138-A72A-AB0B149988C6}.Release|x86.Build.0 = Release|Any CPU
		{191B2B91-D5FD-4138-A72A-AB0B149988C6}.Tests|Any CPU.ActiveCfg = Release|Any CPU
		{191B2B91-D5FD-4138-A72A-AB0B149988C6}.Tests|Any CPU.Build.0 = Release|Any CPU
		{191B2B91-D5FD-4138-A72A-AB0B149988C6}.Tests|x64.ActiveCfg = Release|Any CPU
		{191B2B91-D5FD-4138-A72A-AB0B149988C6}.Tests|x64.Build.0 = Release|Any CPU
		{191B2B91-D5FD-4138-A72A-AB0B149988C6}.Tests|x86.ActiveCfg = Release|Any CPU
		{191B2B91-D5FD-4138-A72A-AB0B149988C6}.Tests|x86.Build.0 = Release|Any CPU
		{F7407750-5F72-460F-9C53-27CF509A39B1}.Debug|Any CPU.ActiveCfg = Debug|Any CPU
		{F7407750-5F72-460F-9C53-27CF509A39B1}.Debug|Any CPU.Build.0 = Debug|Any CPU
		{F7407750-5F72-460F-9C53-27CF509A39B1}.Debug|x64.ActiveCfg = Debug|Any CPU
		{F7407750-5F72-460F-9C53-27CF509A39B1}.Debug|x64.Build.0 = Debug|Any CPU
		{F7407750-5F72-460F-9C53-27CF509A39B1}.Debug|x86.ActiveCfg = Debug|Any CPU
		{F7407750-5F72-460F-9C53-27CF509A39B1}.Debug|x86.Build.0 = Debug|Any CPU
		{F7407750-5F72-460F-9C53-27CF509A39B1}.Release|Any CPU.ActiveCfg = Release|Any CPU
		{F7407750-5F72-460F-9C53-27CF509A39B1}.Release|Any CPU.Build.0 = Release|Any CPU
		{F7407750-5F72-460F-9C53-27CF509A39B1}.Release|x64.ActiveCfg = Release|Any CPU
		{F7407750-5F72-460F-9C53-27CF509A39B1}.Release|x64.Build.0 = Release|Any CPU
		{F7407750-5F72-460F-9C53-27CF509A39B1}.Release|x86.ActiveCfg = Release|Any CPU
		{F7407750-5F72-460F-9C53-27CF509A39B1}.Release|x86.Build.0 = Release|Any CPU
		{F7407750-5F72-460F-9C53-27CF509A39B1}.Tests|Any CPU.ActiveCfg = Release|Any CPU
		{F7407750-5F72-460F-9C53-27CF509A39B1}.Tests|Any CPU.Build.0 = Release|Any CPU
		{F7407750-5F72-460F-9C53-27CF509A39B1}.Tests|x64.ActiveCfg = Release|Any CPU
		{F7407750-5F72-460F-9C53-27CF509A39B1}.Tests|x64.Build.0 = Release|Any CPU
		{F7407750-5F72-460F-9C53-27CF509A39B1}.Tests|x86.ActiveCfg = Release|Any CPU
		{F7407750-5F72-460F-9C53-27CF509A39B1}.Tests|x86.Build.0 = Release|Any CPU
		{F2166B59-E41B-4328-B31D-9E2B9AC5A59C}.Debug|Any CPU.ActiveCfg = Debug|Any CPU
		{F2166B59-E41B-4328-B31D-9E2B9AC5A59C}.Debug|Any CPU.Build.0 = Debug|Any CPU
		{F2166B59-E41B-4328-B31D-9E2B9AC5A59C}.Debug|x64.ActiveCfg = Debug|Any CPU
		{F2166B59-E41B-4328-B31D-9E2B9AC5A59C}.Debug|x64.Build.0 = Debug|Any CPU
		{F2166B59-E41B-4328-B31D-9E2B9AC5A59C}.Debug|x86.ActiveCfg = Debug|Any CPU
		{F2166B59-E41B-4328-B31D-9E2B9AC5A59C}.Debug|x86.Build.0 = Debug|Any CPU
		{F2166B59-E41B-4328-B31D-9E2B9AC5A59C}.Release|Any CPU.ActiveCfg = Release|Any CPU
		{F2166B59-E41B-4328-B31D-9E2B9AC5A59C}.Release|Any CPU.Build.0 = Release|Any CPU
		{F2166B59-E41B-4328-B31D-9E2B9AC5A59C}.Release|x64.ActiveCfg = Release|Any CPU
		{F2166B59-E41B-4328-B31D-9E2B9AC5A59C}.Release|x64.Build.0 = Release|Any CPU
		{F2166B59-E41B-4328-B31D-9E2B9AC5A59C}.Release|x86.ActiveCfg = Release|Any CPU
		{F2166B59-E41B-4328-B31D-9E2B9AC5A59C}.Release|x86.Build.0 = Release|Any CPU
		{F2166B59-E41B-4328-B31D-9E2B9AC5A59C}.Tests|Any CPU.ActiveCfg = Release|Any CPU
		{F2166B59-E41B-4328-B31D-9E2B9AC5A59C}.Tests|Any CPU.Build.0 = Release|Any CPU
		{F2166B59-E41B-4328-B31D-9E2B9AC5A59C}.Tests|x64.ActiveCfg = Release|Any CPU
		{F2166B59-E41B-4328-B31D-9E2B9AC5A59C}.Tests|x64.Build.0 = Release|Any CPU
		{F2166B59-E41B-4328-B31D-9E2B9AC5A59C}.Tests|x86.ActiveCfg = Release|Any CPU
		{F2166B59-E41B-4328-B31D-9E2B9AC5A59C}.Tests|x86.Build.0 = Release|Any CPU
		{73C3DFB8-BD8A-4634-AAD5-DC71EDC37B98}.Debug|Any CPU.ActiveCfg = Debug|Any CPU
		{73C3DFB8-BD8A-4634-AAD5-DC71EDC37B98}.Debug|Any CPU.Build.0 = Debug|Any CPU
		{73C3DFB8-BD8A-4634-AAD5-DC71EDC37B98}.Debug|x64.ActiveCfg = Debug|Any CPU
		{73C3DFB8-BD8A-4634-AAD5-DC71EDC37B98}.Debug|x64.Build.0 = Debug|Any CPU
		{73C3DFB8-BD8A-4634-AAD5-DC71EDC37B98}.Debug|x86.ActiveCfg = Debug|Any CPU
		{73C3DFB8-BD8A-4634-AAD5-DC71EDC37B98}.Debug|x86.Build.0 = Debug|Any CPU
		{73C3DFB8-BD8A-4634-AAD5-DC71EDC37B98}.Release|Any CPU.ActiveCfg = Release|Any CPU
		{73C3DFB8-BD8A-4634-AAD5-DC71EDC37B98}.Release|Any CPU.Build.0 = Release|Any CPU
		{73C3DFB8-BD8A-4634-AAD5-DC71EDC37B98}.Release|x64.ActiveCfg = Release|Any CPU
		{73C3DFB8-BD8A-4634-AAD5-DC71EDC37B98}.Release|x64.Build.0 = Release|Any CPU
		{73C3DFB8-BD8A-4634-AAD5-DC71EDC37B98}.Release|x86.ActiveCfg = Release|Any CPU
		{73C3DFB8-BD8A-4634-AAD5-DC71EDC37B98}.Release|x86.Build.0 = Release|Any CPU
		{73C3DFB8-BD8A-4634-AAD5-DC71EDC37B98}.Tests|Any CPU.ActiveCfg = Release|Any CPU
		{73C3DFB8-BD8A-4634-AAD5-DC71EDC37B98}.Tests|Any CPU.Build.0 = Release|Any CPU
		{73C3DFB8-BD8A-4634-AAD5-DC71EDC37B98}.Tests|x64.ActiveCfg = Release|Any CPU
		{73C3DFB8-BD8A-4634-AAD5-DC71EDC37B98}.Tests|x64.Build.0 = Release|Any CPU
		{73C3DFB8-BD8A-4634-AAD5-DC71EDC37B98}.Tests|x86.ActiveCfg = Release|Any CPU
		{73C3DFB8-BD8A-4634-AAD5-DC71EDC37B98}.Tests|x86.Build.0 = Release|Any CPU
		{3E1F9741-01D3-480A-A484-3CD373AE4A7F}.Debug|Any CPU.ActiveCfg = Debug|Any CPU
		{3E1F9741-01D3-480A-A484-3CD373AE4A7F}.Debug|Any CPU.Build.0 = Debug|Any CPU
		{3E1F9741-01D3-480A-A484-3CD373AE4A7F}.Debug|x64.ActiveCfg = Debug|Any CPU
		{3E1F9741-01D3-480A-A484-3CD373AE4A7F}.Debug|x64.Build.0 = Debug|Any CPU
		{3E1F9741-01D3-480A-A484-3CD373AE4A7F}.Debug|x86.ActiveCfg = Debug|Any CPU
		{3E1F9741-01D3-480A-A484-3CD373AE4A7F}.Debug|x86.Build.0 = Debug|Any CPU
		{3E1F9741-01D3-480A-A484-3CD373AE4A7F}.Release|Any CPU.ActiveCfg = Release|Any CPU
		{3E1F9741-01D3-480A-A484-3CD373AE4A7F}.Release|Any CPU.Build.0 = Release|Any CPU
		{3E1F9741-01D3-480A-A484-3CD373AE4A7F}.Release|x64.ActiveCfg = Release|Any CPU
		{3E1F9741-01D3-480A-A484-3CD373AE4A7F}.Release|x64.Build.0 = Release|Any CPU
		{3E1F9741-01D3-480A-A484-3CD373AE4A7F}.Release|x86.ActiveCfg = Release|Any CPU
		{3E1F9741-01D3-480A-A484-3CD373AE4A7F}.Release|x86.Build.0 = Release|Any CPU
		{3E1F9741-01D3-480A-A484-3CD373AE4A7F}.Tests|Any CPU.ActiveCfg = Release|Any CPU
		{3E1F9741-01D3-480A-A484-3CD373AE4A7F}.Tests|Any CPU.Build.0 = Release|Any CPU
		{3E1F9741-01D3-480A-A484-3CD373AE4A7F}.Tests|x64.ActiveCfg = Release|Any CPU
		{3E1F9741-01D3-480A-A484-3CD373AE4A7F}.Tests|x64.Build.0 = Release|Any CPU
		{3E1F9741-01D3-480A-A484-3CD373AE4A7F}.Tests|x86.ActiveCfg = Release|Any CPU
		{3E1F9741-01D3-480A-A484-3CD373AE4A7F}.Tests|x86.Build.0 = Release|Any CPU
		{191B1B91-D9FD-4138-A72A-AB0B149958C6}.Debug|Any CPU.ActiveCfg = Debug|Any CPU
		{191B1B91-D9FD-4138-A72A-AB0B149958C6}.Debug|Any CPU.Build.0 = Debug|Any CPU
		{191B1B91-D9FD-4138-A72A-AB0B149958C6}.Debug|x64.ActiveCfg = Debug|Any CPU
		{191B1B91-D9FD-4138-A72A-AB0B149958C6}.Debug|x64.Build.0 = Debug|Any CPU
		{191B1B91-D9FD-4138-A72A-AB0B149958C6}.Debug|x86.ActiveCfg = Debug|Any CPU
		{191B1B91-D9FD-4138-A72A-AB0B149958C6}.Debug|x86.Build.0 = Debug|Any CPU
		{191B1B91-D9FD-4138-A72A-AB0B149958C6}.Release|Any CPU.ActiveCfg = Release|Any CPU
		{191B1B91-D9FD-4138-A72A-AB0B149958C6}.Release|Any CPU.Build.0 = Release|Any CPU
		{191B1B91-D9FD-4138-A72A-AB0B149958C6}.Release|x64.ActiveCfg = Release|Any CPU
		{191B1B91-D9FD-4138-A72A-AB0B149958C6}.Release|x64.Build.0 = Release|Any CPU
		{191B1B91-D9FD-4138-A72A-AB0B149958C6}.Release|x86.ActiveCfg = Release|Any CPU
		{191B1B91-D9FD-4138-A72A-AB0B149958C6}.Release|x86.Build.0 = Release|Any CPU
		{191B1B91-D9FD-4138-A72A-AB0B149958C6}.Tests|Any CPU.ActiveCfg = Release|Any CPU
		{191B1B91-D9FD-4138-A72A-AB0B149958C6}.Tests|Any CPU.Build.0 = Release|Any CPU
		{191B1B91-D9FD-4138-A72A-AB0B149958C6}.Tests|x64.ActiveCfg = Release|Any CPU
		{191B1B91-D9FD-4138-A72A-AB0B149958C6}.Tests|x64.Build.0 = Release|Any CPU
		{191B1B91-D9FD-4138-A72A-AB0B149958C6}.Tests|x86.ActiveCfg = Release|Any CPU
		{191B1B91-D9FD-4138-A72A-AB0B149958C6}.Tests|x86.Build.0 = Release|Any CPU
		{20055427-1352-44FB-8442-BF7F15F9C59E}.Debug|Any CPU.ActiveCfg = Debug|Any CPU
		{20055427-1352-44FB-8442-BF7F15F9C59E}.Debug|Any CPU.Build.0 = Debug|Any CPU
		{20055427-1352-44FB-8442-BF7F15F9C59E}.Debug|x64.ActiveCfg = Debug|Any CPU
		{20055427-1352-44FB-8442-BF7F15F9C59E}.Debug|x64.Build.0 = Debug|Any CPU
		{20055427-1352-44FB-8442-BF7F15F9C59E}.Debug|x86.ActiveCfg = Debug|Any CPU
		{20055427-1352-44FB-8442-BF7F15F9C59E}.Debug|x86.Build.0 = Debug|Any CPU
		{20055427-1352-44FB-8442-BF7F15F9C59E}.Release|Any CPU.ActiveCfg = Release|Any CPU
		{20055427-1352-44FB-8442-BF7F15F9C59E}.Release|Any CPU.Build.0 = Release|Any CPU
		{20055427-1352-44FB-8442-BF7F15F9C59E}.Release|x64.ActiveCfg = Release|Any CPU
		{20055427-1352-44FB-8442-BF7F15F9C59E}.Release|x64.Build.0 = Release|Any CPU
		{20055427-1352-44FB-8442-BF7F15F9C59E}.Release|x86.ActiveCfg = Release|Any CPU
		{20055427-1352-44FB-8442-BF7F15F9C59E}.Release|x86.Build.0 = Release|Any CPU
		{20055427-1352-44FB-8442-BF7F15F9C59E}.Tests|Any CPU.ActiveCfg = Release|Any CPU
		{20055427-1352-44FB-8442-BF7F15F9C59E}.Tests|Any CPU.Build.0 = Release|Any CPU
		{20055427-1352-44FB-8442-BF7F15F9C59E}.Tests|x64.ActiveCfg = Release|Any CPU
		{20055427-1352-44FB-8442-BF7F15F9C59E}.Tests|x64.Build.0 = Release|Any CPU
		{20055427-1352-44FB-8442-BF7F15F9C59E}.Tests|x86.ActiveCfg = Release|Any CPU
		{20055427-1352-44FB-8442-BF7F15F9C59E}.Tests|x86.Build.0 = Release|Any CPU
		{DC1AE91B-45CE-4C5B-8F77-CDB58566038F}.Debug|Any CPU.ActiveCfg = Debug|Any CPU
		{DC1AE91B-45CE-4C5B-8F77-CDB58566038F}.Debug|Any CPU.Build.0 = Debug|Any CPU
		{DC1AE91B-45CE-4C5B-8F77-CDB58566038F}.Debug|x64.ActiveCfg = Debug|Any CPU
		{DC1AE91B-45CE-4C5B-8F77-CDB58566038F}.Debug|x64.Build.0 = Debug|Any CPU
		{DC1AE91B-45CE-4C5B-8F77-CDB58566038F}.Debug|x86.ActiveCfg = Debug|Any CPU
		{DC1AE91B-45CE-4C5B-8F77-CDB58566038F}.Debug|x86.Build.0 = Debug|Any CPU
		{DC1AE91B-45CE-4C5B-8F77-CDB58566038F}.Release|Any CPU.ActiveCfg = Release|Any CPU
		{DC1AE91B-45CE-4C5B-8F77-CDB58566038F}.Release|Any CPU.Build.0 = Release|Any CPU
		{DC1AE91B-45CE-4C5B-8F77-CDB58566038F}.Release|x64.ActiveCfg = Release|Any CPU
		{DC1AE91B-45CE-4C5B-8F77-CDB58566038F}.Release|x64.Build.0 = Release|Any CPU
		{DC1AE91B-45CE-4C5B-8F77-CDB58566038F}.Release|x86.ActiveCfg = Release|Any CPU
		{DC1AE91B-45CE-4C5B-8F77-CDB58566038F}.Release|x86.Build.0 = Release|Any CPU
		{DC1AE91B-45CE-4C5B-8F77-CDB58566038F}.Tests|Any CPU.ActiveCfg = Release|Any CPU
		{DC1AE91B-45CE-4C5B-8F77-CDB58566038F}.Tests|Any CPU.Build.0 = Release|Any CPU
		{DC1AE91B-45CE-4C5B-8F77-CDB58566038F}.Tests|x64.ActiveCfg = Release|Any CPU
		{DC1AE91B-45CE-4C5B-8F77-CDB58566038F}.Tests|x64.Build.0 = Release|Any CPU
		{DC1AE91B-45CE-4C5B-8F77-CDB58566038F}.Tests|x86.ActiveCfg = Release|Any CPU
		{DC1AE91B-45CE-4C5B-8F77-CDB58566038F}.Tests|x86.Build.0 = Release|Any CPU
		{7AF6C34B-65D2-4010-92F6-420E59DDE9BF}.Debug|Any CPU.ActiveCfg = Debug|Any CPU
		{7AF6C34B-65D2-4010-92F6-420E59DDE9BF}.Debug|Any CPU.Build.0 = Debug|Any CPU
		{7AF6C34B-65D2-4010-92F6-420E59DDE9BF}.Debug|x64.ActiveCfg = Debug|Any CPU
		{7AF6C34B-65D2-4010-92F6-420E59DDE9BF}.Debug|x64.Build.0 = Debug|Any CPU
		{7AF6C34B-65D2-4010-92F6-420E59DDE9BF}.Debug|x86.ActiveCfg = Debug|Any CPU
		{7AF6C34B-65D2-4010-92F6-420E59DDE9BF}.Debug|x86.Build.0 = Debug|Any CPU
		{7AF6C34B-65D2-4010-92F6-420E59DDE9BF}.Release|Any CPU.ActiveCfg = Release|Any CPU
		{7AF6C34B-65D2-4010-92F6-420E59DDE9BF}.Release|Any CPU.Build.0 = Release|Any CPU
		{7AF6C34B-65D2-4010-92F6-420E59DDE9BF}.Release|x64.ActiveCfg = Release|Any CPU
		{7AF6C34B-65D2-4010-92F6-420E59DDE9BF}.Release|x64.Build.0 = Release|Any CPU
		{7AF6C34B-65D2-4010-92F6-420E59DDE9BF}.Release|x86.ActiveCfg = Release|Any CPU
		{7AF6C34B-65D2-4010-92F6-420E59DDE9BF}.Release|x86.Build.0 = Release|Any CPU
		{7AF6C34B-65D2-4010-92F6-420E59DDE9BF}.Tests|Any CPU.ActiveCfg = Release|Any CPU
		{7AF6C34B-65D2-4010-92F6-420E59DDE9BF}.Tests|Any CPU.Build.0 = Release|Any CPU
		{7AF6C34B-65D2-4010-92F6-420E59DDE9BF}.Tests|x64.ActiveCfg = Release|Any CPU
		{7AF6C34B-65D2-4010-92F6-420E59DDE9BF}.Tests|x64.Build.0 = Release|Any CPU
		{7AF6C34B-65D2-4010-92F6-420E59DDE9BF}.Tests|x86.ActiveCfg = Release|Any CPU
		{7AF6C34B-65D2-4010-92F6-420E59DDE9BF}.Tests|x86.Build.0 = Release|Any CPU
		{4981AAE8-9AC7-4758-87EA-FB2397D6C404}.Debug|Any CPU.ActiveCfg = Debug|Any CPU
		{4981AAE8-9AC7-4758-87EA-FB2397D6C404}.Debug|Any CPU.Build.0 = Debug|Any CPU
		{4981AAE8-9AC7-4758-87EA-FB2397D6C404}.Debug|x64.ActiveCfg = Debug|Any CPU
		{4981AAE8-9AC7-4758-87EA-FB2397D6C404}.Debug|x64.Build.0 = Debug|Any CPU
		{4981AAE8-9AC7-4758-87EA-FB2397D6C404}.Debug|x86.ActiveCfg = Debug|x86
		{4981AAE8-9AC7-4758-87EA-FB2397D6C404}.Debug|x86.Build.0 = Debug|x86
		{4981AAE8-9AC7-4758-87EA-FB2397D6C404}.Release|Any CPU.ActiveCfg = Release|Any CPU
		{4981AAE8-9AC7-4758-87EA-FB2397D6C404}.Release|Any CPU.Build.0 = Release|Any CPU
		{4981AAE8-9AC7-4758-87EA-FB2397D6C404}.Release|x64.ActiveCfg = Release|Any CPU
		{4981AAE8-9AC7-4758-87EA-FB2397D6C404}.Release|x64.Build.0 = Release|Any CPU
		{4981AAE8-9AC7-4758-87EA-FB2397D6C404}.Release|x86.ActiveCfg = Release|x86
		{4981AAE8-9AC7-4758-87EA-FB2397D6C404}.Release|x86.Build.0 = Release|x86
		{4981AAE8-9AC7-4758-87EA-FB2397D6C404}.Tests|Any CPU.ActiveCfg = Debug|Any CPU
		{4981AAE8-9AC7-4758-87EA-FB2397D6C404}.Tests|Any CPU.Build.0 = Debug|Any CPU
		{4981AAE8-9AC7-4758-87EA-FB2397D6C404}.Tests|x64.ActiveCfg = Debug|Any CPU
		{4981AAE8-9AC7-4758-87EA-FB2397D6C404}.Tests|x64.Build.0 = Debug|Any CPU
		{4981AAE8-9AC7-4758-87EA-FB2397D6C404}.Tests|x86.ActiveCfg = Debug|x86
		{4981AAE8-9AC7-4758-87EA-FB2397D6C404}.Tests|x86.Build.0 = Debug|x86
		{4833E4C7-FFFF-4DA5-A7A5-36C6C3840F16}.Debug|Any CPU.ActiveCfg = Debug|Any CPU
		{4833E4C7-FFFF-4DA5-A7A5-36C6C3840F16}.Debug|Any CPU.Build.0 = Debug|Any CPU
		{4833E4C7-FFFF-4DA5-A7A5-36C6C3840F16}.Debug|x64.ActiveCfg = Debug|Any CPU
		{4833E4C7-FFFF-4DA5-A7A5-36C6C3840F16}.Debug|x64.Build.0 = Debug|Any CPU
		{4833E4C7-FFFF-4DA5-A7A5-36C6C3840F16}.Debug|x86.ActiveCfg = Debug|Any CPU
		{4833E4C7-FFFF-4DA5-A7A5-36C6C3840F16}.Debug|x86.Build.0 = Debug|Any CPU
		{4833E4C7-FFFF-4DA5-A7A5-36C6C3840F16}.Release|Any CPU.ActiveCfg = Release|Any CPU
		{4833E4C7-FFFF-4DA5-A7A5-36C6C3840F16}.Release|Any CPU.Build.0 = Release|Any CPU
		{4833E4C7-FFFF-4DA5-A7A5-36C6C3840F16}.Release|x64.ActiveCfg = Release|Any CPU
		{4833E4C7-FFFF-4DA5-A7A5-36C6C3840F16}.Release|x64.Build.0 = Release|Any CPU
		{4833E4C7-FFFF-4DA5-A7A5-36C6C3840F16}.Release|x86.ActiveCfg = Release|Any CPU
		{4833E4C7-FFFF-4DA5-A7A5-36C6C3840F16}.Release|x86.Build.0 = Release|Any CPU
		{4833E4C7-FFFF-4DA5-A7A5-36C6C3840F16}.Tests|Any CPU.ActiveCfg = Release|Any CPU
		{4833E4C7-FFFF-4DA5-A7A5-36C6C3840F16}.Tests|Any CPU.Build.0 = Release|Any CPU
		{4833E4C7-FFFF-4DA5-A7A5-36C6C3840F16}.Tests|x64.ActiveCfg = Release|Any CPU
		{4833E4C7-FFFF-4DA5-A7A5-36C6C3840F16}.Tests|x64.Build.0 = Release|Any CPU
		{4833E4C7-FFFF-4DA5-A7A5-36C6C3840F16}.Tests|x86.ActiveCfg = Release|Any CPU
		{4833E4C7-FFFF-4DA5-A7A5-36C6C3840F16}.Tests|x86.Build.0 = Release|Any CPU
		{BDA1CD69-624B-4D9D-9B88-ACBEB14AC471}.Debug|Any CPU.ActiveCfg = Debug|Any CPU
		{BDA1CD69-624B-4D9D-9B88-ACBEB14AC471}.Debug|Any CPU.Build.0 = Debug|Any CPU
		{BDA1CD69-624B-4D9D-9B88-ACBEB14AC471}.Debug|x64.ActiveCfg = Debug|Any CPU
		{BDA1CD69-624B-4D9D-9B88-ACBEB14AC471}.Debug|x64.Build.0 = Debug|Any CPU
		{BDA1CD69-624B-4D9D-9B88-ACBEB14AC471}.Debug|x86.ActiveCfg = Debug|Any CPU
		{BDA1CD69-624B-4D9D-9B88-ACBEB14AC471}.Debug|x86.Build.0 = Debug|Any CPU
		{BDA1CD69-624B-4D9D-9B88-ACBEB14AC471}.Release|Any CPU.ActiveCfg = Release|Any CPU
		{BDA1CD69-624B-4D9D-9B88-ACBEB14AC471}.Release|Any CPU.Build.0 = Release|Any CPU
		{BDA1CD69-624B-4D9D-9B88-ACBEB14AC471}.Release|x64.ActiveCfg = Release|Any CPU
		{BDA1CD69-624B-4D9D-9B88-ACBEB14AC471}.Release|x64.Build.0 = Release|Any CPU
		{BDA1CD69-624B-4D9D-9B88-ACBEB14AC471}.Release|x86.ActiveCfg = Release|Any CPU
		{BDA1CD69-624B-4D9D-9B88-ACBEB14AC471}.Release|x86.Build.0 = Release|Any CPU
		{BDA1CD69-624B-4D9D-9B88-ACBEB14AC471}.Tests|Any CPU.ActiveCfg = Release|Any CPU
		{BDA1CD69-624B-4D9D-9B88-ACBEB14AC471}.Tests|Any CPU.Build.0 = Release|Any CPU
		{BDA1CD69-624B-4D9D-9B88-ACBEB14AC471}.Tests|x64.ActiveCfg = Release|Any CPU
		{BDA1CD69-624B-4D9D-9B88-ACBEB14AC471}.Tests|x64.Build.0 = Release|Any CPU
		{BDA1CD69-624B-4D9D-9B88-ACBEB14AC471}.Tests|x86.ActiveCfg = Release|Any CPU
		{BDA1CD69-624B-4D9D-9B88-ACBEB14AC471}.Tests|x86.Build.0 = Release|Any CPU
		{8AE9D385-A379-4F5F-A703-3DF643DA6742}.Debug|Any CPU.ActiveCfg = Debug|Any CPU
		{8AE9D385-A379-4F5F-A703-3DF643DA6742}.Debug|Any CPU.Build.0 = Debug|Any CPU
		{8AE9D385-A379-4F5F-A703-3DF643DA6742}.Debug|x64.ActiveCfg = Debug|Any CPU
		{8AE9D385-A379-4F5F-A703-3DF643DA6742}.Debug|x64.Build.0 = Debug|Any CPU
		{8AE9D385-A379-4F5F-A703-3DF643DA6742}.Debug|x86.ActiveCfg = Debug|Any CPU
		{8AE9D385-A379-4F5F-A703-3DF643DA6742}.Debug|x86.Build.0 = Debug|Any CPU
		{8AE9D385-A379-4F5F-A703-3DF643DA6742}.Release|Any CPU.ActiveCfg = Release|Any CPU
		{8AE9D385-A379-4F5F-A703-3DF643DA6742}.Release|Any CPU.Build.0 = Release|Any CPU
		{8AE9D385-A379-4F5F-A703-3DF643DA6742}.Release|x64.ActiveCfg = Release|Any CPU
		{8AE9D385-A379-4F5F-A703-3DF643DA6742}.Release|x64.Build.0 = Release|Any CPU
		{8AE9D385-A379-4F5F-A703-3DF643DA6742}.Release|x86.ActiveCfg = Release|Any CPU
		{8AE9D385-A379-4F5F-A703-3DF643DA6742}.Release|x86.Build.0 = Release|Any CPU
		{8AE9D385-A379-4F5F-A703-3DF643DA6742}.Tests|Any CPU.ActiveCfg = Release|Any CPU
		{8AE9D385-A379-4F5F-A703-3DF643DA6742}.Tests|Any CPU.Build.0 = Release|Any CPU
		{8AE9D385-A379-4F5F-A703-3DF643DA6742}.Tests|x64.ActiveCfg = Release|Any CPU
		{8AE9D385-A379-4F5F-A703-3DF643DA6742}.Tests|x64.Build.0 = Release|Any CPU
		{8AE9D385-A379-4F5F-A703-3DF643DA6742}.Tests|x86.ActiveCfg = Release|Any CPU
		{8AE9D385-A379-4F5F-A703-3DF643DA6742}.Tests|x86.Build.0 = Release|Any CPU
		{40ADFD6A-64EA-4C77-9D4B-3A91D6AB76B4}.Debug|Any CPU.ActiveCfg = Debug|Any CPU
		{40ADFD6A-64EA-4C77-9D4B-3A91D6AB76B4}.Debug|Any CPU.Build.0 = Debug|Any CPU
		{40ADFD6A-64EA-4C77-9D4B-3A91D6AB76B4}.Debug|x64.ActiveCfg = Debug|Any CPU
		{40ADFD6A-64EA-4C77-9D4B-3A91D6AB76B4}.Debug|x64.Build.0 = Debug|Any CPU
		{40ADFD6A-64EA-4C77-9D4B-3A91D6AB76B4}.Debug|x86.ActiveCfg = Debug|Any CPU
		{40ADFD6A-64EA-4C77-9D4B-3A91D6AB76B4}.Debug|x86.Build.0 = Debug|Any CPU
		{40ADFD6A-64EA-4C77-9D4B-3A91D6AB76B4}.Release|Any CPU.ActiveCfg = Release|Any CPU
		{40ADFD6A-64EA-4C77-9D4B-3A91D6AB76B4}.Release|Any CPU.Build.0 = Release|Any CPU
		{40ADFD6A-64EA-4C77-9D4B-3A91D6AB76B4}.Release|x64.ActiveCfg = Release|Any CPU
		{40ADFD6A-64EA-4C77-9D4B-3A91D6AB76B4}.Release|x64.Build.0 = Release|Any CPU
		{40ADFD6A-64EA-4C77-9D4B-3A91D6AB76B4}.Release|x86.ActiveCfg = Release|Any CPU
		{40ADFD6A-64EA-4C77-9D4B-3A91D6AB76B4}.Release|x86.Build.0 = Release|Any CPU
		{40ADFD6A-64EA-4C77-9D4B-3A91D6AB76B4}.Tests|Any CPU.ActiveCfg = Release|Any CPU
		{40ADFD6A-64EA-4C77-9D4B-3A91D6AB76B4}.Tests|Any CPU.Build.0 = Release|Any CPU
		{40ADFD6A-64EA-4C77-9D4B-3A91D6AB76B4}.Tests|x64.ActiveCfg = Release|Any CPU
		{40ADFD6A-64EA-4C77-9D4B-3A91D6AB76B4}.Tests|x64.Build.0 = Release|Any CPU
		{40ADFD6A-64EA-4C77-9D4B-3A91D6AB76B4}.Tests|x86.ActiveCfg = Release|Any CPU
		{40ADFD6A-64EA-4C77-9D4B-3A91D6AB76B4}.Tests|x86.Build.0 = Release|Any CPU
		{020422DA-33AB-4495-A439-7DAC2690795C}.Debug|Any CPU.ActiveCfg = Debug|Any CPU
		{020422DA-33AB-4495-A439-7DAC2690795C}.Debug|Any CPU.Build.0 = Debug|Any CPU
		{020422DA-33AB-4495-A439-7DAC2690795C}.Debug|x64.ActiveCfg = Debug|Any CPU
		{020422DA-33AB-4495-A439-7DAC2690795C}.Debug|x64.Build.0 = Debug|Any CPU
		{020422DA-33AB-4495-A439-7DAC2690795C}.Debug|x86.ActiveCfg = Debug|x86
		{020422DA-33AB-4495-A439-7DAC2690795C}.Debug|x86.Build.0 = Debug|x86
		{020422DA-33AB-4495-A439-7DAC2690795C}.Release|Any CPU.ActiveCfg = Release|Any CPU
		{020422DA-33AB-4495-A439-7DAC2690795C}.Release|Any CPU.Build.0 = Release|Any CPU
		{020422DA-33AB-4495-A439-7DAC2690795C}.Release|x64.ActiveCfg = Release|Any CPU
		{020422DA-33AB-4495-A439-7DAC2690795C}.Release|x64.Build.0 = Release|Any CPU
		{020422DA-33AB-4495-A439-7DAC2690795C}.Release|x86.ActiveCfg = Release|x86
		{020422DA-33AB-4495-A439-7DAC2690795C}.Release|x86.Build.0 = Release|x86
		{020422DA-33AB-4495-A439-7DAC2690795C}.Tests|Any CPU.ActiveCfg = Debug|Any CPU
		{020422DA-33AB-4495-A439-7DAC2690795C}.Tests|Any CPU.Build.0 = Debug|Any CPU
		{020422DA-33AB-4495-A439-7DAC2690795C}.Tests|x64.ActiveCfg = Debug|Any CPU
		{020422DA-33AB-4495-A439-7DAC2690795C}.Tests|x64.Build.0 = Debug|Any CPU
		{020422DA-33AB-4495-A439-7DAC2690795C}.Tests|x86.ActiveCfg = Debug|x86
		{020422DA-33AB-4495-A439-7DAC2690795C}.Tests|x86.Build.0 = Debug|x86
		{B12702AD-ABFB-343A-A199-8E24837244A3}.Debug|Any CPU.ActiveCfg = Debug|Win32
		{B12702AD-ABFB-343A-A199-8E24837244A3}.Debug|Any CPU.Build.0 = Debug|Win32
		{B12702AD-ABFB-343A-A199-8E24837244A3}.Debug|x64.ActiveCfg = Debug|x64
		{B12702AD-ABFB-343A-A199-8E24837244A3}.Debug|x64.Build.0 = Debug|x64
		{B12702AD-ABFB-343A-A199-8E24837244A3}.Debug|x86.ActiveCfg = Debug|Win32
		{B12702AD-ABFB-343A-A199-8E24837244A3}.Debug|x86.Build.0 = Debug|Win32
		{B12702AD-ABFB-343A-A199-8E24837244A3}.Release|Any CPU.ActiveCfg = Release|Win32
		{B12702AD-ABFB-343A-A199-8E24837244A3}.Release|Any CPU.Build.0 = Release|Win32
		{B12702AD-ABFB-343A-A199-8E24837244A3}.Release|x64.ActiveCfg = Release|x64
		{B12702AD-ABFB-343A-A199-8E24837244A3}.Release|x64.Build.0 = Release|x64
		{B12702AD-ABFB-343A-A199-8E24837244A3}.Release|x86.ActiveCfg = Release|Win32
		{B12702AD-ABFB-343A-A199-8E24837244A3}.Release|x86.Build.0 = Release|Win32
		{B12702AD-ABFB-343A-A199-8E24837244A3}.Tests|Any CPU.ActiveCfg = Release|Win32
		{B12702AD-ABFB-343A-A199-8E24837244A3}.Tests|Any CPU.Build.0 = Release|Win32
		{B12702AD-ABFB-343A-A199-8E24837244A3}.Tests|x64.ActiveCfg = Release|x64
		{B12702AD-ABFB-343A-A199-8E24837244A3}.Tests|x64.Build.0 = Release|x64
		{B12702AD-ABFB-343A-A199-8E24837244A3}.Tests|x86.ActiveCfg = Release|Win32
		{B12702AD-ABFB-343A-A199-8E24837244A3}.Tests|x86.Build.0 = Release|Win32
		{70711A97-D9B0-3A86-9756-9FF47337908B}.Debug|Any CPU.ActiveCfg = Debug|Win32
		{70711A97-D9B0-3A86-9756-9FF47337908B}.Debug|Any CPU.Build.0 = Debug|Win32
		{70711A97-D9B0-3A86-9756-9FF47337908B}.Debug|x64.ActiveCfg = Debug|x64
		{70711A97-D9B0-3A86-9756-9FF47337908B}.Debug|x64.Build.0 = Debug|x64
		{70711A97-D9B0-3A86-9756-9FF47337908B}.Debug|x86.ActiveCfg = Debug|Win32
		{70711A97-D9B0-3A86-9756-9FF47337908B}.Debug|x86.Build.0 = Debug|Win32
		{70711A97-D9B0-3A86-9756-9FF47337908B}.Release|Any CPU.ActiveCfg = Release|Win32
		{70711A97-D9B0-3A86-9756-9FF47337908B}.Release|Any CPU.Build.0 = Release|Win32
		{70711A97-D9B0-3A86-9756-9FF47337908B}.Release|x64.ActiveCfg = Release|x64
		{70711A97-D9B0-3A86-9756-9FF47337908B}.Release|x64.Build.0 = Release|x64
		{70711A97-D9B0-3A86-9756-9FF47337908B}.Release|x86.ActiveCfg = Release|Win32
		{70711A97-D9B0-3A86-9756-9FF47337908B}.Release|x86.Build.0 = Release|Win32
		{70711A97-D9B0-3A86-9756-9FF47337908B}.Tests|Any CPU.ActiveCfg = Release|Win32
		{70711A97-D9B0-3A86-9756-9FF47337908B}.Tests|Any CPU.Build.0 = Release|Win32
		{70711A97-D9B0-3A86-9756-9FF47337908B}.Tests|x64.ActiveCfg = Release|x64
		{70711A97-D9B0-3A86-9756-9FF47337908B}.Tests|x64.Build.0 = Release|x64
		{70711A97-D9B0-3A86-9756-9FF47337908B}.Tests|x86.ActiveCfg = Release|Win32
		{70711A97-D9B0-3A86-9756-9FF47337908B}.Tests|x86.Build.0 = Release|Win32
		{4CEE73C9-FCFA-3A72-A0A3-036BDBB3240F}.Debug|Any CPU.ActiveCfg = Debug|Win32
		{4CEE73C9-FCFA-3A72-A0A3-036BDBB3240F}.Debug|Any CPU.Build.0 = Debug|Win32
		{4CEE73C9-FCFA-3A72-A0A3-036BDBB3240F}.Debug|x64.ActiveCfg = Debug|x64
		{4CEE73C9-FCFA-3A72-A0A3-036BDBB3240F}.Debug|x64.Build.0 = Debug|x64
		{4CEE73C9-FCFA-3A72-A0A3-036BDBB3240F}.Debug|x86.ActiveCfg = Debug|Win32
		{4CEE73C9-FCFA-3A72-A0A3-036BDBB3240F}.Debug|x86.Build.0 = Debug|Win32
		{4CEE73C9-FCFA-3A72-A0A3-036BDBB3240F}.Release|Any CPU.ActiveCfg = Release|Win32
		{4CEE73C9-FCFA-3A72-A0A3-036BDBB3240F}.Release|Any CPU.Build.0 = Release|Win32
		{4CEE73C9-FCFA-3A72-A0A3-036BDBB3240F}.Release|x64.ActiveCfg = Release|x64
		{4CEE73C9-FCFA-3A72-A0A3-036BDBB3240F}.Release|x64.Build.0 = Release|x64
		{4CEE73C9-FCFA-3A72-A0A3-036BDBB3240F}.Release|x86.ActiveCfg = Release|Win32
		{4CEE73C9-FCFA-3A72-A0A3-036BDBB3240F}.Release|x86.Build.0 = Release|Win32
		{4CEE73C9-FCFA-3A72-A0A3-036BDBB3240F}.Tests|Any CPU.ActiveCfg = Release|Win32
		{4CEE73C9-FCFA-3A72-A0A3-036BDBB3240F}.Tests|Any CPU.Build.0 = Release|Win32
		{4CEE73C9-FCFA-3A72-A0A3-036BDBB3240F}.Tests|x64.ActiveCfg = Release|x64
		{4CEE73C9-FCFA-3A72-A0A3-036BDBB3240F}.Tests|x64.Build.0 = Release|x64
		{4CEE73C9-FCFA-3A72-A0A3-036BDBB3240F}.Tests|x86.ActiveCfg = Release|Win32
		{4CEE73C9-FCFA-3A72-A0A3-036BDBB3240F}.Tests|x86.Build.0 = Release|Win32
		{48A50432-6BDF-4DE2-A3AD-3A237D31E49D}.Debug|Any CPU.ActiveCfg = Debug|Any CPU
		{48A50432-6BDF-4DE2-A3AD-3A237D31E49D}.Debug|Any CPU.Build.0 = Debug|Any CPU
		{48A50432-6BDF-4DE2-A3AD-3A237D31E49D}.Debug|x64.ActiveCfg = Debug|Any CPU
		{48A50432-6BDF-4DE2-A3AD-3A237D31E49D}.Debug|x64.Build.0 = Debug|Any CPU
		{48A50432-6BDF-4DE2-A3AD-3A237D31E49D}.Debug|x86.ActiveCfg = Debug|Any CPU
		{48A50432-6BDF-4DE2-A3AD-3A237D31E49D}.Debug|x86.Build.0 = Debug|Any CPU
		{48A50432-6BDF-4DE2-A3AD-3A237D31E49D}.Release|Any CPU.ActiveCfg = Release|Any CPU
		{48A50432-6BDF-4DE2-A3AD-3A237D31E49D}.Release|x64.ActiveCfg = Release|Any CPU
		{48A50432-6BDF-4DE2-A3AD-3A237D31E49D}.Release|x86.ActiveCfg = Release|Any CPU
		{48A50432-6BDF-4DE2-A3AD-3A237D31E49D}.Tests|Any CPU.ActiveCfg = Release|Any CPU
		{48A50432-6BDF-4DE2-A3AD-3A237D31E49D}.Tests|Any CPU.Build.0 = Release|Any CPU
		{48A50432-6BDF-4DE2-A3AD-3A237D31E49D}.Tests|x64.ActiveCfg = Release|Any CPU
		{48A50432-6BDF-4DE2-A3AD-3A237D31E49D}.Tests|x64.Build.0 = Release|Any CPU
		{48A50432-6BDF-4DE2-A3AD-3A237D31E49D}.Tests|x86.ActiveCfg = Release|Any CPU
		{48A50432-6BDF-4DE2-A3AD-3A237D31E49D}.Tests|x86.Build.0 = Release|Any CPU
		{D574EFED-5E19-45BE-9B05-310F65065303}.Debug|Any CPU.ActiveCfg = Debug|Any CPU
		{D574EFED-5E19-45BE-9B05-310F65065303}.Debug|Any CPU.Build.0 = Debug|Any CPU
		{D574EFED-5E19-45BE-9B05-310F65065303}.Debug|x64.ActiveCfg = Debug|Any CPU
		{D574EFED-5E19-45BE-9B05-310F65065303}.Debug|x64.Build.0 = Debug|Any CPU
		{D574EFED-5E19-45BE-9B05-310F65065303}.Debug|x86.ActiveCfg = Debug|Any CPU
		{D574EFED-5E19-45BE-9B05-310F65065303}.Debug|x86.Build.0 = Debug|Any CPU
		{D574EFED-5E19-45BE-9B05-310F65065303}.Release|Any CPU.ActiveCfg = Release|Any CPU
		{D574EFED-5E19-45BE-9B05-310F65065303}.Release|x64.ActiveCfg = Release|Any CPU
		{D574EFED-5E19-45BE-9B05-310F65065303}.Release|x86.ActiveCfg = Release|Any CPU
		{D574EFED-5E19-45BE-9B05-310F65065303}.Tests|Any CPU.ActiveCfg = Release|Any CPU
		{D574EFED-5E19-45BE-9B05-310F65065303}.Tests|Any CPU.Build.0 = Release|Any CPU
		{D574EFED-5E19-45BE-9B05-310F65065303}.Tests|x64.ActiveCfg = Release|Any CPU
		{D574EFED-5E19-45BE-9B05-310F65065303}.Tests|x64.Build.0 = Release|Any CPU
		{D574EFED-5E19-45BE-9B05-310F65065303}.Tests|x86.ActiveCfg = Release|Any CPU
		{D574EFED-5E19-45BE-9B05-310F65065303}.Tests|x86.Build.0 = Release|Any CPU
		{A5320606-37B8-4F15-97E2-16314109CAF9}.Debug|Any CPU.ActiveCfg = Debug|Any CPU
		{A5320606-37B8-4F15-97E2-16314109CAF9}.Debug|Any CPU.Build.0 = Debug|Any CPU
		{A5320606-37B8-4F15-97E2-16314109CAF9}.Debug|x64.ActiveCfg = Debug|Any CPU
		{A5320606-37B8-4F15-97E2-16314109CAF9}.Debug|x64.Build.0 = Debug|Any CPU
		{A5320606-37B8-4F15-97E2-16314109CAF9}.Debug|x86.ActiveCfg = Debug|Any CPU
		{A5320606-37B8-4F15-97E2-16314109CAF9}.Debug|x86.Build.0 = Debug|Any CPU
		{A5320606-37B8-4F15-97E2-16314109CAF9}.Release|Any CPU.ActiveCfg = Release|Any CPU
		{A5320606-37B8-4F15-97E2-16314109CAF9}.Release|x64.ActiveCfg = Release|Any CPU
		{A5320606-37B8-4F15-97E2-16314109CAF9}.Release|x86.ActiveCfg = Release|Any CPU
		{A5320606-37B8-4F15-97E2-16314109CAF9}.Tests|Any CPU.ActiveCfg = Release|Any CPU
		{A5320606-37B8-4F15-97E2-16314109CAF9}.Tests|Any CPU.Build.0 = Release|Any CPU
		{A5320606-37B8-4F15-97E2-16314109CAF9}.Tests|x64.ActiveCfg = Release|Any CPU
		{A5320606-37B8-4F15-97E2-16314109CAF9}.Tests|x64.Build.0 = Release|Any CPU
		{A5320606-37B8-4F15-97E2-16314109CAF9}.Tests|x86.ActiveCfg = Release|Any CPU
		{A5320606-37B8-4F15-97E2-16314109CAF9}.Tests|x86.Build.0 = Release|Any CPU
		{12857847-9877-466C-B056-DD286A219093}.Debug|Any CPU.ActiveCfg = Debug|x64
		{12857847-9877-466C-B056-DD286A219093}.Debug|x64.ActiveCfg = Debug|x64
		{12857847-9877-466C-B056-DD286A219093}.Debug|x86.ActiveCfg = Debug|x64
		{12857847-9877-466C-B056-DD286A219093}.Release|Any CPU.ActiveCfg = Release|x64
		{12857847-9877-466C-B056-DD286A219093}.Release|x64.ActiveCfg = Release|x64
		{12857847-9877-466C-B056-DD286A219093}.Release|x86.ActiveCfg = Release|x64
		{12857847-9877-466C-B056-DD286A219093}.Tests|Any CPU.ActiveCfg = Release|x64
		{12857847-9877-466C-B056-DD286A219093}.Tests|x64.ActiveCfg = Release|x64
		{12857847-9877-466C-B056-DD286A219093}.Tests|x86.ActiveCfg = Release|x64
		{E809DDE3-AE76-4F7A-8DC5-775AC4900138}.Debug|Any CPU.ActiveCfg = Debug|Any CPU
		{E809DDE3-AE76-4F7A-8DC5-775AC4900138}.Debug|Any CPU.Build.0 = Debug|Any CPU
		{E809DDE3-AE76-4F7A-8DC5-775AC4900138}.Debug|x64.ActiveCfg = Debug|Any CPU
		{E809DDE3-AE76-4F7A-8DC5-775AC4900138}.Debug|x64.Build.0 = Debug|Any CPU
		{E809DDE3-AE76-4F7A-8DC5-775AC4900138}.Debug|x86.ActiveCfg = Debug|Any CPU
		{E809DDE3-AE76-4F7A-8DC5-775AC4900138}.Debug|x86.Build.0 = Debug|Any CPU
		{E809DDE3-AE76-4F7A-8DC5-775AC4900138}.Release|Any CPU.ActiveCfg = Release|Any CPU
		{E809DDE3-AE76-4F7A-8DC5-775AC4900138}.Release|x64.ActiveCfg = Release|Any CPU
		{E809DDE3-AE76-4F7A-8DC5-775AC4900138}.Release|x86.ActiveCfg = Release|Any CPU
		{E809DDE3-AE76-4F7A-8DC5-775AC4900138}.Tests|Any CPU.ActiveCfg = Release|Any CPU
		{E809DDE3-AE76-4F7A-8DC5-775AC4900138}.Tests|Any CPU.Build.0 = Release|Any CPU
		{E809DDE3-AE76-4F7A-8DC5-775AC4900138}.Tests|x64.ActiveCfg = Release|Any CPU
		{E809DDE3-AE76-4F7A-8DC5-775AC4900138}.Tests|x64.Build.0 = Release|Any CPU
		{E809DDE3-AE76-4F7A-8DC5-775AC4900138}.Tests|x86.ActiveCfg = Release|Any CPU
		{E809DDE3-AE76-4F7A-8DC5-775AC4900138}.Tests|x86.Build.0 = Release|Any CPU
		{202F4A6D-77CD-4992-AA53-01B585463287}.Debug|Any CPU.ActiveCfg = Debug|Any CPU
		{202F4A6D-77CD-4992-AA53-01B585463287}.Debug|Any CPU.Build.0 = Debug|Any CPU
		{202F4A6D-77CD-4992-AA53-01B585463287}.Debug|x64.ActiveCfg = Debug|Any CPU
		{202F4A6D-77CD-4992-AA53-01B585463287}.Debug|x64.Build.0 = Debug|Any CPU
		{202F4A6D-77CD-4992-AA53-01B585463287}.Debug|x86.ActiveCfg = Debug|x86
		{202F4A6D-77CD-4992-AA53-01B585463287}.Debug|x86.Build.0 = Debug|x86
		{202F4A6D-77CD-4992-AA53-01B585463287}.Release|Any CPU.ActiveCfg = Release|Any CPU
		{202F4A6D-77CD-4992-AA53-01B585463287}.Release|Any CPU.Build.0 = Release|Any CPU
		{202F4A6D-77CD-4992-AA53-01B585463287}.Release|x64.ActiveCfg = Release|Any CPU
		{202F4A6D-77CD-4992-AA53-01B585463287}.Release|x64.Build.0 = Release|Any CPU
		{202F4A6D-77CD-4992-AA53-01B585463287}.Release|x86.ActiveCfg = Release|x86
		{202F4A6D-77CD-4992-AA53-01B585463287}.Release|x86.Build.0 = Release|x86
		{202F4A6D-77CD-4992-AA53-01B585463287}.Tests|Any CPU.ActiveCfg = Debug|Any CPU
		{202F4A6D-77CD-4992-AA53-01B585463287}.Tests|Any CPU.Build.0 = Debug|Any CPU
		{202F4A6D-77CD-4992-AA53-01B585463287}.Tests|x64.ActiveCfg = Debug|Any CPU
		{202F4A6D-77CD-4992-AA53-01B585463287}.Tests|x64.Build.0 = Debug|Any CPU
		{202F4A6D-77CD-4992-AA53-01B585463287}.Tests|x86.ActiveCfg = Debug|x86
		{202F4A6D-77CD-4992-AA53-01B585463287}.Tests|x86.Build.0 = Debug|x86
		{4B8FC08C-4901-45D4-BC00-C0C461292FF2}.Debug|Any CPU.ActiveCfg = Debug|Any CPU
		{4B8FC08C-4901-45D4-BC00-C0C461292FF2}.Debug|Any CPU.Build.0 = Debug|Any CPU
		{4B8FC08C-4901-45D4-BC00-C0C461292FF2}.Debug|x64.ActiveCfg = Debug|Any CPU
		{4B8FC08C-4901-45D4-BC00-C0C461292FF2}.Debug|x64.Build.0 = Debug|Any CPU
		{4B8FC08C-4901-45D4-BC00-C0C461292FF2}.Debug|x86.ActiveCfg = Debug|Any CPU
		{4B8FC08C-4901-45D4-BC00-C0C461292FF2}.Debug|x86.Build.0 = Debug|Any CPU
		{4B8FC08C-4901-45D4-BC00-C0C461292FF2}.Release|Any CPU.ActiveCfg = Release|Any CPU
		{4B8FC08C-4901-45D4-BC00-C0C461292FF2}.Release|x64.ActiveCfg = Release|Any CPU
		{4B8FC08C-4901-45D4-BC00-C0C461292FF2}.Release|x86.ActiveCfg = Release|Any CPU
		{4B8FC08C-4901-45D4-BC00-C0C461292FF2}.Tests|Any CPU.ActiveCfg = Debug|Any CPU
		{4B8FC08C-4901-45D4-BC00-C0C461292FF2}.Tests|Any CPU.Build.0 = Debug|Any CPU
		{4B8FC08C-4901-45D4-BC00-C0C461292FF2}.Tests|x64.ActiveCfg = Debug|Any CPU
		{4B8FC08C-4901-45D4-BC00-C0C461292FF2}.Tests|x64.Build.0 = Debug|Any CPU
		{4B8FC08C-4901-45D4-BC00-C0C461292FF2}.Tests|x86.ActiveCfg = Debug|Any CPU
		{4B8FC08C-4901-45D4-BC00-C0C461292FF2}.Tests|x86.Build.0 = Debug|Any CPU
		{AFD33401-2F15-4E72-AB35-42C3EE12E897}.Debug|Any CPU.ActiveCfg = Debug|Any CPU
		{AFD33401-2F15-4E72-AB35-42C3EE12E897}.Debug|Any CPU.Build.0 = Debug|Any CPU
		{AFD33401-2F15-4E72-AB35-42C3EE12E897}.Debug|x64.ActiveCfg = Debug|Any CPU
		{AFD33401-2F15-4E72-AB35-42C3EE12E897}.Debug|x64.Build.0 = Debug|Any CPU
		{AFD33401-2F15-4E72-AB35-42C3EE12E897}.Debug|x86.ActiveCfg = Debug|Any CPU
		{AFD33401-2F15-4E72-AB35-42C3EE12E897}.Debug|x86.Build.0 = Debug|Any CPU
		{AFD33401-2F15-4E72-AB35-42C3EE12E897}.Release|Any CPU.ActiveCfg = Release|Any CPU
		{AFD33401-2F15-4E72-AB35-42C3EE12E897}.Release|x64.ActiveCfg = Release|Any CPU
		{AFD33401-2F15-4E72-AB35-42C3EE12E897}.Release|x86.ActiveCfg = Release|Any CPU
		{AFD33401-2F15-4E72-AB35-42C3EE12E897}.Tests|Any CPU.ActiveCfg = Debug|Any CPU
		{AFD33401-2F15-4E72-AB35-42C3EE12E897}.Tests|Any CPU.Build.0 = Debug|Any CPU
		{AFD33401-2F15-4E72-AB35-42C3EE12E897}.Tests|x64.ActiveCfg = Debug|Any CPU
		{AFD33401-2F15-4E72-AB35-42C3EE12E897}.Tests|x64.Build.0 = Debug|Any CPU
		{AFD33401-2F15-4E72-AB35-42C3EE12E897}.Tests|x86.ActiveCfg = Debug|Any CPU
		{AFD33401-2F15-4E72-AB35-42C3EE12E897}.Tests|x86.Build.0 = Debug|Any CPU
	EndGlobalSection
	GlobalSection(SolutionProperties) = preSolution
		HideSolutionNode = FALSE
	EndGlobalSection
	GlobalSection(NestedProjects) = preSolution
		{71E4F2B9-3628-45E2-A664-A2F6E3AAFE55} = {DD307619-BF80-4E5D-AE54-196057187702}
		{191B2B91-D5FD-4138-A72A-AB0B149988C6} = {DD307619-BF80-4E5D-AE54-196057187702}
		{F7407750-5F72-460F-9C53-27CF509A39B1} = {A7918293-56E9-465A-AE1C-0724576ADD66}
		{F2166B59-E41B-4328-B31D-9E2B9AC5A59C} = {A7918293-56E9-465A-AE1C-0724576ADD66}
		{73C3DFB8-BD8A-4634-AAD5-DC71EDC37B98} = {DD307619-BF80-4E5D-AE54-196057187702}
		{3E1F9741-01D3-480A-A484-3CD373AE4A7F} = {DD307619-BF80-4E5D-AE54-196057187702}
		{191B1B91-D9FD-4138-A72A-AB0B149958C6} = {DD307619-BF80-4E5D-AE54-196057187702}
		{20055427-1352-44FB-8442-BF7F15F9C59E} = {A7918293-56E9-465A-AE1C-0724576ADD66}
		{DC1AE91B-45CE-4C5B-8F77-CDB58566038F} = {A7918293-56E9-465A-AE1C-0724576ADD66}
		{7AF6C34B-65D2-4010-92F6-420E59DDE9BF} = {A7918293-56E9-465A-AE1C-0724576ADD66}
		{4981AAE8-9AC7-4758-87EA-FB2397D6C404} = {A7918293-56E9-465A-AE1C-0724576ADD66}
		{4833E4C7-FFFF-4DA5-A7A5-36C6C3840F16} = {DD307619-BF80-4E5D-AE54-196057187702}
		{BDA1CD69-624B-4D9D-9B88-ACBEB14AC471} = {A7918293-56E9-465A-AE1C-0724576ADD66}
		{8AE9D385-A379-4F5F-A703-3DF643DA6742} = {DD307619-BF80-4E5D-AE54-196057187702}
		{40ADFD6A-64EA-4C77-9D4B-3A91D6AB76B4} = {A7918293-56E9-465A-AE1C-0724576ADD66}
		{020422DA-33AB-4495-A439-7DAC2690795C} = {A7918293-56E9-465A-AE1C-0724576ADD66}
		{A7918293-56E9-465A-AE1C-0724576ADD66} = {9D9290B2-9E87-46EA-84EA-02836F699BB8}
		{DD307619-BF80-4E5D-AE54-196057187702} = {9D9290B2-9E87-46EA-84EA-02836F699BB8}
		{B12702AD-ABFB-343A-A199-8E24837244A3} = {9B109DDA-0521-46AD-B087-B7CBCB33FEE5}
		{70711A97-D9B0-3A86-9756-9FF47337908B} = {9B109DDA-0521-46AD-B087-B7CBCB33FEE5}
		{4CEE73C9-FCFA-3A72-A0A3-036BDBB3240F} = {9B109DDA-0521-46AD-B087-B7CBCB33FEE5}
		{97DAEAD7-3D10-459C-8920-94E48C43AA5F} = {F96D578B-D78E-47F4-86DA-FE472B9942F0}
		{48A50432-6BDF-4DE2-A3AD-3A237D31E49D} = {97DAEAD7-3D10-459C-8920-94E48C43AA5F}
		{D6FB29A4-8921-46F5-B170-B15538AB4D69} = {F96D578B-D78E-47F4-86DA-FE472B9942F0}
		{D574EFED-5E19-45BE-9B05-310F65065303} = {D6FB29A4-8921-46F5-B170-B15538AB4D69}
		{A5320606-37B8-4F15-97E2-16314109CAF9} = {D6FB29A4-8921-46F5-B170-B15538AB4D69}
		{12857847-9877-466C-B056-DD286A219093} = {D6FB29A4-8921-46F5-B170-B15538AB4D69}
		{E809DDE3-AE76-4F7A-8DC5-775AC4900138} = {D6FB29A4-8921-46F5-B170-B15538AB4D69}
		{202F4A6D-77CD-4992-AA53-01B585463287} = {A7918293-56E9-465A-AE1C-0724576ADD66}
		{4B8FC08C-4901-45D4-BC00-C0C461292FF2} = {D6FB29A4-8921-46F5-B170-B15538AB4D69}
		{AFD33401-2F15-4E72-AB35-42C3EE12E897} = {D6FB29A4-8921-46F5-B170-B15538AB4D69}
	EndGlobalSection
	GlobalSection(ExtensibilityGlobals) = postSolution
		SolutionGuid = {17FF4AFE-273C-47CD-8D84-F0D023B10BE5}
	EndGlobalSection
EndGlobal
