
Microsoft Visual Studio Solution File, Format Version 12.00
# Visual Studio Version 17
VisualStudioVersion = 17.0.31717.71
MinimumVisualStudioVersion = 10.0.40219.1
Project("{FAE04EC0-301F-11D3-BF4B-00C04F79EFBC}") = "generator", "generator.csproj", "{8C16DA39-8049-465A-B242-82DFB91E252A}"
EndProject
Global
	GlobalSection(SolutionConfigurationPlatforms) = preSolution
		Debug|Any CPU = Debug|Any CPU
		Release|Any CPU = Release|Any CPU
	EndGlobalSection
	GlobalSection(ProjectConfigurationPlatforms) = postSolution
		{8C16DA39-8049-465A-B242-82DFB91E252A}.Debug|Any CPU.ActiveCfg = Debug|Any CPU
		{8C16DA39-8049-465A-B242-82DFB91E252A}.Debug|Any CPU.Build.0 = Debug|Any CPU
		{8C16DA39-8049-465A-B242-82DFB91E252A}.Release|Any CPU.ActiveCfg = Release|Any CPU
		{8C16DA39-8049-465A-B242-82DFB91E252A}.Release|Any CPU.Build.0 = Release|Any CPU
	EndGlobalSection
	GlobalSection(SolutionProperties) = preSolution
		HideSolutionNode = FALSE
	EndGlobalSection
	GlobalSection(ExtensibilityGlobals) = postSolution
		SolutionGuid = {C23785F8-8749-42B1-B19E-4A6703DD83BB}
	EndGlobalSection
EndGlobal
