
Microsoft Visual Studio Solution File, Format Version 12.00
# Visual Studio Version 16
VisualStudioVersion = 16.0.30804.86
MinimumVisualStudioVersion = 10.0.40219.1
Project("{8BC9CEB8-8B4A-11D0-8D11-00A0C91BC942}") = "QtClassLibrary1", "QtClassLibrary1\QtClassLibrary1.vcxproj", "{CE78EC51-C4A0-465B-A161-21C257BD057B}"
EndProject
Project("{8BC9CEB8-8B4A-11D0-8D11-00A0C91BC942}") = "QtWidgetsApplication1", "QtWidgetsApplication1\QtWidgetsApplication1.vcxproj", "{806AF248-25F9-4300-9FB3-100E5F79C026}"
EndProject
Project("{8BC9CEB8-8B4A-11D0-8D11-00A0C91BC942}") = "QtWidgetsApplication2", "QtWidgetsApplication2\QtWidgetsApplication2.vcxproj", "{B74596C2-46DC-4615-A6EF-0CB66643BB2B}"
EndProject
Project("{8BC9CEB8-8B4A-11D0-8D11-00A0C91BC942}") = "StaticLib1", "StaticLib1\StaticLib1.vcxproj", "{8463051A-B32C-43F0-9A77-9F223598AAC9}"
EndProject
Global
	GlobalSection(SolutionConfigurationPlatforms) = preSolution
		Debug|x64 = Debug|x64
		Release|x64 = Release|x64
	EndGlobalSection
	GlobalSection(ProjectConfigurationPlatforms) = postSolution
		{CE78EC51-C4A0-465B-A161-21C257BD057B}.Debug|x64.ActiveCfg = Debug|x64
		{CE78EC51-C4A0-465B-A161-21C257BD057B}.Debug|x64.Build.0 = Debug|x64
		{CE78EC51-C4A0-465B-A161-21C257BD057B}.Release|x64.ActiveCfg = Release|x64
		{CE78EC51-C4A0-465B-A161-21C257BD057B}.Release|x64.Build.0 = Release|x64
		{806AF248-25F9-4300-9FB3-100E5F79C026}.Debug|x64.ActiveCfg = Debug|x64
		{806AF248-25F9-4300-9FB3-100E5F79C026}.Debug|x64.Build.0 = Debug|x64
		{806AF248-25F9-4300-9FB3-100E5F79C026}.Release|x64.ActiveCfg = Release|x64
		{806AF248-25F9-4300-9FB3-100E5F79C026}.Release|x64.Build.0 = Release|x64
		{B74596C2-46DC-4615-A6EF-0CB66643BB2B}.Debug|x64.ActiveCfg = Debug|x64
		{B74596C2-46DC-4615-A6EF-0CB66643BB2B}.Debug|x64.Build.0 = Debug|x64
		{B74596C2-46DC-4615-A6EF-0CB66643BB2B}.Release|x64.ActiveCfg = Release|x64
		{B74596C2-46DC-4615-A6EF-0CB66643BB2B}.Release|x64.Build.0 = Release|x64
		{8463051A-B32C-43F0-9A77-9F223598AAC9}.Debug|x64.ActiveCfg = Debug|x64
		{8463051A-B32C-43F0-9A77-9F223598AAC9}.Debug|x64.Build.0 = Debug|x64
		{8463051A-B32C-43F0-9A77-9F223598AAC9}.Release|x64.ActiveCfg = Release|x64
		{8463051A-B32C-43F0-9A77-9F223598AAC9}.Release|x64.Build.0 = Release|x64
	EndGlobalSection
	GlobalSection(SolutionProperties) = preSolution
		HideSolutionNode = FALSE
	EndGlobalSection
	GlobalSection(ExtensibilityGlobals) = postSolution
		SolutionGuid = {76259E50-26CE-4EC6-99CE-B1245F270DD3}
	EndGlobalSection
EndGlobal
