
Microsoft Visual Studio Solution File, Format Version 12.00
# Visual Studio Version 16
VisualStudioVersion = 16.0.31229.387
MinimumVisualStudioVersion = 10.0.40219.1
Project("{8BC9CEB8-8B4A-11D0-8D11-00A0C91BC942}") = "BigProjectNNN", "BigProjectNNN\BigProjectNNN.vcxproj", "{C032BE4B-48F7-465F-BA2A-44962223E000}"
EndProject
Global
	GlobalSection(SolutionConfigurationPlatforms) = preSolution
		Debug|x64 = Debug|x64
		Release|x64 = Release|x64
	EndGlobalSection
	GlobalSection(ProjectConfigurationPlatforms) = postSolution
		{C032BE4B-48F7-465F-BA2A-44962223E000}.Debug|x64.ActiveCfg = Debug|x64
		{C032BE4B-48F7-465F-BA2A-44962223E000}.Debug|x64.Build.0 = Debug|x64
		{C032BE4B-48F7-465F-BA2A-44962223E000}.Release|x64.ActiveCfg = Release|x64
		{C032BE4B-48F7-465F-BA2A-44962223E000}.Release|x64.Build.0 = Release|x64
	EndGlobalSection
	GlobalSection(SolutionProperties) = preSolution
		HideSolutionNode = FALSE
	EndGlobalSection
	GlobalSection(ExtensibilityGlobals) = postSolution
		SolutionGuid = {F1E7C58A-3AB2-4EF2-8E8C-C5FA96FCD5F3}
	EndGlobalSection
EndGlobal
