
Microsoft Visual Studio Solution File, Format Version 10.00
# Visual Studio 2008
Project("{8BC9CEB8-8B4A-11D0-8D11-00A0C91BC942}") = "Test2", "Check\Check.vcproj", "{ADA1D5AA-949B-46E9-AA9E-10D2D5ECA5B0}"
EndProject
Global
	GlobalSection(SolutionConfigurationPlatforms) = preSolution
		Debug|Win32 = Debug|Win32
		Release|Win32 = Release|Win32
	EndGlobalSection
	GlobalSection(ProjectConfigurationPlatforms) = postSolution
		{ADA1D5AA-949B-46E9-AA9E-10D2D5ECA5B0}.Debug|Win32.ActiveCfg = Debug|Win32
		{ADA1D5AA-949B-46E9-AA9E-10D2D5ECA5B0}.Debug|Win32.Build.0 = Debug|Win32
		{ADA1D5AA-949B-46E9-AA9E-10D2D5ECA5B0}.Release|Win32.ActiveCfg = Release|Win32
		{ADA1D5AA-949B-46E9-AA9E-10D2D5ECA5B0}.Release|Win32.Build.0 = Release|Win32
	EndGlobalSection
	GlobalSection(SolutionProperties) = preSolution
		HideSolutionNode = FALSE
	EndGlobalSection
	GlobalSection(Qt) = preSolution
		Integration = True
	EndGlobalSection
EndGlobal
