
Microsoft Visual Studio Solution File, Format Version 12.00
# Visual Studio Version 16
VisualStudioVersion = 16.0.30611.23
MinimumVisualStudioVersion = 12.0.40629.0
Project("{2150E333-8FDC-42A3-9474-1A3956D46DE8}") = "VS Templates", "VS Templates", "{D73514C8-019E-44FB-8D42-F1FD52C1FD72}"
EndProject
Project("{FAE04EC0-301F-11D3-BF4B-00C04F79EFBC}") = "QtVsTools.Core", "qtvstools.core\QtVsTools.Core.csproj", "{FAA69518-2FEB-4954-9D2C-E7BD6121EA9C}"
EndProject
Project("{FAE04EC0-301F-11D3-BF4B-00C04F79EFBC}") = "QtVsTools", "qtvstools\QtVsTools.csproj", "{FD7A42DB-8692-4FBE-AC50-F70AF423275B}"
	ProjectSection(ProjectDependencies) = postProject
		{C461C580-37A5-4B37-8A7B-10C8E1D3C5B5} = {C461C580-37A5-4B37-8A7B-10C8E1D3C5B5}
	EndProjectSection
EndProject
Project("{FAE04EC0-301F-11D3-BF4B-00C04F79EFBC}") = "QtVsTools.Wizards", "qtwizard\QtVsTools.Wizards.csproj", "{244991B0-42AD-4324-B166-A26FB6E8CA5B}"
EndProject
Project("{FAE04EC0-301F-11D3-BF4B-00C04F79EFBC}") = "Console", "qttemplates\console\Console.csproj", "{71E4F2B9-3628-45E2-A664-A2F6E3AAFE55}"
	ProjectSection(ProjectDependencies) = postProject
		{244991B0-42AD-4324-B166-A26FB6E8CA5B} = {244991B0-42AD-4324-B166-A26FB6E8CA5B}
	EndProjectSection
EndProject
Project("{FAE04EC0-301F-11D3-BF4B-00C04F79EFBC}") = "Gui", "qttemplates\gui\Gui.csproj", "{3E1F9741-01D3-480A-A484-3CD373AE4A7F}"
	ProjectSection(ProjectDependencies) = postProject
		{244991B0-42AD-4324-B166-A26FB6E8CA5B} = {244991B0-42AD-4324-B166-A26FB6E8CA5B}
	EndProjectSection
EndProject
Project("{FAE04EC0-301F-11D3-BF4B-00C04F79EFBC}") = "Empty", "qttemplates\empty\Empty.csproj", "{73C3DFB8-BD8A-4634-AAD5-DC71EDC37B98}"
	ProjectSection(ProjectDependencies) = postProject
		{244991B0-42AD-4324-B166-A26FB6E8CA5B} = {244991B0-42AD-4324-B166-A26FB6E8CA5B}
	EndProjectSection
EndProject
Project("{FAE04EC0-301F-11D3-BF4B-00C04F79EFBC}") = "Lib", "qttemplates\lib\Lib.csproj", "{191B1B91-D9FD-4138-A72A-AB0B149958C6}"
	ProjectSection(ProjectDependencies) = postProject
		{244991B0-42AD-4324-B166-A26FB6E8CA5B} = {244991B0-42AD-4324-B166-A26FB6E8CA5B}
	EndProjectSection
EndProject
Project("{FAE04EC0-301F-11D3-BF4B-00C04F79EFBC}") = "Server", "qttemplates\server\Server.csproj", "{8AE9D385-A379-4F5F-A703-3DF643DA6742}"
	ProjectSection(ProjectDependencies) = postProject
		{244991B0-42AD-4324-B166-A26FB6E8CA5B} = {244991B0-42AD-4324-B166-A26FB6E8CA5B}
	EndProjectSection
EndProject
Project("{FAE04EC0-301F-11D3-BF4B-00C04F79EFBC}") = "Designer", "qttemplates\designer\Designer.csproj", "{191B2B91-D5FD-4138-A72A-AB0B149988C6}"
	ProjectSection(ProjectDependencies) = postProject
		{244991B0-42AD-4324-B166-A26FB6E8CA5B} = {244991B0-42AD-4324-B166-A26FB6E8CA5B}
	EndProjectSection
EndProject
Project("{FAE04EC0-301F-11D3-BF4B-00C04F79EFBC}") = "Resource", "qttemplates\resource\Resource.csproj", "{BDA1CD69-624B-4D9D-9B88-ACBEB14AC471}"
	ProjectSection(ProjectDependencies) = postProject
		{244991B0-42AD-4324-B166-A26FB6E8CA5B} = {244991B0-42AD-4324-B166-A26FB6E8CA5B}
	EndProjectSection
EndProject
Project("{FAE04EC0-301F-11D3-BF4B-00C04F79EFBC}") = "Widget", "qttemplates\widget\Widget.csproj", "{40ADFD6A-64EA-4C77-9D4B-3A91D6AB76B4}"
	ProjectSection(ProjectDependencies) = postProject
		{244991B0-42AD-4324-B166-A26FB6E8CA5B} = {244991B0-42AD-4324-B166-A26FB6E8CA5B}
	EndProjectSection
EndProject
Project("{FAE04EC0-301F-11D3-BF4B-00C04F79EFBC}") = "MainWindow", "qttemplates\mainwindow\MainWindow.csproj", "{20055427-1352-44FB-8442-BF7F15F9C59E}"
	ProjectSection(ProjectDependencies) = postProject
		{244991B0-42AD-4324-B166-A26FB6E8CA5B} = {244991B0-42AD-4324-B166-A26FB6E8CA5B}
	EndProjectSection
EndProject
Project("{FAE04EC0-301F-11D3-BF4B-00C04F79EFBC}") = "DialogButtonBottom", "qttemplates\dialogbuttonbottom\DialogButtonBottom.csproj", "{F7407750-5F72-460F-9C53-27CF509A39B1}"
	ProjectSection(ProjectDependencies) = postProject
		{244991B0-42AD-4324-B166-A26FB6E8CA5B} = {244991B0-42AD-4324-B166-A26FB6E8CA5B}
	EndProjectSection
EndProject
Project("{FAE04EC0-301F-11D3-BF4B-00C04F79EFBC}") = "DialogButtonRight", "qttemplates\dialogbuttonright\DialogButtonRight.csproj", "{F2166B59-E41B-4328-B31D-9E2B9AC5A59C}"
	ProjectSection(ProjectDependencies) = postProject
		{244991B0-42AD-4324-B166-A26FB6E8CA5B} = {244991B0-42AD-4324-B166-A26FB6E8CA5B}
	EndProjectSection
EndProject
Project("{8BC9CEB8-8B4A-11D0-8D11-00A0C91BC942}") = "VsQml", "vsqml\vsqml.vcxproj", "{B12702AD-ABFB-343A-A199-8E24837244A3}"
EndProject
Project("{2150E333-8FDC-42A3-9474-1A3956D46DE8}") = "T4 Text Templates", "T4 Text Templates", "{24A01B54-CE41-4559-8418-0723F8DF723F}"
	ProjectSection(SolutionItems) = preProject
		common.tt = common.tt
		version.tt = version.tt
	EndProjectSection
EndProject
Project("{2150E333-8FDC-42A3-9474-1A3956D46DE8}") = "QtVSTools Version", "QtVSTools Version", "{8307D2C5-3736-4AED-9E65-330DA4C67EA3}"
	ProjectSection(SolutionItems) = preProject
		version.targets = version.targets
	EndProjectSection
EndProject
Project("{FAE04EC0-301F-11D3-BF4B-00C04F79EFBC}") = "QtVsTools.RegExpr", "QtVsTools.RegExpr\QtVsTools.RegExpr.csproj", "{0BDF77D1-4705-402C-8E58-F0D4D2679C08}"
EndProject
Project("{FAE04EC0-301F-11D3-BF4B-00C04F79EFBC}") = "Test_QtVsTools.RegExpr", "tests\Test_QtVsTools.RegExpr\Test_QtVsTools.RegExpr.csproj", "{D574EFED-5E19-45BE-9B05-310F65065303}"
EndProject
Project("{2150E333-8FDC-42A3-9474-1A3956D46DE8}") = "Tests", "Tests", "{3956AF5F-164C-4D38-B5B3-298D9250C193}"
EndProject
Project("{FAE04EC0-301F-11D3-BF4B-00C04F79EFBC}") = "QtVsTest", "QtVsTest\QtVsTest.csproj", "{48A50432-6BDF-4DE2-A3AD-3A237D31E49D}"
EndProject
Project("{2150E333-8FDC-42A3-9474-1A3956D46DE8}") = "Framework", "Framework", "{06C8A2E6-A894-4DBA-9DFD-B8E5CB8A2B4F}"
EndProject
Project("{8BC9CEB8-8B4A-11D0-8D11-00A0C91BC942}") = "CoreFeatures", "tests\CoreFeatures\CoreFeatures.vcxproj", "{12857847-9877-466C-B056-DD286A219093}"
EndProject
Project("{2150E333-8FDC-42A3-9474-1A3956D46DE8}") = "Project", "Project", "{E5CE38AA-4083-438E-B1F7-DD2F0BDEBE47}"
EndProject
Project("{2150E333-8FDC-42A3-9474-1A3956D46DE8}") = "Item", "Item", "{35B29B0F-0B9C-45EB-A8EF-2A8D3BF64B6F}"
EndProject
Project("{FAE04EC0-301F-11D3-BF4B-00C04F79EFBC}") = "Quick", "qttemplates\quick\Quick.csproj", "{4833E4C7-FFFF-4DA5-A7A5-36C6C3840F16}"
EndProject
Project("{FAE04EC0-301F-11D3-BF4B-00C04F79EFBC}") = "QMLFile", "qttemplates\qml\QMLFile.csproj", "{DC1AE91B-45CE-4C5B-8F77-CDB58566038F}"
EndProject
Project("{FAE04EC0-301F-11D3-BF4B-00C04F79EFBC}") = "QMLDir", "qttemplates\qmldir\QMLDir.csproj", "{7AF6C34B-65D2-4010-92F6-420E59DDE9BF}"
EndProject
Project("{8BC9CEB8-8B4A-11D0-8D11-00A0C91BC942}") = "qrceditor", "qrceditor\qrceditor.vcxproj", "{4CEE73C9-FCFA-3A72-A0A3-036BDBB3240F}"
EndProject
Project("{8BC9CEB8-8B4A-11D0-8D11-00A0C91BC942}") = "qmakefilereader", "qmakefilereader\qmakefilereader.vcxproj", "{70711A97-D9B0-3A86-9756-9FF47337908B}"
EndProject
Project("{FAE04EC0-301F-11D3-BF4B-00C04F79EFBC}") = "QtMSBuild", "qtmsbuild\QtMSBuild.csproj", "{C461C580-37A5-4B37-8A7B-10C8E1D3C5B5}"
EndProject
Project("{2150E333-8FDC-42A3-9474-1A3956D46DE8}") = "Tools", "Tools", "{46B0F2DF-BE7A-45DD-AC92-183CC8678054}"
EndProject
Project("{FAE04EC0-301F-11D3-BF4B-00C04F79EFBC}") = "Test_QtVsTools.PriorityQueue", "tests\Test_QtVsTools.PriorityQueue\Test_QtVsTools.PriorityQueue.csproj", "{A5320606-37B8-4F15-97E2-16314109CAF9}"
EndProject
Global
	GlobalSection(SolutionConfigurationPlatforms) = preSolution
		Debug|Any CPU = Debug|Any CPU
		Debug|x64 = Debug|x64
		Debug|x86 = Debug|x86
		Release|Any CPU = Release|Any CPU
		Release|x64 = Release|x64
		Release|x86 = Release|x86
		Test|Any CPU = Test|Any CPU
		Test|x64 = Test|x64
		Test|x86 = Test|x86
	EndGlobalSection
	GlobalSection(ProjectConfigurationPlatforms) = postSolution
		{FAA69518-2FEB-4954-9D2C-E7BD6121EA9C}.Debug|Any CPU.ActiveCfg = Debug|Any CPU
		{FAA69518-2FEB-4954-9D2C-E7BD6121EA9C}.Debug|Any CPU.Build.0 = Debug|Any CPU
		{FAA69518-2FEB-4954-9D2C-E7BD6121EA9C}.Debug|x64.ActiveCfg = Debug|Any CPU
		{FAA69518-2FEB-4954-9D2C-E7BD6121EA9C}.Debug|x64.Build.0 = Debug|Any CPU
		{FAA69518-2FEB-4954-9D2C-E7BD6121EA9C}.Debug|x86.ActiveCfg = Debug|Any CPU
		{FAA69518-2FEB-4954-9D2C-E7BD6121EA9C}.Debug|x86.Build.0 = Debug|Any CPU
		{FAA69518-2FEB-4954-9D2C-E7BD6121EA9C}.Release|Any CPU.ActiveCfg = Release|Any CPU
		{FAA69518-2FEB-4954-9D2C-E7BD6121EA9C}.Release|Any CPU.Build.0 = Release|Any CPU
		{FAA69518-2FEB-4954-9D2C-E7BD6121EA9C}.Release|x64.ActiveCfg = Release|Any CPU
		{FAA69518-2FEB-4954-9D2C-E7BD6121EA9C}.Release|x64.Build.0 = Release|Any CPU
		{FAA69518-2FEB-4954-9D2C-E7BD6121EA9C}.Release|x86.ActiveCfg = Release|Any CPU
		{FAA69518-2FEB-4954-9D2C-E7BD6121EA9C}.Release|x86.Build.0 = Release|Any CPU
		{FAA69518-2FEB-4954-9D2C-E7BD6121EA9C}.Test|Any CPU.ActiveCfg = Release|Any CPU
		{FAA69518-2FEB-4954-9D2C-E7BD6121EA9C}.Test|Any CPU.Build.0 = Release|Any CPU
		{FAA69518-2FEB-4954-9D2C-E7BD6121EA9C}.Test|x64.ActiveCfg = Release|Any CPU
		{FAA69518-2FEB-4954-9D2C-E7BD6121EA9C}.Test|x64.Build.0 = Release|Any CPU
		{FAA69518-2FEB-4954-9D2C-E7BD6121EA9C}.Test|x86.ActiveCfg = Release|Any CPU
		{FAA69518-2FEB-4954-9D2C-E7BD6121EA9C}.Test|x86.Build.0 = Release|Any CPU
		{FD7A42DB-8692-4FBE-AC50-F70AF423275B}.Debug|Any CPU.ActiveCfg = Debug|Any CPU
		{FD7A42DB-8692-4FBE-AC50-F70AF423275B}.Debug|Any CPU.Build.0 = Debug|Any CPU
		{FD7A42DB-8692-4FBE-AC50-F70AF423275B}.Debug|x64.ActiveCfg = Debug|Any CPU
		{FD7A42DB-8692-4FBE-AC50-F70AF423275B}.Debug|x64.Build.0 = Debug|Any CPU
		{FD7A42DB-8692-4FBE-AC50-F70AF423275B}.Debug|x86.ActiveCfg = Debug|Any CPU
		{FD7A42DB-8692-4FBE-AC50-F70AF423275B}.Debug|x86.Build.0 = Debug|Any CPU
		{FD7A42DB-8692-4FBE-AC50-F70AF423275B}.Release|Any CPU.ActiveCfg = Release|Any CPU
		{FD7A42DB-8692-4FBE-AC50-F70AF423275B}.Release|Any CPU.Build.0 = Release|Any CPU
		{FD7A42DB-8692-4FBE-AC50-F70AF423275B}.Release|x64.ActiveCfg = Release|Any CPU
		{FD7A42DB-8692-4FBE-AC50-F70AF423275B}.Release|x64.Build.0 = Release|Any CPU
		{FD7A42DB-8692-4FBE-AC50-F70AF423275B}.Release|x86.ActiveCfg = Release|Any CPU
		{FD7A42DB-8692-4FBE-AC50-F70AF423275B}.Release|x86.Build.0 = Release|Any CPU
		{FD7A42DB-8692-4FBE-AC50-F70AF423275B}.Test|Any CPU.ActiveCfg = Release|Any CPU
		{FD7A42DB-8692-4FBE-AC50-F70AF423275B}.Test|Any CPU.Build.0 = Release|Any CPU
		{FD7A42DB-8692-4FBE-AC50-F70AF423275B}.Test|x64.ActiveCfg = Release|Any CPU
		{FD7A42DB-8692-4FBE-AC50-F70AF423275B}.Test|x64.Build.0 = Release|Any CPU
		{FD7A42DB-8692-4FBE-AC50-F70AF423275B}.Test|x86.ActiveCfg = Release|Any CPU
		{FD7A42DB-8692-4FBE-AC50-F70AF423275B}.Test|x86.Build.0 = Release|Any CPU
		{244991B0-42AD-4324-B166-A26FB6E8CA5B}.Debug|Any CPU.ActiveCfg = Debug|Any CPU
		{244991B0-42AD-4324-B166-A26FB6E8CA5B}.Debug|Any CPU.Build.0 = Debug|Any CPU
		{244991B0-42AD-4324-B166-A26FB6E8CA5B}.Debug|x64.ActiveCfg = Debug|Any CPU
		{244991B0-42AD-4324-B166-A26FB6E8CA5B}.Debug|x64.Build.0 = Debug|Any CPU
		{244991B0-42AD-4324-B166-A26FB6E8CA5B}.Debug|x86.ActiveCfg = Debug|Any CPU
		{244991B0-42AD-4324-B166-A26FB6E8CA5B}.Debug|x86.Build.0 = Debug|Any CPU
		{244991B0-42AD-4324-B166-A26FB6E8CA5B}.Release|Any CPU.ActiveCfg = Release|Any CPU
		{244991B0-42AD-4324-B166-A26FB6E8CA5B}.Release|Any CPU.Build.0 = Release|Any CPU
		{244991B0-42AD-4324-B166-A26FB6E8CA5B}.Release|x64.ActiveCfg = Release|Any CPU
		{244991B0-42AD-4324-B166-A26FB6E8CA5B}.Release|x64.Build.0 = Release|Any CPU
		{244991B0-42AD-4324-B166-A26FB6E8CA5B}.Release|x86.ActiveCfg = Release|Any CPU
		{244991B0-42AD-4324-B166-A26FB6E8CA5B}.Release|x86.Build.0 = Release|Any CPU
		{244991B0-42AD-4324-B166-A26FB6E8CA5B}.Test|Any CPU.ActiveCfg = Release|Any CPU
		{244991B0-42AD-4324-B166-A26FB6E8CA5B}.Test|Any CPU.Build.0 = Release|Any CPU
		{244991B0-42AD-4324-B166-A26FB6E8CA5B}.Test|x64.ActiveCfg = Release|Any CPU
		{244991B0-42AD-4324-B166-A26FB6E8CA5B}.Test|x64.Build.0 = Release|Any CPU
		{244991B0-42AD-4324-B166-A26FB6E8CA5B}.Test|x86.ActiveCfg = Release|Any CPU
		{244991B0-42AD-4324-B166-A26FB6E8CA5B}.Test|x86.Build.0 = Release|Any CPU
		{71E4F2B9-3628-45E2-A664-A2F6E3AAFE55}.Debug|Any CPU.ActiveCfg = Debug|Any CPU
		{71E4F2B9-3628-45E2-A664-A2F6E3AAFE55}.Debug|Any CPU.Build.0 = Debug|Any CPU
		{71E4F2B9-3628-45E2-A664-A2F6E3AAFE55}.Debug|x64.ActiveCfg = Debug|Any CPU
		{71E4F2B9-3628-45E2-A664-A2F6E3AAFE55}.Debug|x64.Build.0 = Debug|Any CPU
		{71E4F2B9-3628-45E2-A664-A2F6E3AAFE55}.Debug|x86.ActiveCfg = Debug|Any CPU
		{71E4F2B9-3628-45E2-A664-A2F6E3AAFE55}.Debug|x86.Build.0 = Debug|Any CPU
		{71E4F2B9-3628-45E2-A664-A2F6E3AAFE55}.Release|Any CPU.ActiveCfg = Release|Any CPU
		{71E4F2B9-3628-45E2-A664-A2F6E3AAFE55}.Release|Any CPU.Build.0 = Release|Any CPU
		{71E4F2B9-3628-45E2-A664-A2F6E3AAFE55}.Release|x64.ActiveCfg = Release|Any CPU
		{71E4F2B9-3628-45E2-A664-A2F6E3AAFE55}.Release|x64.Build.0 = Release|Any CPU
		{71E4F2B9-3628-45E2-A664-A2F6E3AAFE55}.Release|x86.ActiveCfg = Release|Any CPU
		{71E4F2B9-3628-45E2-A664-A2F6E3AAFE55}.Release|x86.Build.0 = Release|Any CPU
		{71E4F2B9-3628-45E2-A664-A2F6E3AAFE55}.Test|Any CPU.ActiveCfg = Release|Any CPU
		{71E4F2B9-3628-45E2-A664-A2F6E3AAFE55}.Test|Any CPU.Build.0 = Release|Any CPU
		{71E4F2B9-3628-45E2-A664-A2F6E3AAFE55}.Test|x64.ActiveCfg = Release|Any CPU
		{71E4F2B9-3628-45E2-A664-A2F6E3AAFE55}.Test|x64.Build.0 = Release|Any CPU
		{71E4F2B9-3628-45E2-A664-A2F6E3AAFE55}.Test|x86.ActiveCfg = Release|Any CPU
		{71E4F2B9-3628-45E2-A664-A2F6E3AAFE55}.Test|x86.Build.0 = Release|Any CPU
		{3E1F9741-01D3-480A-A484-3CD373AE4A7F}.Debug|Any CPU.ActiveCfg = Debug|Any CPU
		{3E1F9741-01D3-480A-A484-3CD373AE4A7F}.Debug|Any CPU.Build.0 = Debug|Any CPU
		{3E1F9741-01D3-480A-A484-3CD373AE4A7F}.Debug|x64.ActiveCfg = Debug|Any CPU
		{3E1F9741-01D3-480A-A484-3CD373AE4A7F}.Debug|x64.Build.0 = Debug|Any CPU
		{3E1F9741-01D3-480A-A484-3CD373AE4A7F}.Debug|x86.ActiveCfg = Debug|Any CPU
		{3E1F9741-01D3-480A-A484-3CD373AE4A7F}.Debug|x86.Build.0 = Debug|Any CPU
		{3E1F9741-01D3-480A-A484-3CD373AE4A7F}.Release|Any CPU.ActiveCfg = Release|Any CPU
		{3E1F9741-01D3-480A-A484-3CD373AE4A7F}.Release|Any CPU.Build.0 = Release|Any CPU
		{3E1F9741-01D3-480A-A484-3CD373AE4A7F}.Release|x64.ActiveCfg = Release|Any CPU
		{3E1F9741-01D3-480A-A484-3CD373AE4A7F}.Release|x64.Build.0 = Release|Any CPU
		{3E1F9741-01D3-480A-A484-3CD373AE4A7F}.Release|x86.ActiveCfg = Release|Any CPU
		{3E1F9741-01D3-480A-A484-3CD373AE4A7F}.Release|x86.Build.0 = Release|Any CPU
		{3E1F9741-01D3-480A-A484-3CD373AE4A7F}.Test|Any CPU.ActiveCfg = Release|Any CPU
		{3E1F9741-01D3-480A-A484-3CD373AE4A7F}.Test|Any CPU.Build.0 = Release|Any CPU
		{3E1F9741-01D3-480A-A484-3CD373AE4A7F}.Test|x64.ActiveCfg = Release|Any CPU
		{3E1F9741-01D3-480A-A484-3CD373AE4A7F}.Test|x64.Build.0 = Release|Any CPU
		{3E1F9741-01D3-480A-A484-3CD373AE4A7F}.Test|x86.ActiveCfg = Release|Any CPU
		{3E1F9741-01D3-480A-A484-3CD373AE4A7F}.Test|x86.Build.0 = Release|Any CPU
		{73C3DFB8-BD8A-4634-AAD5-DC71EDC37B98}.Debug|Any CPU.ActiveCfg = Debug|Any CPU
		{73C3DFB8-BD8A-4634-AAD5-DC71EDC37B98}.Debug|Any CPU.Build.0 = Debug|Any CPU
		{73C3DFB8-BD8A-4634-AAD5-DC71EDC37B98}.Debug|x64.ActiveCfg = Debug|Any CPU
		{73C3DFB8-BD8A-4634-AAD5-DC71EDC37B98}.Debug|x64.Build.0 = Debug|Any CPU
		{73C3DFB8-BD8A-4634-AAD5-DC71EDC37B98}.Debug|x86.ActiveCfg = Debug|Any CPU
		{73C3DFB8-BD8A-4634-AAD5-DC71EDC37B98}.Debug|x86.Build.0 = Debug|Any CPU
		{73C3DFB8-BD8A-4634-AAD5-DC71EDC37B98}.Release|Any CPU.ActiveCfg = Release|Any CPU
		{73C3DFB8-BD8A-4634-AAD5-DC71EDC37B98}.Release|Any CPU.Build.0 = Release|Any CPU
		{73C3DFB8-BD8A-4634-AAD5-DC71EDC37B98}.Release|x64.ActiveCfg = Release|Any CPU
		{73C3DFB8-BD8A-4634-AAD5-DC71EDC37B98}.Release|x64.Build.0 = Release|Any CPU
		{73C3DFB8-BD8A-4634-AAD5-DC71EDC37B98}.Release|x86.ActiveCfg = Release|Any CPU
		{73C3DFB8-BD8A-4634-AAD5-DC71EDC37B98}.Release|x86.Build.0 = Release|Any CPU
		{73C3DFB8-BD8A-4634-AAD5-DC71EDC37B98}.Test|Any CPU.ActiveCfg = Release|Any CPU
		{73C3DFB8-BD8A-4634-AAD5-DC71EDC37B98}.Test|Any CPU.Build.0 = Release|Any CPU
		{73C3DFB8-BD8A-4634-AAD5-DC71EDC37B98}.Test|x64.ActiveCfg = Release|Any CPU
		{73C3DFB8-BD8A-4634-AAD5-DC71EDC37B98}.Test|x64.Build.0 = Release|Any CPU
		{73C3DFB8-BD8A-4634-AAD5-DC71EDC37B98}.Test|x86.ActiveCfg = Release|Any CPU
		{73C3DFB8-BD8A-4634-AAD5-DC71EDC37B98}.Test|x86.Build.0 = Release|Any CPU
		{191B1B91-D9FD-4138-A72A-AB0B149958C6}.Debug|Any CPU.ActiveCfg = Debug|Any CPU
		{191B1B91-D9FD-4138-A72A-AB0B149958C6}.Debug|Any CPU.Build.0 = Debug|Any CPU
		{191B1B91-D9FD-4138-A72A-AB0B149958C6}.Debug|x64.ActiveCfg = Debug|Any CPU
		{191B1B91-D9FD-4138-A72A-AB0B149958C6}.Debug|x64.Build.0 = Debug|Any CPU
		{191B1B91-D9FD-4138-A72A-AB0B149958C6}.Debug|x86.ActiveCfg = Debug|Any CPU
		{191B1B91-D9FD-4138-A72A-AB0B149958C6}.Debug|x86.Build.0 = Debug|Any CPU
		{191B1B91-D9FD-4138-A72A-AB0B149958C6}.Release|Any CPU.ActiveCfg = Release|Any CPU
		{191B1B91-D9FD-4138-A72A-AB0B149958C6}.Release|Any CPU.Build.0 = Release|Any CPU
		{191B1B91-D9FD-4138-A72A-AB0B149958C6}.Release|x64.ActiveCfg = Release|Any CPU
		{191B1B91-D9FD-4138-A72A-AB0B149958C6}.Release|x64.Build.0 = Release|Any CPU
		{191B1B91-D9FD-4138-A72A-AB0B149958C6}.Release|x86.ActiveCfg = Release|Any CPU
		{191B1B91-D9FD-4138-A72A-AB0B149958C6}.Release|x86.Build.0 = Release|Any CPU
		{191B1B91-D9FD-4138-A72A-AB0B149958C6}.Test|Any CPU.ActiveCfg = Release|Any CPU
		{191B1B91-D9FD-4138-A72A-AB0B149958C6}.Test|Any CPU.Build.0 = Release|Any CPU
		{191B1B91-D9FD-4138-A72A-AB0B149958C6}.Test|x64.ActiveCfg = Release|Any CPU
		{191B1B91-D9FD-4138-A72A-AB0B149958C6}.Test|x64.Build.0 = Release|Any CPU
		{191B1B91-D9FD-4138-A72A-AB0B149958C6}.Test|x86.ActiveCfg = Release|Any CPU
		{191B1B91-D9FD-4138-A72A-AB0B149958C6}.Test|x86.Build.0 = Release|Any CPU
		{8AE9D385-A379-4F5F-A703-3DF643DA6742}.Debug|Any CPU.ActiveCfg = Debug|Any CPU
		{8AE9D385-A379-4F5F-A703-3DF643DA6742}.Debug|Any CPU.Build.0 = Debug|Any CPU
		{8AE9D385-A379-4F5F-A703-3DF643DA6742}.Debug|x64.ActiveCfg = Debug|Any CPU
		{8AE9D385-A379-4F5F-A703-3DF643DA6742}.Debug|x64.Build.0 = Debug|Any CPU
		{8AE9D385-A379-4F5F-A703-3DF643DA6742}.Debug|x86.ActiveCfg = Debug|Any CPU
		{8AE9D385-A379-4F5F-A703-3DF643DA6742}.Debug|x86.Build.0 = Debug|Any CPU
		{8AE9D385-A379-4F5F-A703-3DF643DA6742}.Release|Any CPU.ActiveCfg = Release|Any CPU
		{8AE9D385-A379-4F5F-A703-3DF643DA6742}.Release|Any CPU.Build.0 = Release|Any CPU
		{8AE9D385-A379-4F5F-A703-3DF643DA6742}.Release|x64.ActiveCfg = Release|Any CPU
		{8AE9D385-A379-4F5F-A703-3DF643DA6742}.Release|x64.Build.0 = Release|Any CPU
		{8AE9D385-A379-4F5F-A703-3DF643DA6742}.Release|x86.ActiveCfg = Release|Any CPU
		{8AE9D385-A379-4F5F-A703-3DF643DA6742}.Release|x86.Build.0 = Release|Any CPU
		{8AE9D385-A379-4F5F-A703-3DF643DA6742}.Test|Any CPU.ActiveCfg = Release|Any CPU
		{8AE9D385-A379-4F5F-A703-3DF643DA6742}.Test|Any CPU.Build.0 = Release|Any CPU
		{8AE9D385-A379-4F5F-A703-3DF643DA6742}.Test|x64.ActiveCfg = Release|Any CPU
		{8AE9D385-A379-4F5F-A703-3DF643DA6742}.Test|x64.Build.0 = Release|Any CPU
		{8AE9D385-A379-4F5F-A703-3DF643DA6742}.Test|x86.ActiveCfg = Release|Any CPU
		{8AE9D385-A379-4F5F-A703-3DF643DA6742}.Test|x86.Build.0 = Release|Any CPU
		{191B2B91-D5FD-4138-A72A-AB0B149988C6}.Debug|Any CPU.ActiveCfg = Debug|Any CPU
		{191B2B91-D5FD-4138-A72A-AB0B149988C6}.Debug|Any CPU.Build.0 = Debug|Any CPU
		{191B2B91-D5FD-4138-A72A-AB0B149988C6}.Debug|x64.ActiveCfg = Debug|Any CPU
		{191B2B91-D5FD-4138-A72A-AB0B149988C6}.Debug|x64.Build.0 = Debug|Any CPU
		{191B2B91-D5FD-4138-A72A-AB0B149988C6}.Debug|x86.ActiveCfg = Debug|Any CPU
		{191B2B91-D5FD-4138-A72A-AB0B149988C6}.Debug|x86.Build.0 = Debug|Any CPU
		{191B2B91-D5FD-4138-A72A-AB0B149988C6}.Release|Any CPU.ActiveCfg = Release|Any CPU
		{191B2B91-D5FD-4138-A72A-AB0B149988C6}.Release|Any CPU.Build.0 = Release|Any CPU
		{191B2B91-D5FD-4138-A72A-AB0B149988C6}.Release|x64.ActiveCfg = Release|Any CPU
		{191B2B91-D5FD-4138-A72A-AB0B149988C6}.Release|x64.Build.0 = Release|Any CPU
		{191B2B91-D5FD-4138-A72A-AB0B149988C6}.Release|x86.ActiveCfg = Release|Any CPU
		{191B2B91-D5FD-4138-A72A-AB0B149988C6}.Release|x86.Build.0 = Release|Any CPU
		{191B2B91-D5FD-4138-A72A-AB0B149988C6}.Test|Any CPU.ActiveCfg = Release|Any CPU
		{191B2B91-D5FD-4138-A72A-AB0B149988C6}.Test|Any CPU.Build.0 = Release|Any CPU
		{191B2B91-D5FD-4138-A72A-AB0B149988C6}.Test|x64.ActiveCfg = Release|Any CPU
		{191B2B91-D5FD-4138-A72A-AB0B149988C6}.Test|x64.Build.0 = Release|Any CPU
		{191B2B91-D5FD-4138-A72A-AB0B149988C6}.Test|x86.ActiveCfg = Release|Any CPU
		{191B2B91-D5FD-4138-A72A-AB0B149988C6}.Test|x86.Build.0 = Release|Any CPU
		{BDA1CD69-624B-4D9D-9B88-ACBEB14AC471}.Debug|Any CPU.ActiveCfg = Debug|Any CPU
		{BDA1CD69-624B-4D9D-9B88-ACBEB14AC471}.Debug|Any CPU.Build.0 = Debug|Any CPU
		{BDA1CD69-624B-4D9D-9B88-ACBEB14AC471}.Debug|x64.ActiveCfg = Debug|Any CPU
		{BDA1CD69-624B-4D9D-9B88-ACBEB14AC471}.Debug|x64.Build.0 = Debug|Any CPU
		{BDA1CD69-624B-4D9D-9B88-ACBEB14AC471}.Debug|x86.ActiveCfg = Debug|Any CPU
		{BDA1CD69-624B-4D9D-9B88-ACBEB14AC471}.Debug|x86.Build.0 = Debug|Any CPU
		{BDA1CD69-624B-4D9D-9B88-ACBEB14AC471}.Release|Any CPU.ActiveCfg = Release|Any CPU
		{BDA1CD69-624B-4D9D-9B88-ACBEB14AC471}.Release|Any CPU.Build.0 = Release|Any CPU
		{BDA1CD69-624B-4D9D-9B88-ACBEB14AC471}.Release|x64.ActiveCfg = Release|Any CPU
		{BDA1CD69-624B-4D9D-9B88-ACBEB14AC471}.Release|x64.Build.0 = Release|Any CPU
		{BDA1CD69-624B-4D9D-9B88-ACBEB14AC471}.Release|x86.ActiveCfg = Release|Any CPU
		{BDA1CD69-624B-4D9D-9B88-ACBEB14AC471}.Release|x86.Build.0 = Release|Any CPU
		{BDA1CD69-624B-4D9D-9B88-ACBEB14AC471}.Test|Any CPU.ActiveCfg = Release|Any CPU
		{BDA1CD69-624B-4D9D-9B88-ACBEB14AC471}.Test|Any CPU.Build.0 = Release|Any CPU
		{BDA1CD69-624B-4D9D-9B88-ACBEB14AC471}.Test|x64.ActiveCfg = Release|Any CPU
		{BDA1CD69-624B-4D9D-9B88-ACBEB14AC471}.Test|x64.Build.0 = Release|Any CPU
		{BDA1CD69-624B-4D9D-9B88-ACBEB14AC471}.Test|x86.ActiveCfg = Release|Any CPU
		{BDA1CD69-624B-4D9D-9B88-ACBEB14AC471}.Test|x86.Build.0 = Release|Any CPU
		{40ADFD6A-64EA-4C77-9D4B-3A91D6AB76B4}.Debug|Any CPU.ActiveCfg = Debug|Any CPU
		{40ADFD6A-64EA-4C77-9D4B-3A91D6AB76B4}.Debug|Any CPU.Build.0 = Debug|Any CPU
		{40ADFD6A-64EA-4C77-9D4B-3A91D6AB76B4}.Debug|x64.ActiveCfg = Debug|Any CPU
		{40ADFD6A-64EA-4C77-9D4B-3A91D6AB76B4}.Debug|x64.Build.0 = Debug|Any CPU
		{40ADFD6A-64EA-4C77-9D4B-3A91D6AB76B4}.Debug|x86.ActiveCfg = Debug|Any CPU
		{40ADFD6A-64EA-4C77-9D4B-3A91D6AB76B4}.Debug|x86.Build.0 = Debug|Any CPU
		{40ADFD6A-64EA-4C77-9D4B-3A91D6AB76B4}.Release|Any CPU.ActiveCfg = Release|Any CPU
		{40ADFD6A-64EA-4C77-9D4B-3A91D6AB76B4}.Release|Any CPU.Build.0 = Release|Any CPU
		{40ADFD6A-64EA-4C77-9D4B-3A91D6AB76B4}.Release|x64.ActiveCfg = Release|Any CPU
		{40ADFD6A-64EA-4C77-9D4B-3A91D6AB76B4}.Release|x64.Build.0 = Release|Any CPU
		{40ADFD6A-64EA-4C77-9D4B-3A91D6AB76B4}.Release|x86.ActiveCfg = Release|Any CPU
		{40ADFD6A-64EA-4C77-9D4B-3A91D6AB76B4}.Release|x86.Build.0 = Release|Any CPU
		{40ADFD6A-64EA-4C77-9D4B-3A91D6AB76B4}.Test|Any CPU.ActiveCfg = Release|Any CPU
		{40ADFD6A-64EA-4C77-9D4B-3A91D6AB76B4}.Test|Any CPU.Build.0 = Release|Any CPU
		{40ADFD6A-64EA-4C77-9D4B-3A91D6AB76B4}.Test|x64.ActiveCfg = Release|Any CPU
		{40ADFD6A-64EA-4C77-9D4B-3A91D6AB76B4}.Test|x64.Build.0 = Release|Any CPU
		{40ADFD6A-64EA-4C77-9D4B-3A91D6AB76B4}.Test|x86.ActiveCfg = Release|Any CPU
		{40ADFD6A-64EA-4C77-9D4B-3A91D6AB76B4}.Test|x86.Build.0 = Release|Any CPU
		{20055427-1352-44FB-8442-BF7F15F9C59E}.Debug|Any CPU.ActiveCfg = Debug|Any CPU
		{20055427-1352-44FB-8442-BF7F15F9C59E}.Debug|Any CPU.Build.0 = Debug|Any CPU
		{20055427-1352-44FB-8442-BF7F15F9C59E}.Debug|x64.ActiveCfg = Debug|Any CPU
		{20055427-1352-44FB-8442-BF7F15F9C59E}.Debug|x64.Build.0 = Debug|Any CPU
		{20055427-1352-44FB-8442-BF7F15F9C59E}.Debug|x86.ActiveCfg = Debug|Any CPU
		{20055427-1352-44FB-8442-BF7F15F9C59E}.Debug|x86.Build.0 = Debug|Any CPU
		{20055427-1352-44FB-8442-BF7F15F9C59E}.Release|Any CPU.ActiveCfg = Release|Any CPU
		{20055427-1352-44FB-8442-BF7F15F9C59E}.Release|Any CPU.Build.0 = Release|Any CPU
		{20055427-1352-44FB-8442-BF7F15F9C59E}.Release|x64.ActiveCfg = Release|Any CPU
		{20055427-1352-44FB-8442-BF7F15F9C59E}.Release|x64.Build.0 = Release|Any CPU
		{20055427-1352-44FB-8442-BF7F15F9C59E}.Release|x86.ActiveCfg = Release|Any CPU
		{20055427-1352-44FB-8442-BF7F15F9C59E}.Release|x86.Build.0 = Release|Any CPU
		{20055427-1352-44FB-8442-BF7F15F9C59E}.Test|Any CPU.ActiveCfg = Release|Any CPU
		{20055427-1352-44FB-8442-BF7F15F9C59E}.Test|Any CPU.Build.0 = Release|Any CPU
		{20055427-1352-44FB-8442-BF7F15F9C59E}.Test|x64.ActiveCfg = Release|Any CPU
		{20055427-1352-44FB-8442-BF7F15F9C59E}.Test|x64.Build.0 = Release|Any CPU
		{20055427-1352-44FB-8442-BF7F15F9C59E}.Test|x86.ActiveCfg = Release|Any CPU
		{20055427-1352-44FB-8442-BF7F15F9C59E}.Test|x86.Build.0 = Release|Any CPU
		{F7407750-5F72-460F-9C53-27CF509A39B1}.Debug|Any CPU.ActiveCfg = Debug|Any CPU
		{F7407750-5F72-460F-9C53-27CF509A39B1}.Debug|Any CPU.Build.0 = Debug|Any CPU
		{F7407750-5F72-460F-9C53-27CF509A39B1}.Debug|x64.ActiveCfg = Debug|Any CPU
		{F7407750-5F72-460F-9C53-27CF509A39B1}.Debug|x64.Build.0 = Debug|Any CPU
		{F7407750-5F72-460F-9C53-27CF509A39B1}.Debug|x86.ActiveCfg = Debug|Any CPU
		{F7407750-5F72-460F-9C53-27CF509A39B1}.Debug|x86.Build.0 = Debug|Any CPU
		{F7407750-5F72-460F-9C53-27CF509A39B1}.Release|Any CPU.ActiveCfg = Release|Any CPU
		{F7407750-5F72-460F-9C53-27CF509A39B1}.Release|Any CPU.Build.0 = Release|Any CPU
		{F7407750-5F72-460F-9C53-27CF509A39B1}.Release|x64.ActiveCfg = Release|Any CPU
		{F7407750-5F72-460F-9C53-27CF509A39B1}.Release|x64.Build.0 = Release|Any CPU
		{F7407750-5F72-460F-9C53-27CF509A39B1}.Release|x86.ActiveCfg = Release|Any CPU
		{F7407750-5F72-460F-9C53-27CF509A39B1}.Release|x86.Build.0 = Release|Any CPU
		{F7407750-5F72-460F-9C53-27CF509A39B1}.Test|Any CPU.ActiveCfg = Release|Any CPU
		{F7407750-5F72-460F-9C53-27CF509A39B1}.Test|Any CPU.Build.0 = Release|Any CPU
		{F7407750-5F72-460F-9C53-27CF509A39B1}.Test|x64.ActiveCfg = Release|Any CPU
		{F7407750-5F72-460F-9C53-27CF509A39B1}.Test|x64.Build.0 = Release|Any CPU
		{F7407750-5F72-460F-9C53-27CF509A39B1}.Test|x86.ActiveCfg = Release|Any CPU
		{F7407750-5F72-460F-9C53-27CF509A39B1}.Test|x86.Build.0 = Release|Any CPU
		{F2166B59-E41B-4328-B31D-9E2B9AC5A59C}.Debug|Any CPU.ActiveCfg = Debug|Any CPU
		{F2166B59-E41B-4328-B31D-9E2B9AC5A59C}.Debug|Any CPU.Build.0 = Debug|Any CPU
		{F2166B59-E41B-4328-B31D-9E2B9AC5A59C}.Debug|x64.ActiveCfg = Debug|Any CPU
		{F2166B59-E41B-4328-B31D-9E2B9AC5A59C}.Debug|x64.Build.0 = Debug|Any CPU
		{F2166B59-E41B-4328-B31D-9E2B9AC5A59C}.Debug|x86.ActiveCfg = Debug|Any CPU
		{F2166B59-E41B-4328-B31D-9E2B9AC5A59C}.Debug|x86.Build.0 = Debug|Any CPU
		{F2166B59-E41B-4328-B31D-9E2B9AC5A59C}.Release|Any CPU.ActiveCfg = Release|Any CPU
		{F2166B59-E41B-4328-B31D-9E2B9AC5A59C}.Release|Any CPU.Build.0 = Release|Any CPU
		{F2166B59-E41B-4328-B31D-9E2B9AC5A59C}.Release|x64.ActiveCfg = Release|Any CPU
		{F2166B59-E41B-4328-B31D-9E2B9AC5A59C}.Release|x64.Build.0 = Release|Any CPU
		{F2166B59-E41B-4328-B31D-9E2B9AC5A59C}.Release|x86.ActiveCfg = Release|Any CPU
		{F2166B59-E41B-4328-B31D-9E2B9AC5A59C}.Release|x86.Build.0 = Release|Any CPU
		{F2166B59-E41B-4328-B31D-9E2B9AC5A59C}.Test|Any CPU.ActiveCfg = Release|Any CPU
		{F2166B59-E41B-4328-B31D-9E2B9AC5A59C}.Test|Any CPU.Build.0 = Release|Any CPU
		{F2166B59-E41B-4328-B31D-9E2B9AC5A59C}.Test|x64.ActiveCfg = Release|Any CPU
		{F2166B59-E41B-4328-B31D-9E2B9AC5A59C}.Test|x64.Build.0 = Release|Any CPU
		{F2166B59-E41B-4328-B31D-9E2B9AC5A59C}.Test|x86.ActiveCfg = Release|Any CPU
		{F2166B59-E41B-4328-B31D-9E2B9AC5A59C}.Test|x86.Build.0 = Release|Any CPU
		{B12702AD-ABFB-343A-A199-8E24837244A3}.Debug|Any CPU.ActiveCfg = Debug|Win32
		{B12702AD-ABFB-343A-A199-8E24837244A3}.Debug|Any CPU.Build.0 = Debug|Win32
		{B12702AD-ABFB-343A-A199-8E24837244A3}.Debug|x64.ActiveCfg = Debug|Win32
		{B12702AD-ABFB-343A-A199-8E24837244A3}.Debug|x86.ActiveCfg = Debug|Win32
		{B12702AD-ABFB-343A-A199-8E24837244A3}.Debug|x86.Build.0 = Debug|Win32
		{B12702AD-ABFB-343A-A199-8E24837244A3}.Release|Any CPU.ActiveCfg = Release|Win32
		{B12702AD-ABFB-343A-A199-8E24837244A3}.Release|Any CPU.Build.0 = Release|Win32
		{B12702AD-ABFB-343A-A199-8E24837244A3}.Release|x64.ActiveCfg = Release|Win32
		{B12702AD-ABFB-343A-A199-8E24837244A3}.Release|x86.ActiveCfg = Release|Win32
		{B12702AD-ABFB-343A-A199-8E24837244A3}.Release|x86.Build.0 = Release|Win32
		{B12702AD-ABFB-343A-A199-8E24837244A3}.Test|Any CPU.ActiveCfg = Release|Win32
		{B12702AD-ABFB-343A-A199-8E24837244A3}.Test|Any CPU.Build.0 = Release|Win32
		{B12702AD-ABFB-343A-A199-8E24837244A3}.Test|x64.ActiveCfg = Release|Win32
		{B12702AD-ABFB-343A-A199-8E24837244A3}.Test|x86.ActiveCfg = Release|Win32
		{B12702AD-ABFB-343A-A199-8E24837244A3}.Test|x86.Build.0 = Release|Win32
		{0BDF77D1-4705-402C-8E58-F0D4D2679C08}.Debug|Any CPU.ActiveCfg = Debug|Any CPU
		{0BDF77D1-4705-402C-8E58-F0D4D2679C08}.Debug|Any CPU.Build.0 = Debug|Any CPU
		{0BDF77D1-4705-402C-8E58-F0D4D2679C08}.Debug|x64.ActiveCfg = Debug|Any CPU
		{0BDF77D1-4705-402C-8E58-F0D4D2679C08}.Debug|x64.Build.0 = Debug|Any CPU
		{0BDF77D1-4705-402C-8E58-F0D4D2679C08}.Debug|x86.ActiveCfg = Debug|Any CPU
		{0BDF77D1-4705-402C-8E58-F0D4D2679C08}.Debug|x86.Build.0 = Debug|Any CPU
		{0BDF77D1-4705-402C-8E58-F0D4D2679C08}.Release|Any CPU.ActiveCfg = Release|Any CPU
		{0BDF77D1-4705-402C-8E58-F0D4D2679C08}.Release|Any CPU.Build.0 = Release|Any CPU
		{0BDF77D1-4705-402C-8E58-F0D4D2679C08}.Release|x64.ActiveCfg = Release|Any CPU
		{0BDF77D1-4705-402C-8E58-F0D4D2679C08}.Release|x64.Build.0 = Release|Any CPU
		{0BDF77D1-4705-402C-8E58-F0D4D2679C08}.Release|x86.ActiveCfg = Release|Any CPU
		{0BDF77D1-4705-402C-8E58-F0D4D2679C08}.Release|x86.Build.0 = Release|Any CPU
		{0BDF77D1-4705-402C-8E58-F0D4D2679C08}.Test|Any CPU.ActiveCfg = Release|Any CPU
		{0BDF77D1-4705-402C-8E58-F0D4D2679C08}.Test|Any CPU.Build.0 = Release|Any CPU
		{0BDF77D1-4705-402C-8E58-F0D4D2679C08}.Test|x64.ActiveCfg = Release|Any CPU
		{0BDF77D1-4705-402C-8E58-F0D4D2679C08}.Test|x64.Build.0 = Release|Any CPU
		{0BDF77D1-4705-402C-8E58-F0D4D2679C08}.Test|x86.ActiveCfg = Release|Any CPU
		{0BDF77D1-4705-402C-8E58-F0D4D2679C08}.Test|x86.Build.0 = Release|Any CPU
		{D574EFED-5E19-45BE-9B05-310F65065303}.Debug|Any CPU.ActiveCfg = Debug|Any CPU
		{D574EFED-5E19-45BE-9B05-310F65065303}.Debug|Any CPU.Build.0 = Debug|Any CPU
		{D574EFED-5E19-45BE-9B05-310F65065303}.Debug|x64.ActiveCfg = Debug|Any CPU
		{D574EFED-5E19-45BE-9B05-310F65065303}.Debug|x64.Build.0 = Debug|Any CPU
		{D574EFED-5E19-45BE-9B05-310F65065303}.Debug|x86.ActiveCfg = Debug|Any CPU
		{D574EFED-5E19-45BE-9B05-310F65065303}.Debug|x86.Build.0 = Debug|Any CPU
		{D574EFED-5E19-45BE-9B05-310F65065303}.Release|Any CPU.ActiveCfg = Release|Any CPU
		{D574EFED-5E19-45BE-9B05-310F65065303}.Release|x64.ActiveCfg = Release|Any CPU
		{D574EFED-5E19-45BE-9B05-310F65065303}.Release|x86.ActiveCfg = Release|Any CPU
		{D574EFED-5E19-45BE-9B05-310F65065303}.Test|Any CPU.ActiveCfg = Release|Any CPU
		{D574EFED-5E19-45BE-9B05-310F65065303}.Test|Any CPU.Build.0 = Release|Any CPU
		{D574EFED-5E19-45BE-9B05-310F65065303}.Test|x64.ActiveCfg = Release|Any CPU
		{D574EFED-5E19-45BE-9B05-310F65065303}.Test|x64.Build.0 = Release|Any CPU
		{D574EFED-5E19-45BE-9B05-310F65065303}.Test|x86.ActiveCfg = Release|Any CPU
		{D574EFED-5E19-45BE-9B05-310F65065303}.Test|x86.Build.0 = Release|Any CPU
		{48A50432-6BDF-4DE2-A3AD-3A237D31E49D}.Debug|Any CPU.ActiveCfg = Debug|Any CPU
		{48A50432-6BDF-4DE2-A3AD-3A237D31E49D}.Debug|Any CPU.Build.0 = Debug|Any CPU
		{48A50432-6BDF-4DE2-A3AD-3A237D31E49D}.Debug|x64.ActiveCfg = Debug|Any CPU
		{48A50432-6BDF-4DE2-A3AD-3A237D31E49D}.Debug|x64.Build.0 = Debug|Any CPU
		{48A50432-6BDF-4DE2-A3AD-3A237D31E49D}.Debug|x86.ActiveCfg = Debug|Any CPU
		{48A50432-6BDF-4DE2-A3AD-3A237D31E49D}.Debug|x86.Build.0 = Debug|Any CPU
		{48A50432-6BDF-4DE2-A3AD-3A237D31E49D}.Release|Any CPU.ActiveCfg = Release|Any CPU
		{48A50432-6BDF-4DE2-A3AD-3A237D31E49D}.Release|x64.ActiveCfg = Release|Any CPU
		{48A50432-6BDF-4DE2-A3AD-3A237D31E49D}.Release|x86.ActiveCfg = Release|Any CPU
		{48A50432-6BDF-4DE2-A3AD-3A237D31E49D}.Test|Any CPU.ActiveCfg = Release|Any CPU
		{48A50432-6BDF-4DE2-A3AD-3A237D31E49D}.Test|Any CPU.Build.0 = Release|Any CPU
		{48A50432-6BDF-4DE2-A3AD-3A237D31E49D}.Test|x64.ActiveCfg = Release|Any CPU
		{48A50432-6BDF-4DE2-A3AD-3A237D31E49D}.Test|x64.Build.0 = Release|Any CPU
		{48A50432-6BDF-4DE2-A3AD-3A237D31E49D}.Test|x86.ActiveCfg = Release|Any CPU
		{48A50432-6BDF-4DE2-A3AD-3A237D31E49D}.Test|x86.Build.0 = Release|Any CPU
		{12857847-9877-466C-B056-DD286A219093}.Debug|Any CPU.ActiveCfg = Debug|x64
		{12857847-9877-466C-B056-DD286A219093}.Debug|Any CPU.Build.0 = Debug|x64
		{12857847-9877-466C-B056-DD286A219093}.Debug|x64.ActiveCfg = Debug|x64
		{12857847-9877-466C-B056-DD286A219093}.Debug|x64.Build.0 = Debug|x64
		{12857847-9877-466C-B056-DD286A219093}.Debug|x86.ActiveCfg = Debug|x64
		{12857847-9877-466C-B056-DD286A219093}.Release|Any CPU.ActiveCfg = Release|x64
		{12857847-9877-466C-B056-DD286A219093}.Release|x64.ActiveCfg = Release|x64
		{12857847-9877-466C-B056-DD286A219093}.Release|x86.ActiveCfg = Release|x64
		{12857847-9877-466C-B056-DD286A219093}.Test|Any CPU.ActiveCfg = Release|x64
		{12857847-9877-466C-B056-DD286A219093}.Test|Any CPU.Build.0 = Release|x64
		{12857847-9877-466C-B056-DD286A219093}.Test|x64.ActiveCfg = Release|x64
		{12857847-9877-466C-B056-DD286A219093}.Test|x64.Build.0 = Release|x64
		{12857847-9877-466C-B056-DD286A219093}.Test|x86.ActiveCfg = Release|x64
		{4833E4C7-FFFF-4DA5-A7A5-36C6C3840F16}.Debug|Any CPU.ActiveCfg = Debug|Any CPU
		{4833E4C7-FFFF-4DA5-A7A5-36C6C3840F16}.Debug|Any CPU.Build.0 = Debug|Any CPU
		{4833E4C7-FFFF-4DA5-A7A5-36C6C3840F16}.Debug|x64.ActiveCfg = Debug|Any CPU
		{4833E4C7-FFFF-4DA5-A7A5-36C6C3840F16}.Debug|x64.Build.0 = Debug|Any CPU
		{4833E4C7-FFFF-4DA5-A7A5-36C6C3840F16}.Debug|x86.ActiveCfg = Debug|Any CPU
		{4833E4C7-FFFF-4DA5-A7A5-36C6C3840F16}.Debug|x86.Build.0 = Debug|Any CPU
		{4833E4C7-FFFF-4DA5-A7A5-36C6C3840F16}.Release|Any CPU.ActiveCfg = Release|Any CPU
		{4833E4C7-FFFF-4DA5-A7A5-36C6C3840F16}.Release|Any CPU.Build.0 = Release|Any CPU
		{4833E4C7-FFFF-4DA5-A7A5-36C6C3840F16}.Release|x64.ActiveCfg = Release|Any CPU
		{4833E4C7-FFFF-4DA5-A7A5-36C6C3840F16}.Release|x64.Build.0 = Release|Any CPU
		{4833E4C7-FFFF-4DA5-A7A5-36C6C3840F16}.Release|x86.ActiveCfg = Release|Any CPU
		{4833E4C7-FFFF-4DA5-A7A5-36C6C3840F16}.Release|x86.Build.0 = Release|Any CPU
		{4833E4C7-FFFF-4DA5-A7A5-36C6C3840F16}.Test|Any CPU.ActiveCfg = Release|Any CPU
		{4833E4C7-FFFF-4DA5-A7A5-36C6C3840F16}.Test|Any CPU.Build.0 = Release|Any CPU
		{4833E4C7-FFFF-4DA5-A7A5-36C6C3840F16}.Test|x64.ActiveCfg = Release|Any CPU
		{4833E4C7-FFFF-4DA5-A7A5-36C6C3840F16}.Test|x64.Build.0 = Release|Any CPU
		{4833E4C7-FFFF-4DA5-A7A5-36C6C3840F16}.Test|x86.ActiveCfg = Release|Any CPU
		{4833E4C7-FFFF-4DA5-A7A5-36C6C3840F16}.Test|x86.Build.0 = Release|Any CPU
		{DC1AE91B-45CE-4C5B-8F77-CDB58566038F}.Debug|Any CPU.ActiveCfg = Debug|Any CPU
		{DC1AE91B-45CE-4C5B-8F77-CDB58566038F}.Debug|Any CPU.Build.0 = Debug|Any CPU
		{DC1AE91B-45CE-4C5B-8F77-CDB58566038F}.Debug|x64.ActiveCfg = Debug|Any CPU
		{DC1AE91B-45CE-4C5B-8F77-CDB58566038F}.Debug|x64.Build.0 = Debug|Any CPU
		{DC1AE91B-45CE-4C5B-8F77-CDB58566038F}.Debug|x86.ActiveCfg = Debug|Any CPU
		{DC1AE91B-45CE-4C5B-8F77-CDB58566038F}.Debug|x86.Build.0 = Debug|Any CPU
		{DC1AE91B-45CE-4C5B-8F77-CDB58566038F}.Release|Any CPU.ActiveCfg = Release|Any CPU
		{DC1AE91B-45CE-4C5B-8F77-CDB58566038F}.Release|Any CPU.Build.0 = Release|Any CPU
		{DC1AE91B-45CE-4C5B-8F77-CDB58566038F}.Release|x64.ActiveCfg = Release|Any CPU
		{DC1AE91B-45CE-4C5B-8F77-CDB58566038F}.Release|x64.Build.0 = Release|Any CPU
		{DC1AE91B-45CE-4C5B-8F77-CDB58566038F}.Release|x86.ActiveCfg = Release|Any CPU
		{DC1AE91B-45CE-4C5B-8F77-CDB58566038F}.Release|x86.Build.0 = Release|Any CPU
		{DC1AE91B-45CE-4C5B-8F77-CDB58566038F}.Test|Any CPU.ActiveCfg = Release|Any CPU
		{DC1AE91B-45CE-4C5B-8F77-CDB58566038F}.Test|Any CPU.Build.0 = Release|Any CPU
		{DC1AE91B-45CE-4C5B-8F77-CDB58566038F}.Test|x64.ActiveCfg = Release|Any CPU
		{DC1AE91B-45CE-4C5B-8F77-CDB58566038F}.Test|x64.Build.0 = Release|Any CPU
		{DC1AE91B-45CE-4C5B-8F77-CDB58566038F}.Test|x86.ActiveCfg = Release|Any CPU
		{DC1AE91B-45CE-4C5B-8F77-CDB58566038F}.Test|x86.Build.0 = Release|Any CPU
		{7AF6C34B-65D2-4010-92F6-420E59DDE9BF}.Debug|Any CPU.ActiveCfg = Debug|Any CPU
		{7AF6C34B-65D2-4010-92F6-420E59DDE9BF}.Debug|Any CPU.Build.0 = Debug|Any CPU
		{7AF6C34B-65D2-4010-92F6-420E59DDE9BF}.Debug|x64.ActiveCfg = Debug|Any CPU
		{7AF6C34B-65D2-4010-92F6-420E59DDE9BF}.Debug|x64.Build.0 = Debug|Any CPU
		{7AF6C34B-65D2-4010-92F6-420E59DDE9BF}.Debug|x86.ActiveCfg = Debug|Any CPU
		{7AF6C34B-65D2-4010-92F6-420E59DDE9BF}.Debug|x86.Build.0 = Debug|Any CPU
		{7AF6C34B-65D2-4010-92F6-420E59DDE9BF}.Release|Any CPU.ActiveCfg = Release|Any CPU
		{7AF6C34B-65D2-4010-92F6-420E59DDE9BF}.Release|Any CPU.Build.0 = Release|Any CPU
		{7AF6C34B-65D2-4010-92F6-420E59DDE9BF}.Release|x64.ActiveCfg = Release|Any CPU
		{7AF6C34B-65D2-4010-92F6-420E59DDE9BF}.Release|x64.Build.0 = Release|Any CPU
		{7AF6C34B-65D2-4010-92F6-420E59DDE9BF}.Release|x86.ActiveCfg = Release|Any CPU
		{7AF6C34B-65D2-4010-92F6-420E59DDE9BF}.Release|x86.Build.0 = Release|Any CPU
		{7AF6C34B-65D2-4010-92F6-420E59DDE9BF}.Test|Any CPU.ActiveCfg = Release|Any CPU
		{7AF6C34B-65D2-4010-92F6-420E59DDE9BF}.Test|Any CPU.Build.0 = Release|Any CPU
		{7AF6C34B-65D2-4010-92F6-420E59DDE9BF}.Test|x64.ActiveCfg = Release|Any CPU
		{7AF6C34B-65D2-4010-92F6-420E59DDE9BF}.Test|x64.Build.0 = Release|Any CPU
		{7AF6C34B-65D2-4010-92F6-420E59DDE9BF}.Test|x86.ActiveCfg = Release|Any CPU
		{7AF6C34B-65D2-4010-92F6-420E59DDE9BF}.Test|x86.Build.0 = Release|Any CPU
		{4CEE73C9-FCFA-3A72-A0A3-036BDBB3240F}.Debug|Any CPU.ActiveCfg = Debug|Win32
		{4CEE73C9-FCFA-3A72-A0A3-036BDBB3240F}.Debug|Any CPU.Build.0 = Debug|Win32
		{4CEE73C9-FCFA-3A72-A0A3-036BDBB3240F}.Debug|x64.ActiveCfg = Debug|Win32
		{4CEE73C9-FCFA-3A72-A0A3-036BDBB3240F}.Debug|x86.ActiveCfg = Debug|Win32
		{4CEE73C9-FCFA-3A72-A0A3-036BDBB3240F}.Debug|x86.Build.0 = Debug|Win32
		{4CEE73C9-FCFA-3A72-A0A3-036BDBB3240F}.Release|Any CPU.ActiveCfg = Release|Win32
		{4CEE73C9-FCFA-3A72-A0A3-036BDBB3240F}.Release|Any CPU.Build.0 = Release|Win32
		{4CEE73C9-FCFA-3A72-A0A3-036BDBB3240F}.Release|x64.ActiveCfg = Release|Win32
		{4CEE73C9-FCFA-3A72-A0A3-036BDBB3240F}.Release|x86.ActiveCfg = Release|Win32
		{4CEE73C9-FCFA-3A72-A0A3-036BDBB3240F}.Release|x86.Build.0 = Release|Win32
		{4CEE73C9-FCFA-3A72-A0A3-036BDBB3240F}.Test|Any CPU.ActiveCfg = Release|Win32
		{4CEE73C9-FCFA-3A72-A0A3-036BDBB3240F}.Test|Any CPU.Build.0 = Release|Win32
		{4CEE73C9-FCFA-3A72-A0A3-036BDBB3240F}.Test|x64.ActiveCfg = Release|Win32
		{4CEE73C9-FCFA-3A72-A0A3-036BDBB3240F}.Test|x86.ActiveCfg = Release|Win32
		{4CEE73C9-FCFA-3A72-A0A3-036BDBB3240F}.Test|x86.Build.0 = Release|Win32
		{70711A97-D9B0-3A86-9756-9FF47337908B}.Debug|Any CPU.ActiveCfg = Debug|Win32
		{70711A97-D9B0-3A86-9756-9FF47337908B}.Debug|Any CPU.Build.0 = Debug|Win32
		{70711A97-D9B0-3A86-9756-9FF47337908B}.Debug|x64.ActiveCfg = Debug|Win32
		{70711A97-D9B0-3A86-9756-9FF47337908B}.Debug|x86.ActiveCfg = Debug|Win32
		{70711A97-D9B0-3A86-9756-9FF47337908B}.Debug|x86.Build.0 = Debug|Win32
		{70711A97-D9B0-3A86-9756-9FF47337908B}.Release|Any CPU.ActiveCfg = Release|Win32
		{70711A97-D9B0-3A86-9756-9FF47337908B}.Release|Any CPU.Build.0 = Release|Win32
		{70711A97-D9B0-3A86-9756-9FF47337908B}.Release|x64.ActiveCfg = Release|Win32
		{70711A97-D9B0-3A86-9756-9FF47337908B}.Release|x86.ActiveCfg = Release|Win32
		{70711A97-D9B0-3A86-9756-9FF47337908B}.Release|x86.Build.0 = Release|Win32
		{70711A97-D9B0-3A86-9756-9FF47337908B}.Test|Any CPU.ActiveCfg = Release|Win32
		{70711A97-D9B0-3A86-9756-9FF47337908B}.Test|Any CPU.Build.0 = Release|Win32
		{70711A97-D9B0-3A86-9756-9FF47337908B}.Test|x64.ActiveCfg = Release|Win32
		{70711A97-D9B0-3A86-9756-9FF47337908B}.Test|x86.ActiveCfg = Release|Win32
		{70711A97-D9B0-3A86-9756-9FF47337908B}.Test|x86.Build.0 = Release|Win32
		{C461C580-37A5-4B37-8A7B-10C8E1D3C5B5}.Debug|Any CPU.ActiveCfg = Debug|Any CPU
		{C461C580-37A5-4B37-8A7B-10C8E1D3C5B5}.Debug|Any CPU.Build.0 = Debug|Any CPU
		{C461C580-37A5-4B37-8A7B-10C8E1D3C5B5}.Debug|x64.ActiveCfg = Debug|Any CPU
		{C461C580-37A5-4B37-8A7B-10C8E1D3C5B5}.Debug|x64.Build.0 = Debug|Any CPU
		{C461C580-37A5-4B37-8A7B-10C8E1D3C5B5}.Debug|x86.ActiveCfg = Debug|Any CPU
		{C461C580-37A5-4B37-8A7B-10C8E1D3C5B5}.Debug|x86.Build.0 = Debug|Any CPU
		{C461C580-37A5-4B37-8A7B-10C8E1D3C5B5}.Release|Any CPU.ActiveCfg = Release|Any CPU
		{C461C580-37A5-4B37-8A7B-10C8E1D3C5B5}.Release|Any CPU.Build.0 = Release|Any CPU
		{C461C580-37A5-4B37-8A7B-10C8E1D3C5B5}.Release|x64.ActiveCfg = Release|Any CPU
		{C461C580-37A5-4B37-8A7B-10C8E1D3C5B5}.Release|x64.Build.0 = Release|Any CPU
		{C461C580-37A5-4B37-8A7B-10C8E1D3C5B5}.Release|x86.ActiveCfg = Release|Any CPU
		{C461C580-37A5-4B37-8A7B-10C8E1D3C5B5}.Release|x86.Build.0 = Release|Any CPU
		{C461C580-37A5-4B37-8A7B-10C8E1D3C5B5}.Test|Any CPU.ActiveCfg = Release|Any CPU
		{C461C580-37A5-4B37-8A7B-10C8E1D3C5B5}.Test|Any CPU.Build.0 = Release|Any CPU
		{C461C580-37A5-4B37-8A7B-10C8E1D3C5B5}.Test|x64.ActiveCfg = Release|Any CPU
		{C461C580-37A5-4B37-8A7B-10C8E1D3C5B5}.Test|x64.Build.0 = Release|Any CPU
		{C461C580-37A5-4B37-8A7B-10C8E1D3C5B5}.Test|x86.ActiveCfg = Release|Any CPU
		{C461C580-37A5-4B37-8A7B-10C8E1D3C5B5}.Test|x86.Build.0 = Release|Any CPU
		{A5320606-37B8-4F15-97E2-16314109CAF9}.Debug|Any CPU.ActiveCfg = Debug|Any CPU
		{A5320606-37B8-4F15-97E2-16314109CAF9}.Debug|Any CPU.Build.0 = Debug|Any CPU
		{A5320606-37B8-4F15-97E2-16314109CAF9}.Debug|x64.ActiveCfg = Debug|Any CPU
		{A5320606-37B8-4F15-97E2-16314109CAF9}.Debug|x64.Build.0 = Debug|Any CPU
		{A5320606-37B8-4F15-97E2-16314109CAF9}.Debug|x86.ActiveCfg = Debug|Any CPU
		{A5320606-37B8-4F15-97E2-16314109CAF9}.Debug|x86.Build.0 = Debug|Any CPU
		{A5320606-37B8-4F15-97E2-16314109CAF9}.Release|Any CPU.ActiveCfg = Release|Any CPU
		{A5320606-37B8-4F15-97E2-16314109CAF9}.Release|x64.ActiveCfg = Release|Any CPU
		{A5320606-37B8-4F15-97E2-16314109CAF9}.Release|x86.ActiveCfg = Release|Any CPU
		{A5320606-37B8-4F15-97E2-16314109CAF9}.Test|Any CPU.ActiveCfg = Release|Any CPU
		{A5320606-37B8-4F15-97E2-16314109CAF9}.Test|Any CPU.Build.0 = Release|Any CPU
		{A5320606-37B8-4F15-97E2-16314109CAF9}.Test|x64.ActiveCfg = Release|Any CPU
		{A5320606-37B8-4F15-97E2-16314109CAF9}.Test|x64.Build.0 = Release|Any CPU
		{A5320606-37B8-4F15-97E2-16314109CAF9}.Test|x86.ActiveCfg = Release|Any CPU
		{A5320606-37B8-4F15-97E2-16314109CAF9}.Test|x86.Build.0 = Release|Any CPU
	EndGlobalSection
	GlobalSection(SolutionProperties) = preSolution
		HideSolutionNode = FALSE
	EndGlobalSection
	GlobalSection(NestedProjects) = preSolution
		{71E4F2B9-3628-45E2-A664-A2F6E3AAFE55} = {E5CE38AA-4083-438E-B1F7-DD2F0BDEBE47}
		{3E1F9741-01D3-480A-A484-3CD373AE4A7F} = {E5CE38AA-4083-438E-B1F7-DD2F0BDEBE47}
		{73C3DFB8-BD8A-4634-AAD5-DC71EDC37B98} = {E5CE38AA-4083-438E-B1F7-DD2F0BDEBE47}
		{191B1B91-D9FD-4138-A72A-AB0B149958C6} = {E5CE38AA-4083-438E-B1F7-DD2F0BDEBE47}
		{8AE9D385-A379-4F5F-A703-3DF643DA6742} = {E5CE38AA-4083-438E-B1F7-DD2F0BDEBE47}
		{191B2B91-D5FD-4138-A72A-AB0B149988C6} = {E5CE38AA-4083-438E-B1F7-DD2F0BDEBE47}
		{BDA1CD69-624B-4D9D-9B88-ACBEB14AC471} = {35B29B0F-0B9C-45EB-A8EF-2A8D3BF64B6F}
		{40ADFD6A-64EA-4C77-9D4B-3A91D6AB76B4} = {35B29B0F-0B9C-45EB-A8EF-2A8D3BF64B6F}
		{20055427-1352-44FB-8442-BF7F15F9C59E} = {35B29B0F-0B9C-45EB-A8EF-2A8D3BF64B6F}
		{F7407750-5F72-460F-9C53-27CF509A39B1} = {35B29B0F-0B9C-45EB-A8EF-2A8D3BF64B6F}
		{F2166B59-E41B-4328-B31D-9E2B9AC5A59C} = {35B29B0F-0B9C-45EB-A8EF-2A8D3BF64B6F}
		{B12702AD-ABFB-343A-A199-8E24837244A3} = {46B0F2DF-BE7A-45DD-AC92-183CC8678054}
		{D574EFED-5E19-45BE-9B05-310F65065303} = {3956AF5F-164C-4D38-B5B3-298D9250C193}
		{48A50432-6BDF-4DE2-A3AD-3A237D31E49D} = {06C8A2E6-A894-4DBA-9DFD-B8E5CB8A2B4F}
		{06C8A2E6-A894-4DBA-9DFD-B8E5CB8A2B4F} = {3956AF5F-164C-4D38-B5B3-298D9250C193}
		{12857847-9877-466C-B056-DD286A219093} = {3956AF5F-164C-4D38-B5B3-298D9250C193}
		{E5CE38AA-4083-438E-B1F7-DD2F0BDEBE47} = {D73514C8-019E-44FB-8D42-F1FD52C1FD72}
		{35B29B0F-0B9C-45EB-A8EF-2A8D3BF64B6F} = {D73514C8-019E-44FB-8D42-F1FD52C1FD72}
		{4833E4C7-FFFF-4DA5-A7A5-36C6C3840F16} = {E5CE38AA-4083-438E-B1F7-DD2F0BDEBE47}
		{DC1AE91B-45CE-4C5B-8F77-CDB58566038F} = {35B29B0F-0B9C-45EB-A8EF-2A8D3BF64B6F}
		{7AF6C34B-65D2-4010-92F6-420E59DDE9BF} = {35B29B0F-0B9C-45EB-A8EF-2A8D3BF64B6F}
		{4CEE73C9-FCFA-3A72-A0A3-036BDBB3240F} = {46B0F2DF-BE7A-45DD-AC92-183CC8678054}
		{70711A97-D9B0-3A86-9756-9FF47337908B} = {46B0F2DF-BE7A-45DD-AC92-183CC8678054}
		{A5320606-37B8-4F15-97E2-16314109CAF9} = {3956AF5F-164C-4D38-B5B3-298D9250C193}
	EndGlobalSection
	GlobalSection(ExtensibilityGlobals) = postSolution
		SolutionGuid = {EDED4DBD-13ED-475C-B6CE-30AB88EDA03D}
	EndGlobalSection
EndGlobal
