
Microsoft Visual Studio Solution File, Format Version 12.00
# Visual Studio 2013
VisualStudioVersion = 12.0.40629.0
MinimumVisualStudioVersion = 12.0.40629.0
Project("{2150E333-8FDC-42A3-9474-1A3956D46DE8}") = "Visualizer", "Visualizer", "{56BEEACF-C297-483D-9E64-C0A7C3B7680E}"
EndProject
Project("{2150E333-8FDC-42A3-9474-1A3956D46DE8}") = "Templates", "Templates", "{D73514C8-019E-44FB-8D42-F1FD52C1FD72}"
EndProject
Project("{FAE04EC0-301F-11D3-BF4B-00C04F79EFBC}") = "QtAppWrapper", "qtappwrapper\QtAppWrapper.csproj", "{6E591BB2-3C81-4AB5-B3B0-096045754C3A}"
EndProject
Project("{FAE04EC0-301F-11D3-BF4B-00C04F79EFBC}") = "QtArchiveGen", "qtarchivegen\QtArchiveGen.csproj", "{9B8DB88E-3805-492F-BF35-B83B7789C931}"
EndProject
Project("{FAE04EC0-301F-11D3-BF4B-00C04F79EFBC}") = "QtProjectLib", "qtprojectlib\QtProjectLib.csproj", "{FAA69518-2FEB-4954-9D2C-E7BD6121EA9C}"
EndProject
Project("{FAE04EC0-301F-11D3-BF4B-00C04F79EFBC}") = "QtVsTools", "qtvstools\QtVsTools.csproj", "{FD7A42DB-8692-4FBE-AC50-F70AF423275B}"
	ProjectSection(ProjectDependencies) = postProject
		{9B8DB88E-3805-492F-BF35-B83B7789C931} = {9B8DB88E-3805-492F-BF35-B83B7789C931}
	EndProjectSection
EndProject
Project("{FAE04EC0-301F-11D3-BF4B-00C04F79EFBC}") = "QtVsTools.Wizards", "qtwizard\QtVsTools.Wizards.csproj", "{244991B0-42AD-4324-B166-A26FB6E8CA5B}"
EndProject
Project("{FAE04EC0-301F-11D3-BF4B-00C04F79EFBC}") = "Console", "qttemplates\console\Console.csproj", "{71E4F2B9-3628-45E2-A664-A2F6E3AAFE55}"
	ProjectSection(ProjectDependencies) = postProject
		{244991B0-42AD-4324-B166-A26FB6E8CA5B} = {244991B0-42AD-4324-B166-A26FB6E8CA5B}
	EndProjectSection
EndProject
Project("{FAE04EC0-301F-11D3-BF4B-00C04F79EFBC}") = "Gui", "qttemplates\gui\Gui.csproj", "{3E1F9741-01D3-480A-A484-3CD373AE4A7F}"
	ProjectSection(ProjectDependencies) = postProject
		{244991B0-42AD-4324-B166-A26FB6E8CA5B} = {244991B0-42AD-4324-B166-A26FB6E8CA5B}
	EndProjectSection
EndProject
Project("{FAE04EC0-301F-11D3-BF4B-00C04F79EFBC}") = "Empty", "qttemplates\empty\Empty.csproj", "{73C3DFB8-BD8A-4634-AAD5-DC71EDC37B98}"
	ProjectSection(ProjectDependencies) = postProject
		{244991B0-42AD-4324-B166-A26FB6E8CA5B} = {244991B0-42AD-4324-B166-A26FB6E8CA5B}
	EndProjectSection
EndProject
Project("{FAE04EC0-301F-11D3-BF4B-00C04F79EFBC}") = "Lib", "qttemplates\lib\Lib.csproj", "{191B1B91-D9FD-4138-A72A-AB0B149958C6}"
	ProjectSection(ProjectDependencies) = postProject
		{244991B0-42AD-4324-B166-A26FB6E8CA5B} = {244991B0-42AD-4324-B166-A26FB6E8CA5B}
	EndProjectSection
EndProject
Project("{FAE04EC0-301F-11D3-BF4B-00C04F79EFBC}") = "Server", "qttemplates\server\Server.csproj", "{8AE9D385-A379-4F5F-A703-3DF643DA6742}"
	ProjectSection(ProjectDependencies) = postProject
		{244991B0-42AD-4324-B166-A26FB6E8CA5B} = {244991B0-42AD-4324-B166-A26FB6E8CA5B}
	EndProjectSection
EndProject
Project("{FAE04EC0-301F-11D3-BF4B-00C04F79EFBC}") = "Designer", "qttemplates\designer\Designer.csproj", "{191B2B91-D5FD-4138-A72A-AB0B149988C6}"
	ProjectSection(ProjectDependencies) = postProject
		{244991B0-42AD-4324-B166-A26FB6E8CA5B} = {244991B0-42AD-4324-B166-A26FB6E8CA5B}
	EndProjectSection
EndProject
Project("{FAE04EC0-301F-11D3-BF4B-00C04F79EFBC}") = "Resource", "qttemplates\resource\Resource.csproj", "{BDA1CD69-624B-4D9D-9B88-ACBEB14AC471}"
	ProjectSection(ProjectDependencies) = postProject
		{244991B0-42AD-4324-B166-A26FB6E8CA5B} = {244991B0-42AD-4324-B166-A26FB6E8CA5B}
	EndProjectSection
EndProject
Project("{FAE04EC0-301F-11D3-BF4B-00C04F79EFBC}") = "Widget", "qttemplates\widget\Widget.csproj", "{40ADFD6A-64EA-4C77-9D4B-3A91D6AB76B4}"
	ProjectSection(ProjectDependencies) = postProject
		{244991B0-42AD-4324-B166-A26FB6E8CA5B} = {244991B0-42AD-4324-B166-A26FB6E8CA5B}
	EndProjectSection
EndProject
Project("{FAE04EC0-301F-11D3-BF4B-00C04F79EFBC}") = "MainWindow", "qttemplates\mainwindow\MainWindow.csproj", "{20055427-1352-44FB-8442-BF7F15F9C59E}"
	ProjectSection(ProjectDependencies) = postProject
		{244991B0-42AD-4324-B166-A26FB6E8CA5B} = {244991B0-42AD-4324-B166-A26FB6E8CA5B}
	EndProjectSection
EndProject
Project("{FAE04EC0-301F-11D3-BF4B-00C04F79EFBC}") = "DialogButtonBottom", "qttemplates\dialogbuttonbottom\DialogButtonBottom.csproj", "{F7407750-5F72-460F-9C53-27CF509A39B1}"
	ProjectSection(ProjectDependencies) = postProject
		{244991B0-42AD-4324-B166-A26FB6E8CA5B} = {244991B0-42AD-4324-B166-A26FB6E8CA5B}
	EndProjectSection
EndProject
Project("{FAE04EC0-301F-11D3-BF4B-00C04F79EFBC}") = "DialogButtonRight", "qttemplates\dialogbuttonright\DialogButtonRight.csproj", "{F2166B59-E41B-4328-B31D-9E2B9AC5A59C}"
	ProjectSection(ProjectDependencies) = postProject
		{244991B0-42AD-4324-B166-A26FB6E8CA5B} = {244991B0-42AD-4324-B166-A26FB6E8CA5B}
	EndProjectSection
EndProject
Project("{2150E333-8FDC-42A3-9474-1A3956D46DE8}") = "Language", "Language", "{AE9DC593-DC68-45D2-9A96-E80A7CF3BA7F}"
EndProject
Project("{2150E333-8FDC-42A3-9474-1A3956D46DE8}") = "qt", "qt", "{62102FDD-016A-4FEC-B73C-808C7B1C7AA5}"
	ProjectSection(SolutionItems) = preProject
		qttmlanguage\qt\LICENSE = qttmlanguage\qt\LICENSE
		qttmlanguage\qt\pri.pro.tmLanguage = qttmlanguage\qt\pri.pro.tmLanguage
	EndProjectSection
EndProject
Project("{8BC9CEB8-8B4A-11D0-8D11-00A0C91BC942}") = "vsqml", "vsqml\vsqml.vcxproj", "{B12702AD-ABFB-343A-A199-8E24837244A3}"
EndProject
Project("{2150E333-8FDC-42A3-9474-1A3956D46DE8}") = "T4 Templates", "T4 Templates", "{24A01B54-CE41-4559-8418-0723F8DF723F}"
	ProjectSection(SolutionItems) = preProject
		common.tt = common.tt
		version.tt = version.tt
	EndProjectSection
EndProject
Project("{2150E333-8FDC-42A3-9474-1A3956D46DE8}") = "QtVSTools Version", "QtVSTools Version", "{8307D2C5-3736-4AED-9E65-330DA4C67EA3}"
	ProjectSection(SolutionItems) = preProject
		version.targets = version.targets
	EndProjectSection
EndProject
Project("{FAE04EC0-301F-11D3-BF4B-00C04F79EFBC}") = "QtVsTools.RegExpr", "QtVsTools.RegExpr\QtVsTools.RegExpr.csproj", "{0BDF77D1-4705-402C-8E58-F0D4D2679C08}"
EndProject
Project("{FAE04EC0-301F-11D3-BF4B-00C04F79EFBC}") = "Test_QtVsTools.RegExpr", "tests\Test_QtVsTools.RegExpr\Test_QtVsTools.RegExpr.csproj", "{D574EFED-5E19-45BE-9B05-310F65065303}"
EndProject
Project("{2150E333-8FDC-42A3-9474-1A3956D46DE8}") = "Tests", "Tests", "{3956AF5F-164C-4D38-B5B3-298D9250C193}"
EndProject
Project("{FAE04EC0-301F-11D3-BF4B-00C04F79EFBC}") = "QtVsTest", "QtVsTest\QtVsTest.csproj", "{48A50432-6BDF-4DE2-A3AD-3A237D31E49D}"
EndProject
Project("{2150E333-8FDC-42A3-9474-1A3956D46DE8}") = "Framework", "Framework", "{06C8A2E6-A894-4DBA-9DFD-B8E5CB8A2B4F}"
	ProjectSection(SolutionItems) = preProject
		qtvstest\MacroClient.h = qtvstest\MacroClient.h
	EndProjectSection
EndProject
Project("{8BC9CEB8-8B4A-11D0-8D11-00A0C91BC942}") = "CoreFeatures", "tests\CoreFeatures\CoreFeatures.vcxproj", "{12857847-9877-466C-B056-DD286A219093}"
EndProject
Project("{2150E333-8FDC-42A3-9474-1A3956D46DE8}") = "Project", "Project", "{E5CE38AA-4083-438E-B1F7-DD2F0BDEBE47}"
EndProject
Project("{2150E333-8FDC-42A3-9474-1A3956D46DE8}") = "Item", "Item", "{35B29B0F-0B9C-45EB-A8EF-2A8D3BF64B6F}"
EndProject
Global
	GlobalSection(SolutionConfigurationPlatforms) = preSolution
		Debug|Any CPU = Debug|Any CPU
		Debug|x64 = Debug|x64
		Debug|x86 = Debug|x86
		Release|Any CPU = Release|Any CPU
		Release|x64 = Release|x64
		Release|x86 = Release|x86
	EndGlobalSection
	GlobalSection(ProjectConfigurationPlatforms) = postSolution
		{6E591BB2-3C81-4AB5-B3B0-096045754C3A}.Debug|Any CPU.ActiveCfg = Debug|Any CPU
		{6E591BB2-3C81-4AB5-B3B0-096045754C3A}.Debug|Any CPU.Build.0 = Debug|Any CPU
		{6E591BB2-3C81-4AB5-B3B0-096045754C3A}.Debug|x64.ActiveCfg = Debug|Any CPU
		{6E591BB2-3C81-4AB5-B3B0-096045754C3A}.Debug|x64.Build.0 = Debug|Any CPU
		{6E591BB2-3C81-4AB5-B3B0-096045754C3A}.Debug|x86.ActiveCfg = Debug|Any CPU
		{6E591BB2-3C81-4AB5-B3B0-096045754C3A}.Debug|x86.Build.0 = Debug|Any CPU
		{6E591BB2-3C81-4AB5-B3B0-096045754C3A}.Release|Any CPU.ActiveCfg = Release|Any CPU
		{6E591BB2-3C81-4AB5-B3B0-096045754C3A}.Release|Any CPU.Build.0 = Release|Any CPU
		{6E591BB2-3C81-4AB5-B3B0-096045754C3A}.Release|x64.ActiveCfg = Release|Any CPU
		{6E591BB2-3C81-4AB5-B3B0-096045754C3A}.Release|x64.Build.0 = Release|Any CPU
		{6E591BB2-3C81-4AB5-B3B0-096045754C3A}.Release|x86.ActiveCfg = Release|Any CPU
		{6E591BB2-3C81-4AB5-B3B0-096045754C3A}.Release|x86.Build.0 = Release|Any CPU
		{9B8DB88E-3805-492F-BF35-B83B7789C931}.Debug|Any CPU.ActiveCfg = Debug|Any CPU
		{9B8DB88E-3805-492F-BF35-B83B7789C931}.Debug|Any CPU.Build.0 = Debug|Any CPU
		{9B8DB88E-3805-492F-BF35-B83B7789C931}.Debug|x64.ActiveCfg = Debug|Any CPU
		{9B8DB88E-3805-492F-BF35-B83B7789C931}.Debug|x64.Build.0 = Debug|Any CPU
		{9B8DB88E-3805-492F-BF35-B83B7789C931}.Debug|x86.ActiveCfg = Debug|Any CPU
		{9B8DB88E-3805-492F-BF35-B83B7789C931}.Debug|x86.Build.0 = Debug|Any CPU
		{9B8DB88E-3805-492F-BF35-B83B7789C931}.Release|Any CPU.ActiveCfg = Release|Any CPU
		{9B8DB88E-3805-492F-BF35-B83B7789C931}.Release|Any CPU.Build.0 = Release|Any CPU
		{9B8DB88E-3805-492F-BF35-B83B7789C931}.Release|x64.ActiveCfg = Release|Any CPU
		{9B8DB88E-3805-492F-BF35-B83B7789C931}.Release|x64.Build.0 = Release|Any CPU
		{9B8DB88E-3805-492F-BF35-B83B7789C931}.Release|x86.ActiveCfg = Release|Any CPU
		{9B8DB88E-3805-492F-BF35-B83B7789C931}.Release|x86.Build.0 = Release|Any CPU
		{FAA69518-2FEB-4954-9D2C-E7BD6121EA9C}.Debug|Any CPU.ActiveCfg = Debug|Any CPU
		{FAA69518-2FEB-4954-9D2C-E7BD6121EA9C}.Debug|Any CPU.Build.0 = Debug|Any CPU
		{FAA69518-2FEB-4954-9D2C-E7BD6121EA9C}.Debug|x64.ActiveCfg = Debug|Any CPU
		{FAA69518-2FEB-4954-9D2C-E7BD6121EA9C}.Debug|x64.Build.0 = Debug|Any CPU
		{FAA69518-2FEB-4954-9D2C-E7BD6121EA9C}.Debug|x86.ActiveCfg = Debug|Any CPU
		{FAA69518-2FEB-4954-9D2C-E7BD6121EA9C}.Debug|x86.Build.0 = Debug|Any CPU
		{FAA69518-2FEB-4954-9D2C-E7BD6121EA9C}.Release|Any CPU.ActiveCfg = Release|Any CPU
		{FAA69518-2FEB-4954-9D2C-E7BD6121EA9C}.Release|Any CPU.Build.0 = Release|Any CPU
		{FAA69518-2FEB-4954-9D2C-E7BD6121EA9C}.Release|x64.ActiveCfg = Release|Any CPU
		{FAA69518-2FEB-4954-9D2C-E7BD6121EA9C}.Release|x64.Build.0 = Release|Any CPU
		{FAA69518-2FEB-4954-9D2C-E7BD6121EA9C}.Release|x86.ActiveCfg = Release|Any CPU
		{FAA69518-2FEB-4954-9D2C-E7BD6121EA9C}.Release|x86.Build.0 = Release|Any CPU
		{FD7A42DB-8692-4FBE-AC50-F70AF423275B}.Debug|Any CPU.ActiveCfg = Debug|Any CPU
		{FD7A42DB-8692-4FBE-AC50-F70AF423275B}.Debug|Any CPU.Build.0 = Debug|Any CPU
		{FD7A42DB-8692-4FBE-AC50-F70AF423275B}.Debug|x64.ActiveCfg = Debug|Any CPU
		{FD7A42DB-8692-4FBE-AC50-F70AF423275B}.Debug|x64.Build.0 = Debug|Any CPU
		{FD7A42DB-8692-4FBE-AC50-F70AF423275B}.Debug|x86.ActiveCfg = Debug|Any CPU
		{FD7A42DB-8692-4FBE-AC50-F70AF423275B}.Debug|x86.Build.0 = Debug|Any CPU
		{FD7A42DB-8692-4FBE-AC50-F70AF423275B}.Release|Any CPU.ActiveCfg = Release|Any CPU
		{FD7A42DB-8692-4FBE-AC50-F70AF423275B}.Release|Any CPU.Build.0 = Release|Any CPU
		{FD7A42DB-8692-4FBE-AC50-F70AF423275B}.Release|x64.ActiveCfg = Release|Any CPU
		{FD7A42DB-8692-4FBE-AC50-F70AF423275B}.Release|x64.Build.0 = Release|Any CPU
		{FD7A42DB-8692-4FBE-AC50-F70AF423275B}.Release|x86.ActiveCfg = Release|Any CPU
		{FD7A42DB-8692-4FBE-AC50-F70AF423275B}.Release|x86.Build.0 = Release|Any CPU
		{244991B0-42AD-4324-B166-A26FB6E8CA5B}.Debug|Any CPU.ActiveCfg = Debug|Any CPU
		{244991B0-42AD-4324-B166-A26FB6E8CA5B}.Debug|Any CPU.Build.0 = Debug|Any CPU
		{244991B0-42AD-4324-B166-A26FB6E8CA5B}.Debug|x64.ActiveCfg = Debug|Any CPU
		{244991B0-42AD-4324-B166-A26FB6E8CA5B}.Debug|x64.Build.0 = Debug|Any CPU
		{244991B0-42AD-4324-B166-A26FB6E8CA5B}.Debug|x86.ActiveCfg = Debug|Any CPU
		{244991B0-42AD-4324-B166-A26FB6E8CA5B}.Debug|x86.Build.0 = Debug|Any CPU
		{244991B0-42AD-4324-B166-A26FB6E8CA5B}.Release|Any CPU.ActiveCfg = Release|Any CPU
		{244991B0-42AD-4324-B166-A26FB6E8CA5B}.Release|Any CPU.Build.0 = Release|Any CPU
		{244991B0-42AD-4324-B166-A26FB6E8CA5B}.Release|x64.ActiveCfg = Release|Any CPU
		{244991B0-42AD-4324-B166-A26FB6E8CA5B}.Release|x64.Build.0 = Release|Any CPU
		{244991B0-42AD-4324-B166-A26FB6E8CA5B}.Release|x86.ActiveCfg = Release|Any CPU
		{244991B0-42AD-4324-B166-A26FB6E8CA5B}.Release|x86.Build.0 = Release|Any CPU
		{71E4F2B9-3628-45E2-A664-A2F6E3AAFE55}.Debug|Any CPU.ActiveCfg = Debug|Any CPU
		{71E4F2B9-3628-45E2-A664-A2F6E3AAFE55}.Debug|Any CPU.Build.0 = Debug|Any CPU
		{71E4F2B9-3628-45E2-A664-A2F6E3AAFE55}.Debug|x64.ActiveCfg = Debug|Any CPU
		{71E4F2B9-3628-45E2-A664-A2F6E3AAFE55}.Debug|x64.Build.0 = Debug|Any CPU
		{71E4F2B9-3628-45E2-A664-A2F6E3AAFE55}.Debug|x86.ActiveCfg = Debug|Any CPU
		{71E4F2B9-3628-45E2-A664-A2F6E3AAFE55}.Debug|x86.Build.0 = Debug|Any CPU
		{71E4F2B9-3628-45E2-A664-A2F6E3AAFE55}.Release|Any CPU.ActiveCfg = Release|Any CPU
		{71E4F2B9-3628-45E2-A664-A2F6E3AAFE55}.Release|Any CPU.Build.0 = Release|Any CPU
		{71E4F2B9-3628-45E2-A664-A2F6E3AAFE55}.Release|x64.ActiveCfg = Release|Any CPU
		{71E4F2B9-3628-45E2-A664-A2F6E3AAFE55}.Release|x64.Build.0 = Release|Any CPU
		{71E4F2B9-3628-45E2-A664-A2F6E3AAFE55}.Release|x86.ActiveCfg = Release|Any CPU
		{71E4F2B9-3628-45E2-A664-A2F6E3AAFE55}.Release|x86.Build.0 = Release|Any CPU
		{3E1F9741-01D3-480A-A484-3CD373AE4A7F}.Debug|Any CPU.ActiveCfg = Debug|Any CPU
		{3E1F9741-01D3-480A-A484-3CD373AE4A7F}.Debug|Any CPU.Build.0 = Debug|Any CPU
		{3E1F9741-01D3-480A-A484-3CD373AE4A7F}.Debug|x64.ActiveCfg = Debug|Any CPU
		{3E1F9741-01D3-480A-A484-3CD373AE4A7F}.Debug|x64.Build.0 = Debug|Any CPU
		{3E1F9741-01D3-480A-A484-3CD373AE4A7F}.Debug|x86.ActiveCfg = Debug|Any CPU
		{3E1F9741-01D3-480A-A484-3CD373AE4A7F}.Debug|x86.Build.0 = Debug|Any CPU
		{3E1F9741-01D3-480A-A484-3CD373AE4A7F}.Release|Any CPU.ActiveCfg = Release|Any CPU
		{3E1F9741-01D3-480A-A484-3CD373AE4A7F}.Release|Any CPU.Build.0 = Release|Any CPU
		{3E1F9741-01D3-480A-A484-3CD373AE4A7F}.Release|x64.ActiveCfg = Release|Any CPU
		{3E1F9741-01D3-480A-A484-3CD373AE4A7F}.Release|x64.Build.0 = Release|Any CPU
		{3E1F9741-01D3-480A-A484-3CD373AE4A7F}.Release|x86.ActiveCfg = Release|Any CPU
		{3E1F9741-01D3-480A-A484-3CD373AE4A7F}.Release|x86.Build.0 = Release|Any CPU
		{73C3DFB8-BD8A-4634-AAD5-DC71EDC37B98}.Debug|Any CPU.ActiveCfg = Debug|Any CPU
		{73C3DFB8-BD8A-4634-AAD5-DC71EDC37B98}.Debug|Any CPU.Build.0 = Debug|Any CPU
		{73C3DFB8-BD8A-4634-AAD5-DC71EDC37B98}.Debug|x64.ActiveCfg = Debug|Any CPU
		{73C3DFB8-BD8A-4634-AAD5-DC71EDC37B98}.Debug|x64.Build.0 = Debug|Any CPU
		{73C3DFB8-BD8A-4634-AAD5-DC71EDC37B98}.Debug|x86.ActiveCfg = Debug|Any CPU
		{73C3DFB8-BD8A-4634-AAD5-DC71EDC37B98}.Debug|x86.Build.0 = Debug|Any CPU
		{73C3DFB8-BD8A-4634-AAD5-DC71EDC37B98}.Release|Any CPU.ActiveCfg = Release|Any CPU
		{73C3DFB8-BD8A-4634-AAD5-DC71EDC37B98}.Release|Any CPU.Build.0 = Release|Any CPU
		{73C3DFB8-BD8A-4634-AAD5-DC71EDC37B98}.Release|x64.ActiveCfg = Release|Any CPU
		{73C3DFB8-BD8A-4634-AAD5-DC71EDC37B98}.Release|x64.Build.0 = Release|Any CPU
		{73C3DFB8-BD8A-4634-AAD5-DC71EDC37B98}.Release|x86.ActiveCfg = Release|Any CPU
		{73C3DFB8-BD8A-4634-AAD5-DC71EDC37B98}.Release|x86.Build.0 = Release|Any CPU
		{191B1B91-D9FD-4138-A72A-AB0B149958C6}.Debug|Any CPU.ActiveCfg = Debug|Any CPU
		{191B1B91-D9FD-4138-A72A-AB0B149958C6}.Debug|Any CPU.Build.0 = Debug|Any CPU
		{191B1B91-D9FD-4138-A72A-AB0B149958C6}.Debug|x64.ActiveCfg = Debug|Any CPU
		{191B1B91-D9FD-4138-A72A-AB0B149958C6}.Debug|x64.Build.0 = Debug|Any CPU
		{191B1B91-D9FD-4138-A72A-AB0B149958C6}.Debug|x86.ActiveCfg = Debug|Any CPU
		{191B1B91-D9FD-4138-A72A-AB0B149958C6}.Debug|x86.Build.0 = Debug|Any CPU
		{191B1B91-D9FD-4138-A72A-AB0B149958C6}.Release|Any CPU.ActiveCfg = Release|Any CPU
		{191B1B91-D9FD-4138-A72A-AB0B149958C6}.Release|Any CPU.Build.0 = Release|Any CPU
		{191B1B91-D9FD-4138-A72A-AB0B149958C6}.Release|x64.ActiveCfg = Release|Any CPU
		{191B1B91-D9FD-4138-A72A-AB0B149958C6}.Release|x64.Build.0 = Release|Any CPU
		{191B1B91-D9FD-4138-A72A-AB0B149958C6}.Release|x86.ActiveCfg = Release|Any CPU
		{191B1B91-D9FD-4138-A72A-AB0B149958C6}.Release|x86.Build.0 = Release|Any CPU
		{8AE9D385-A379-4F5F-A703-3DF643DA6742}.Debug|Any CPU.ActiveCfg = Debug|Any CPU
		{8AE9D385-A379-4F5F-A703-3DF643DA6742}.Debug|Any CPU.Build.0 = Debug|Any CPU
		{8AE9D385-A379-4F5F-A703-3DF643DA6742}.Debug|x64.ActiveCfg = Debug|Any CPU
		{8AE9D385-A379-4F5F-A703-3DF643DA6742}.Debug|x64.Build.0 = Debug|Any CPU
		{8AE9D385-A379-4F5F-A703-3DF643DA6742}.Debug|x86.ActiveCfg = Debug|Any CPU
		{8AE9D385-A379-4F5F-A703-3DF643DA6742}.Debug|x86.Build.0 = Debug|Any CPU
		{8AE9D385-A379-4F5F-A703-3DF643DA6742}.Release|Any CPU.ActiveCfg = Release|Any CPU
		{8AE9D385-A379-4F5F-A703-3DF643DA6742}.Release|Any CPU.Build.0 = Release|Any CPU
		{8AE9D385-A379-4F5F-A703-3DF643DA6742}.Release|x64.ActiveCfg = Release|Any CPU
		{8AE9D385-A379-4F5F-A703-3DF643DA6742}.Release|x64.Build.0 = Release|Any CPU
		{8AE9D385-A379-4F5F-A703-3DF643DA6742}.Release|x86.ActiveCfg = Release|Any CPU
		{8AE9D385-A379-4F5F-A703-3DF643DA6742}.Release|x86.Build.0 = Release|Any CPU
		{191B2B91-D5FD-4138-A72A-AB0B149988C6}.Debug|Any CPU.ActiveCfg = Debug|Any CPU
		{191B2B91-D5FD-4138-A72A-AB0B149988C6}.Debug|Any CPU.Build.0 = Debug|Any CPU
		{191B2B91-D5FD-4138-A72A-AB0B149988C6}.Debug|x64.ActiveCfg = Debug|Any CPU
		{191B2B91-D5FD-4138-A72A-AB0B149988C6}.Debug|x64.Build.0 = Debug|Any CPU
		{191B2B91-D5FD-4138-A72A-AB0B149988C6}.Debug|x86.ActiveCfg = Debug|Any CPU
		{191B2B91-D5FD-4138-A72A-AB0B149988C6}.Debug|x86.Build.0 = Debug|Any CPU
		{191B2B91-D5FD-4138-A72A-AB0B149988C6}.Release|Any CPU.ActiveCfg = Release|Any CPU
		{191B2B91-D5FD-4138-A72A-AB0B149988C6}.Release|Any CPU.Build.0 = Release|Any CPU
		{191B2B91-D5FD-4138-A72A-AB0B149988C6}.Release|x64.ActiveCfg = Release|Any CPU
		{191B2B91-D5FD-4138-A72A-AB0B149988C6}.Release|x64.Build.0 = Release|Any CPU
		{191B2B91-D5FD-4138-A72A-AB0B149988C6}.Release|x86.ActiveCfg = Release|Any CPU
		{191B2B91-D5FD-4138-A72A-AB0B149988C6}.Release|x86.Build.0 = Release|Any CPU
		{BDA1CD69-624B-4D9D-9B88-ACBEB14AC471}.Debug|Any CPU.ActiveCfg = Debug|Any CPU
		{BDA1CD69-624B-4D9D-9B88-ACBEB14AC471}.Debug|Any CPU.Build.0 = Debug|Any CPU
		{BDA1CD69-624B-4D9D-9B88-ACBEB14AC471}.Debug|x64.ActiveCfg = Debug|Any CPU
		{BDA1CD69-624B-4D9D-9B88-ACBEB14AC471}.Debug|x64.Build.0 = Debug|Any CPU
		{BDA1CD69-624B-4D9D-9B88-ACBEB14AC471}.Debug|x86.ActiveCfg = Debug|Any CPU
		{BDA1CD69-624B-4D9D-9B88-ACBEB14AC471}.Debug|x86.Build.0 = Debug|Any CPU
		{BDA1CD69-624B-4D9D-9B88-ACBEB14AC471}.Release|Any CPU.ActiveCfg = Release|Any CPU
		{BDA1CD69-624B-4D9D-9B88-ACBEB14AC471}.Release|Any CPU.Build.0 = Release|Any CPU
		{BDA1CD69-624B-4D9D-9B88-ACBEB14AC471}.Release|x64.ActiveCfg = Release|Any CPU
		{BDA1CD69-624B-4D9D-9B88-ACBEB14AC471}.Release|x64.Build.0 = Release|Any CPU
		{BDA1CD69-624B-4D9D-9B88-ACBEB14AC471}.Release|x86.ActiveCfg = Release|Any CPU
		{BDA1CD69-624B-4D9D-9B88-ACBEB14AC471}.Release|x86.Build.0 = Release|Any CPU
		{40ADFD6A-64EA-4C77-9D4B-3A91D6AB76B4}.Debug|Any CPU.ActiveCfg = Debug|Any CPU
		{40ADFD6A-64EA-4C77-9D4B-3A91D6AB76B4}.Debug|Any CPU.Build.0 = Debug|Any CPU
		{40ADFD6A-64EA-4C77-9D4B-3A91D6AB76B4}.Debug|x64.ActiveCfg = Debug|Any CPU
		{40ADFD6A-64EA-4C77-9D4B-3A91D6AB76B4}.Debug|x64.Build.0 = Debug|Any CPU
		{40ADFD6A-64EA-4C77-9D4B-3A91D6AB76B4}.Debug|x86.ActiveCfg = Debug|Any CPU
		{40ADFD6A-64EA-4C77-9D4B-3A91D6AB76B4}.Debug|x86.Build.0 = Debug|Any CPU
		{40ADFD6A-64EA-4C77-9D4B-3A91D6AB76B4}.Release|Any CPU.ActiveCfg = Release|Any CPU
		{40ADFD6A-64EA-4C77-9D4B-3A91D6AB76B4}.Release|Any CPU.Build.0 = Release|Any CPU
		{40ADFD6A-64EA-4C77-9D4B-3A91D6AB76B4}.Release|x64.ActiveCfg = Release|Any CPU
		{40ADFD6A-64EA-4C77-9D4B-3A91D6AB76B4}.Release|x64.Build.0 = Release|Any CPU
		{40ADFD6A-64EA-4C77-9D4B-3A91D6AB76B4}.Release|x86.ActiveCfg = Release|Any CPU
		{40ADFD6A-64EA-4C77-9D4B-3A91D6AB76B4}.Release|x86.Build.0 = Release|Any CPU
		{20055427-1352-44FB-8442-BF7F15F9C59E}.Debug|Any CPU.ActiveCfg = Debug|Any CPU
		{20055427-1352-44FB-8442-BF7F15F9C59E}.Debug|Any CPU.Build.0 = Debug|Any CPU
		{20055427-1352-44FB-8442-BF7F15F9C59E}.Debug|x64.ActiveCfg = Debug|Any CPU
		{20055427-1352-44FB-8442-BF7F15F9C59E}.Debug|x64.Build.0 = Debug|Any CPU
		{20055427-1352-44FB-8442-BF7F15F9C59E}.Debug|x86.ActiveCfg = Debug|Any CPU
		{20055427-1352-44FB-8442-BF7F15F9C59E}.Debug|x86.Build.0 = Debug|Any CPU
		{20055427-1352-44FB-8442-BF7F15F9C59E}.Release|Any CPU.ActiveCfg = Release|Any CPU
		{20055427-1352-44FB-8442-BF7F15F9C59E}.Release|Any CPU.Build.0 = Release|Any CPU
		{20055427-1352-44FB-8442-BF7F15F9C59E}.Release|x64.ActiveCfg = Release|Any CPU
		{20055427-1352-44FB-8442-BF7F15F9C59E}.Release|x64.Build.0 = Release|Any CPU
		{20055427-1352-44FB-8442-BF7F15F9C59E}.Release|x86.ActiveCfg = Release|Any CPU
		{20055427-1352-44FB-8442-BF7F15F9C59E}.Release|x86.Build.0 = Release|Any CPU
		{F7407750-5F72-460F-9C53-27CF509A39B1}.Debug|Any CPU.ActiveCfg = Debug|Any CPU
		{F7407750-5F72-460F-9C53-27CF509A39B1}.Debug|Any CPU.Build.0 = Debug|Any CPU
		{F7407750-5F72-460F-9C53-27CF509A39B1}.Debug|x64.ActiveCfg = Debug|Any CPU
		{F7407750-5F72-460F-9C53-27CF509A39B1}.Debug|x64.Build.0 = Debug|Any CPU
		{F7407750-5F72-460F-9C53-27CF509A39B1}.Debug|x86.ActiveCfg = Debug|Any CPU
		{F7407750-5F72-460F-9C53-27CF509A39B1}.Debug|x86.Build.0 = Debug|Any CPU
		{F7407750-5F72-460F-9C53-27CF509A39B1}.Release|Any CPU.ActiveCfg = Release|Any CPU
		{F7407750-5F72-460F-9C53-27CF509A39B1}.Release|Any CPU.Build.0 = Release|Any CPU
		{F7407750-5F72-460F-9C53-27CF509A39B1}.Release|x64.ActiveCfg = Release|Any CPU
		{F7407750-5F72-460F-9C53-27CF509A39B1}.Release|x64.Build.0 = Release|Any CPU
		{F7407750-5F72-460F-9C53-27CF509A39B1}.Release|x86.ActiveCfg = Release|Any CPU
		{F7407750-5F72-460F-9C53-27CF509A39B1}.Release|x86.Build.0 = Release|Any CPU
		{F2166B59-E41B-4328-B31D-9E2B9AC5A59C}.Debug|Any CPU.ActiveCfg = Debug|Any CPU
		{F2166B59-E41B-4328-B31D-9E2B9AC5A59C}.Debug|Any CPU.Build.0 = Debug|Any CPU
		{F2166B59-E41B-4328-B31D-9E2B9AC5A59C}.Debug|x64.ActiveCfg = Debug|Any CPU
		{F2166B59-E41B-4328-B31D-9E2B9AC5A59C}.Debug|x64.Build.0 = Debug|Any CPU
		{F2166B59-E41B-4328-B31D-9E2B9AC5A59C}.Debug|x86.ActiveCfg = Debug|Any CPU
		{F2166B59-E41B-4328-B31D-9E2B9AC5A59C}.Debug|x86.Build.0 = Debug|Any CPU
		{F2166B59-E41B-4328-B31D-9E2B9AC5A59C}.Release|Any CPU.ActiveCfg = Release|Any CPU
		{F2166B59-E41B-4328-B31D-9E2B9AC5A59C}.Release|Any CPU.Build.0 = Release|Any CPU
		{F2166B59-E41B-4328-B31D-9E2B9AC5A59C}.Release|x64.ActiveCfg = Release|Any CPU
		{F2166B59-E41B-4328-B31D-9E2B9AC5A59C}.Release|x64.Build.0 = Release|Any CPU
		{F2166B59-E41B-4328-B31D-9E2B9AC5A59C}.Release|x86.ActiveCfg = Release|Any CPU
		{F2166B59-E41B-4328-B31D-9E2B9AC5A59C}.Release|x86.Build.0 = Release|Any CPU
		{B12702AD-ABFB-343A-A199-8E24837244A3}.Debug|Any CPU.ActiveCfg = Debug|Win32
		{B12702AD-ABFB-343A-A199-8E24837244A3}.Debug|Any CPU.Build.0 = Debug|Win32
		{B12702AD-ABFB-343A-A199-8E24837244A3}.Debug|x64.ActiveCfg = Debug|Win32
		{B12702AD-ABFB-343A-A199-8E24837244A3}.Debug|x86.ActiveCfg = Debug|Win32
		{B12702AD-ABFB-343A-A199-8E24837244A3}.Debug|x86.Build.0 = Debug|Win32
		{B12702AD-ABFB-343A-A199-8E24837244A3}.Release|Any CPU.ActiveCfg = Release|Win32
		{B12702AD-ABFB-343A-A199-8E24837244A3}.Release|Any CPU.Build.0 = Release|Win32
		{B12702AD-ABFB-343A-A199-8E24837244A3}.Release|x64.ActiveCfg = Release|Win32
		{B12702AD-ABFB-343A-A199-8E24837244A3}.Release|x86.ActiveCfg = Release|Win32
		{B12702AD-ABFB-343A-A199-8E24837244A3}.Release|x86.Build.0 = Release|Win32
		{0BDF77D1-4705-402C-8E58-F0D4D2679C08}.Debug|Any CPU.ActiveCfg = Debug|Any CPU
		{0BDF77D1-4705-402C-8E58-F0D4D2679C08}.Debug|Any CPU.Build.0 = Debug|Any CPU
		{0BDF77D1-4705-402C-8E58-F0D4D2679C08}.Debug|x64.ActiveCfg = Debug|Any CPU
		{0BDF77D1-4705-402C-8E58-F0D4D2679C08}.Debug|x64.Build.0 = Debug|Any CPU
		{0BDF77D1-4705-402C-8E58-F0D4D2679C08}.Debug|x86.ActiveCfg = Debug|Any CPU
		{0BDF77D1-4705-402C-8E58-F0D4D2679C08}.Debug|x86.Build.0 = Debug|Any CPU
		{0BDF77D1-4705-402C-8E58-F0D4D2679C08}.Release|Any CPU.ActiveCfg = Release|Any CPU
		{0BDF77D1-4705-402C-8E58-F0D4D2679C08}.Release|Any CPU.Build.0 = Release|Any CPU
		{0BDF77D1-4705-402C-8E58-F0D4D2679C08}.Release|x64.ActiveCfg = Release|Any CPU
		{0BDF77D1-4705-402C-8E58-F0D4D2679C08}.Release|x64.Build.0 = Release|Any CPU
		{0BDF77D1-4705-402C-8E58-F0D4D2679C08}.Release|x86.ActiveCfg = Release|Any CPU
		{0BDF77D1-4705-402C-8E58-F0D4D2679C08}.Release|x86.Build.0 = Release|Any CPU
		{D574EFED-5E19-45BE-9B05-310F65065303}.Debug|Any CPU.ActiveCfg = Debug|Any CPU
		{D574EFED-5E19-45BE-9B05-310F65065303}.Debug|Any CPU.Build.0 = Debug|Any CPU
		{D574EFED-5E19-45BE-9B05-310F65065303}.Debug|x64.ActiveCfg = Debug|Any CPU
		{D574EFED-5E19-45BE-9B05-310F65065303}.Debug|x64.Build.0 = Debug|Any CPU
		{D574EFED-5E19-45BE-9B05-310F65065303}.Debug|x86.ActiveCfg = Debug|Any CPU
		{D574EFED-5E19-45BE-9B05-310F65065303}.Debug|x86.Build.0 = Debug|Any CPU
		{D574EFED-5E19-45BE-9B05-310F65065303}.Release|Any CPU.ActiveCfg = Release|Any CPU
		{D574EFED-5E19-45BE-9B05-310F65065303}.Release|Any CPU.Build.0 = Release|Any CPU
		{D574EFED-5E19-45BE-9B05-310F65065303}.Release|x64.ActiveCfg = Release|Any CPU
		{D574EFED-5E19-45BE-9B05-310F65065303}.Release|x64.Build.0 = Release|Any CPU
		{D574EFED-5E19-45BE-9B05-310F65065303}.Release|x86.ActiveCfg = Release|Any CPU
		{D574EFED-5E19-45BE-9B05-310F65065303}.Release|x86.Build.0 = Release|Any CPU
		{48A50432-6BDF-4DE2-A3AD-3A237D31E49D}.Debug|Any CPU.ActiveCfg = Debug|Any CPU
		{48A50432-6BDF-4DE2-A3AD-3A237D31E49D}.Debug|Any CPU.Build.0 = Debug|Any CPU
		{48A50432-6BDF-4DE2-A3AD-3A237D31E49D}.Debug|x64.ActiveCfg = Debug|Any CPU
		{48A50432-6BDF-4DE2-A3AD-3A237D31E49D}.Debug|x64.Build.0 = Debug|Any CPU
		{48A50432-6BDF-4DE2-A3AD-3A237D31E49D}.Debug|x86.ActiveCfg = Debug|Any CPU
		{48A50432-6BDF-4DE2-A3AD-3A237D31E49D}.Debug|x86.Build.0 = Debug|Any CPU
		{48A50432-6BDF-4DE2-A3AD-3A237D31E49D}.Release|Any CPU.ActiveCfg = Release|Any CPU
		{48A50432-6BDF-4DE2-A3AD-3A237D31E49D}.Release|Any CPU.Build.0 = Release|Any CPU
		{48A50432-6BDF-4DE2-A3AD-3A237D31E49D}.Release|x64.ActiveCfg = Release|Any CPU
		{48A50432-6BDF-4DE2-A3AD-3A237D31E49D}.Release|x64.Build.0 = Release|Any CPU
		{48A50432-6BDF-4DE2-A3AD-3A237D31E49D}.Release|x86.ActiveCfg = Release|Any CPU
		{48A50432-6BDF-4DE2-A3AD-3A237D31E49D}.Release|x86.Build.0 = Release|Any CPU
		{12857847-9877-466C-B056-DD286A219093}.Debug|Any CPU.ActiveCfg = Debug|x64
		{12857847-9877-466C-B056-DD286A219093}.Debug|x64.ActiveCfg = Debug|x64
		{12857847-9877-466C-B056-DD286A219093}.Debug|x64.Build.0 = Debug|x64
		{12857847-9877-466C-B056-DD286A219093}.Debug|x86.ActiveCfg = Debug|x64
		{12857847-9877-466C-B056-DD286A219093}.Release|Any CPU.ActiveCfg = Release|x64
		{12857847-9877-466C-B056-DD286A219093}.Release|x64.ActiveCfg = Release|x64
		{12857847-9877-466C-B056-DD286A219093}.Release|x64.Build.0 = Release|x64
		{12857847-9877-466C-B056-DD286A219093}.Release|x86.ActiveCfg = Release|x64
	EndGlobalSection
	GlobalSection(SolutionProperties) = preSolution
		HideSolutionNode = FALSE
	EndGlobalSection
	GlobalSection(NestedProjects) = preSolution
		{71E4F2B9-3628-45E2-A664-A2F6E3AAFE55} = {E5CE38AA-4083-438E-B1F7-DD2F0BDEBE47}
		{3E1F9741-01D3-480A-A484-3CD373AE4A7F} = {E5CE38AA-4083-438E-B1F7-DD2F0BDEBE47}
		{73C3DFB8-BD8A-4634-AAD5-DC71EDC37B98} = {E5CE38AA-4083-438E-B1F7-DD2F0BDEBE47}
		{191B1B91-D9FD-4138-A72A-AB0B149958C6} = {E5CE38AA-4083-438E-B1F7-DD2F0BDEBE47}
		{8AE9D385-A379-4F5F-A703-3DF643DA6742} = {E5CE38AA-4083-438E-B1F7-DD2F0BDEBE47}
		{191B2B91-D5FD-4138-A72A-AB0B149988C6} = {E5CE38AA-4083-438E-B1F7-DD2F0BDEBE47}
		{BDA1CD69-624B-4D9D-9B88-ACBEB14AC471} = {35B29B0F-0B9C-45EB-A8EF-2A8D3BF64B6F}
		{40ADFD6A-64EA-4C77-9D4B-3A91D6AB76B4} = {35B29B0F-0B9C-45EB-A8EF-2A8D3BF64B6F}
		{20055427-1352-44FB-8442-BF7F15F9C59E} = {35B29B0F-0B9C-45EB-A8EF-2A8D3BF64B6F}
		{F7407750-5F72-460F-9C53-27CF509A39B1} = {35B29B0F-0B9C-45EB-A8EF-2A8D3BF64B6F}
		{F2166B59-E41B-4328-B31D-9E2B9AC5A59C} = {35B29B0F-0B9C-45EB-A8EF-2A8D3BF64B6F}
		{62102FDD-016A-4FEC-B73C-808C7B1C7AA5} = {AE9DC593-DC68-45D2-9A96-E80A7CF3BA7F}
		{D574EFED-5E19-45BE-9B05-310F65065303} = {3956AF5F-164C-4D38-B5B3-298D9250C193}
		{48A50432-6BDF-4DE2-A3AD-3A237D31E49D} = {06C8A2E6-A894-4DBA-9DFD-B8E5CB8A2B4F}
		{06C8A2E6-A894-4DBA-9DFD-B8E5CB8A2B4F} = {3956AF5F-164C-4D38-B5B3-298D9250C193}
		{12857847-9877-466C-B056-DD286A219093} = {3956AF5F-164C-4D38-B5B3-298D9250C193}
		{E5CE38AA-4083-438E-B1F7-DD2F0BDEBE47} = {D73514C8-019E-44FB-8D42-F1FD52C1FD72}
		{35B29B0F-0B9C-45EB-A8EF-2A8D3BF64B6F} = {D73514C8-019E-44FB-8D42-F1FD52C1FD72}
	EndGlobalSection
	GlobalSection(ExtensibilityGlobals) = postSolution
		SolutionGuid = {EDED4DBD-13ED-475C-B6CE-30AB88EDA03D}
	EndGlobalSection
EndGlobal
