
Microsoft Visual Studio Solution File, Format Version 12.00
# Visual Studio 2013
VisualStudioVersion = 12.0.40629.0
MinimumVisualStudioVersion = 10.0.40219.1
Project("{2150E333-8FDC-42A3-9474-1A3956D46DE8}") = "Visualizer", "Visualizer", "{56BEEACF-C297-483D-9E64-C0A7C3B7680E}"
	ProjectSection(SolutionItems) = preProject
		qtvisualizer\qt5.natvis = qtvisualizer\qt5.natvis
	EndProjectSection
EndProject
Project("{2150E333-8FDC-42A3-9474-1A3956D46DE8}") = "Templates", "Templates", "{D73514C8-019E-44FB-8D42-F1FD52C1FD72}"
EndProject
Project("{FAE04EC0-301F-11D3-BF4B-00C04F79EFBC}") = "QtAppWrapper", "qtappwrapper\QtAppWrapper.csproj", "{6E591BB2-3C81-4AB5-B3B0-096045754C3A}"
EndProject
Project("{FAE04EC0-301F-11D3-BF4B-00C04F79EFBC}") = "QtArchiveGen", "qtarchivegen\QtArchiveGen.csproj", "{9B8DB88E-3805-492F-BF35-B83B7789C931}"
EndProject
Project("{FAE04EC0-301F-11D3-BF4B-00C04F79EFBC}") = "QtProjectLib", "qtprojectlib\QtProjectLib.csproj", "{FAA69518-2FEB-4954-9D2C-E7BD6121EA9C}"
EndProject
Project("{FAE04EC0-301F-11D3-BF4B-00C04F79EFBC}") = "QtVsTools", "qtvstools\QtVsTools.csproj", "{FD7A42DB-8692-4FBE-AC50-F70AF423275B}"
	ProjectSection(ProjectDependencies) = postProject
		{9B8DB88E-3805-492F-BF35-B83B7789C931} = {9B8DB88E-3805-492F-BF35-B83B7789C931}
	EndProjectSection
EndProject
Project("{FAE04EC0-301F-11D3-BF4B-00C04F79EFBC}") = "QtProjectWizard", "qtwizard\QtProjectWizard.csproj", "{244991B0-42AD-4324-B166-A26FB6E8CA5B}"
EndProject
Project("{FAE04EC0-301F-11D3-BF4B-00C04F79EFBC}") = "Console", "qttemplates\console\Console.csproj", "{71E4F2B9-3628-45E2-A664-A2F6E3AAFE55}"
	ProjectSection(ProjectDependencies) = postProject
		{244991B0-42AD-4324-B166-A26FB6E8CA5B} = {244991B0-42AD-4324-B166-A26FB6E8CA5B}
	EndProjectSection
EndProject
Project("{FAE04EC0-301F-11D3-BF4B-00C04F79EFBC}") = "Gui", "qttemplates\gui\Gui.csproj", "{3E1F9741-01D3-480A-A484-3CD373AE4A7F}"
	ProjectSection(ProjectDependencies) = postProject
		{244991B0-42AD-4324-B166-A26FB6E8CA5B} = {244991B0-42AD-4324-B166-A26FB6E8CA5B}
	EndProjectSection
EndProject
Global
	GlobalSection(SolutionConfigurationPlatforms) = preSolution
		Debug|Any CPU = Debug|Any CPU
		Release|Any CPU = Release|Any CPU
	EndGlobalSection
	GlobalSection(ProjectConfigurationPlatforms) = postSolution
		{6E591BB2-3C81-4AB5-B3B0-096045754C3A}.Debug|Any CPU.ActiveCfg = Debug|Any CPU
		{6E591BB2-3C81-4AB5-B3B0-096045754C3A}.Debug|Any CPU.Build.0 = Debug|Any CPU
		{6E591BB2-3C81-4AB5-B3B0-096045754C3A}.Release|Any CPU.ActiveCfg = Release|Any CPU
		{6E591BB2-3C81-4AB5-B3B0-096045754C3A}.Release|Any CPU.Build.0 = Release|Any CPU
		{9B8DB88E-3805-492F-BF35-B83B7789C931}.Debug|Any CPU.ActiveCfg = Debug|Any CPU
		{9B8DB88E-3805-492F-BF35-B83B7789C931}.Debug|Any CPU.Build.0 = Debug|Any CPU
		{9B8DB88E-3805-492F-BF35-B83B7789C931}.Release|Any CPU.ActiveCfg = Release|Any CPU
		{9B8DB88E-3805-492F-BF35-B83B7789C931}.Release|Any CPU.Build.0 = Release|Any CPU
		{FAA69518-2FEB-4954-9D2C-E7BD6121EA9C}.Debug|Any CPU.ActiveCfg = Debug|Any CPU
		{FAA69518-2FEB-4954-9D2C-E7BD6121EA9C}.Debug|Any CPU.Build.0 = Debug|Any CPU
		{FAA69518-2FEB-4954-9D2C-E7BD6121EA9C}.Release|Any CPU.ActiveCfg = Release|Any CPU
		{FAA69518-2FEB-4954-9D2C-E7BD6121EA9C}.Release|Any CPU.Build.0 = Release|Any CPU
		{FD7A42DB-8692-4FBE-AC50-F70AF423275B}.Debug|Any CPU.ActiveCfg = Debug|Any CPU
		{FD7A42DB-8692-4FBE-AC50-F70AF423275B}.Debug|Any CPU.Build.0 = Debug|Any CPU
		{FD7A42DB-8692-4FBE-AC50-F70AF423275B}.Release|Any CPU.ActiveCfg = Release|Any CPU
		{FD7A42DB-8692-4FBE-AC50-F70AF423275B}.Release|Any CPU.Build.0 = Release|Any CPU
		{244991B0-42AD-4324-B166-A26FB6E8CA5B}.Debug|Any CPU.ActiveCfg = Debug|Any CPU
		{244991B0-42AD-4324-B166-A26FB6E8CA5B}.Debug|Any CPU.Build.0 = Debug|Any CPU
		{244991B0-42AD-4324-B166-A26FB6E8CA5B}.Release|Any CPU.ActiveCfg = Release|Any CPU
		{244991B0-42AD-4324-B166-A26FB6E8CA5B}.Release|Any CPU.Build.0 = Release|Any CPU
		{71E4F2B9-3628-45E2-A664-A2F6E3AAFE55}.Debug|Any CPU.ActiveCfg = Debug|Any CPU
		{71E4F2B9-3628-45E2-A664-A2F6E3AAFE55}.Debug|Any CPU.Build.0 = Debug|Any CPU
		{71E4F2B9-3628-45E2-A664-A2F6E3AAFE55}.Release|Any CPU.ActiveCfg = Release|Any CPU
		{71E4F2B9-3628-45E2-A664-A2F6E3AAFE55}.Release|Any CPU.Build.0 = Release|Any CPU
		{3E1F9741-01D3-480A-A484-3CD373AE4A7F}.Debug|Any CPU.ActiveCfg = Debug|Any CPU
		{3E1F9741-01D3-480A-A484-3CD373AE4A7F}.Debug|Any CPU.Build.0 = Debug|Any CPU
		{3E1F9741-01D3-480A-A484-3CD373AE4A7F}.Release|Any CPU.ActiveCfg = Release|Any CPU
		{3E1F9741-01D3-480A-A484-3CD373AE4A7F}.Release|Any CPU.Build.0 = Release|Any CPU
	EndGlobalSection
	GlobalSection(SolutionProperties) = preSolution
		HideSolutionNode = FALSE
	EndGlobalSection
	GlobalSection(NestedProjects) = preSolution
		{71E4F2B9-3628-45E2-A664-A2F6E3AAFE55} = {D73514C8-019E-44FB-8D42-F1FD52C1FD72}
		{3E1F9741-01D3-480A-A484-3CD373AE4A7F} = {D73514C8-019E-44FB-8D42-F1FD52C1FD72}
	EndGlobalSection
EndGlobal
