<?xml version="1.0" encoding="utf-8"?>
<Project xmlns="http://schemas.microsoft.com/developer/msbuild/2003">
  <ItemGroup>
    <Filter Include="Generated Files">
      <UniqueIdentifier>{71ED8ED8-ACB9-4CE9-BBE1-E00B30144E11}</UniqueIdentifier>
      <Extensions>cpp;c;cxx;moc;h;def;odl;idl;res;</Extensions>
    </Filter>
    <Filter Include="Header Files">
      <UniqueIdentifier>{93995380-89BD-4b04-88EB-625FBE52EBFB}</UniqueIdentifier>
      <Extensions>h;hpp;hxx;hm;inl;inc;xsd</Extensions>
    </Filter>
    <Filter Include="Header Files">
      <UniqueIdentifier>{93995380-89BD-4b04-88EB-625FBE52EBFB}</UniqueIdentifier>
      <Extensions>h;hpp;hxx;hm;inl;inc;xsd</Extensions>
    </Filter>
    <Filter Include="Source Files">
      <UniqueIdentifier>{4FC737F1-C7A5-4376-A066-2A32D752A2FF}</UniqueIdentifier>
      <Extensions>cpp;c;cxx;def;odl;idl;hpj;bat;asm;asmx</Extensions>
    </Filter>
    <Filter Include="Source Files">
      <UniqueIdentifier>{4FC737F1-C7A5-4376-A066-2A32D752A2FF}</UniqueIdentifier>
      <Extensions>cpp;c;cxx;def;odl;idl;hpj;bat;asm;asmx</Extensions>
    </Filter>
  </ItemGroup>
  <ItemGroup>
    <ClCompile Include="evalhandler.cpp">
      <Filter>Source Files</Filter>
    </ClCompile>
    <ClCompile Include="evaluator\ioutils.cpp">
      <Filter>Source Files</Filter>
    </ClCompile>
    <ClCompile Include="main.cpp">
      <Filter>Source Files</Filter>
    </ClCompile>
    <ClCompile Include="evaluator\proitems.cpp">
      <Filter>Source Files</Filter>
    </ClCompile>
    <ClCompile Include="evaluator\qmakebuiltins.cpp">
      <Filter>Source Files</Filter>
    </ClCompile>
    <ClCompile Include="qmakedataprovider.cpp">
      <Filter>Source Files</Filter>
    </ClCompile>
    <ClCompile Include="evaluator\qmakeevaluator.cpp">
      <Filter>Source Files</Filter>
    </ClCompile>
    <ClCompile Include="evaluator\qmakeglobals.cpp">
      <Filter>Source Files</Filter>
    </ClCompile>
    <ClCompile Include="evaluator\qmakeparser.cpp">
      <Filter>Source Files</Filter>
    </ClCompile>
  </ItemGroup>
  <ItemGroup>
    <ClInclude Include="evalhandler.h">
      <Filter>Header Files</Filter>
    </ClInclude>
    <ClInclude Include="evaluator\ioutils.h">
      <Filter>Header Files</Filter>
    </ClInclude>
    <ClInclude Include="evaluator\proitems.h">
      <Filter>Header Files</Filter>
    </ClInclude>
    <ClInclude Include="evaluator\qmake_global.h">
      <Filter>Header Files</Filter>
    </ClInclude>
    <ClInclude Include="qmakedataprovider.h">
      <Filter>Header Files</Filter>
    </ClInclude>
    <ClInclude Include="evaluator\qmakeevaluator.h">
      <Filter>Header Files</Filter>
    </ClInclude>
    <ClInclude Include="evaluator\qmakeevaluator_p.h">
      <Filter>Header Files</Filter>
    </ClInclude>
    <ClInclude Include="evaluator\qmakeglobals.h">
      <Filter>Header Files</Filter>
    </ClInclude>
    <ClInclude Include="evaluator\qmakeparser.h">
      <Filter>Header Files</Filter>
    </ClInclude>
  </ItemGroup>
  <ItemGroup>
    <ResourceCompile Include="qmakefilereader.rc" />
  </ItemGroup>
</Project>